// !$*UTF8*$!
{
	archiveVersion = 1;
	classes = {
	};
	objectVersion = 46;
	objects = {

/* Begin PBXAggregateTarget section */
		7DB4F7BB5FD0490C9F5D71E8 /* SHADERS */ = {
			isa = PBXAggregateTarget;
			buildConfigurationList = 9FA1849664114C289EFA4FAF /* Build configuration list for PBXAggregateTarget "SHADERS" */;
			buildPhases = (
			);
			dependencies = (
				12D0A475DC6641CAA538B521 /* PBXTargetDependency */,
			);
			name = SHADERS;
			productName = SHADERS;
		};
		C47C8B7BF4C84958BB8F41C4 /* ZERO_CHECK */ = {
			isa = PBXAggregateTarget;
			buildConfigurationList = A780047BD2684144AA76DA1C /* Build configuration list for PBXAggregateTarget "ZERO_CHECK" */;
			buildPhases = (
				7688BD8242BE44FAAABEA92F /* CMake Rules */,
			);
			dependencies = (
			);
			name = ZERO_CHECK;
			productName = ZERO_CHECK;
		};
		CD6AF11CB9B5428699A9815A /* ALL_BUILD */ = {
			isa = PBXAggregateTarget;
			buildConfigurationList = 58D40BA6F2E047BD8676A1E5 /* Build configuration list for PBXAggregateTarget "ALL_BUILD" */;
			buildPhases = (
				A33B1946B26348DD8565B410 /* CMake Rules */,
			);
			dependencies = (
				E7E96480D8424785B926B949 /* PBXTargetDependency */,
			);
			name = ALL_BUILD;
			productName = ALL_BUILD;
		};
/* End PBXAggregateTarget section */

/* Begin PBXBuildStyle section */
		C472232B2BBF42378D5F2EEB /* Release */ = {
			isa = PBXBuildStyle;
			buildSettings = {
				COPY_PHASE_STRIP = NO;
			};
			name = Release;
		};
		FEA01C0635334318B98D9636 /* Debug */ = {
			isa = PBXBuildStyle;
			buildSettings = {
				COPY_PHASE_STRIP = NO;
			};
			name = Debug;
		};
/* End PBXBuildStyle section */

/* Begin PBXContainerItemProxy section */
		162C2B38503744E1B28AB03E /* PBXContainerItemProxy */ = {
			isa = PBXContainerItemProxy;
			containerPortal = E0315C5C8B504CBB85448B3E /* Project object */;
			proxyType = 1;
			remoteGlobalIDString = C47C8B7BF4C84958BB8F41C4;
			remoteInfo = ZERO_CHECK;
		};
		AA65ED0159E64BD98A6DE739 /* PBXContainerItemProxy */ = {
			isa = PBXContainerItemProxy;
			containerPortal = E0315C5C8B504CBB85448B3E /* Project object */;
			proxyType = 1;
			remoteGlobalIDString = C47C8B7BF4C84958BB8F41C4;
			remoteInfo = ZERO_CHECK;
		};
/* End PBXContainerItemProxy section */

/* Begin PBXFileReference section */
		5DDB4FB2EED442F48F004998 /* /Users/mark/Development/cg/CG/src/shaders/CMakeLists.txt */ = {isa = PBXFileReference; explicitFileType = sourcecode.text; fileEncoding = 4; name = CMakeLists.txt; path = CMakeLists.txt; sourceTree = SOURCE_ROOT; };
		8062D335AD6144C6B6AEFCF8 /* /Users/mark/Development/cg/CG/src/shaders/Minimal/minimal.frag */ = {isa = PBXFileReference; explicitFileType = sourcecode; fileEncoding = 4; name = minimal.frag; path = Minimal/minimal.frag; sourceTree = SOURCE_ROOT; };
		A4B2A7F9E9A04251AB7EC880 /* /Users/mark/Development/cg/CG/src/shaders/CMakeLists.txt */ = {isa = PBXFileReference; explicitFileType = sourcecode.text; fileEncoding = 4; name = CMakeLists.txt; path = CMakeLists.txt; sourceTree = SOURCE_ROOT; };
		D876A1890A4B467690743D0F /* /Users/mark/Development/cg/CG/src/shaders/CMakeLists.txt */ = {isa = PBXFileReference; explicitFileType = sourcecode.text; fileEncoding = 4; name = CMakeLists.txt; path = CMakeLists.txt; sourceTree = SOURCE_ROOT; };
		F03CAD6D274D4D41A8F943F9 /* /Users/mark/Development/cg/CG/src/shaders/Minimal/minimal.vert */ = {isa = PBXFileReference; explicitFileType = sourcecode; fileEncoding = 4; name = minimal.vert; path = Minimal/minimal.vert; sourceTree = SOURCE_ROOT; };
/* End PBXFileReference section */

/* Begin PBXGroup section */
		073DAD9EB0404E45A7F01D0C /* Vertex-Shaders */ = {
			isa = PBXGroup;
			children = (
				F03CAD6D274D4D41A8F943F9 /* /Users/mark/Development/cg/CG/src/shaders/Minimal/minimal.vert */,
			);
			name = "Vertex-Shaders";
			sourceTree = "<group>";
		};
		1E6DD5D1B66A49ED99512006 /* ALL_BUILD */ = {
			isa = PBXGroup;
			children = (
				5ADCA3A0B57B462580EF6B98 /* CMake Rules */,
				5DDB4FB2EED442F48F004998 /* /Users/mark/Development/cg/CG/src/shaders/CMakeLists.txt */,
			);
			name = ALL_BUILD;
			sourceTree = "<group>";
		};
		57BD2312D69744718D36B37D /* CMake Rules */ = {
			isa = PBXGroup;
			children = (
			);
			name = "CMake Rules";
			sourceTree = "<group>";
		};
		5ADCA3A0B57B462580EF6B98 /* CMake Rules */ = {
			isa = PBXGroup;
			children = (
			);
			name = "CMake Rules";
			sourceTree = "<group>";
		};
		7F4BB9BAD19D4DD1B7A5C5EC /* SHADERS */ = {
			isa = PBXGroup;
			children = (
				073DAD9EB0404E45A7F01D0C /* Vertex-Shaders */,
				A13304ADB6B64F9688FB6D43 /* Fragment-Shaders */,
				A4B2A7F9E9A04251AB7EC880 /* /Users/mark/Development/cg/CG/src/shaders/CMakeLists.txt */,
			);
			name = SHADERS;
			sourceTree = "<group>";
		};
		86F0E7C7E53E4B47A9B23747 /* Products */ = {
			isa = PBXGroup;
			children = (
			);
			name = Products;
			sourceTree = "<group>";
		};
		9A08FB06384C443B9BCB447A /* ZERO_CHECK */ = {
			isa = PBXGroup;
			children = (
				57BD2312D69744718D36B37D /* CMake Rules */,
				D876A1890A4B467690743D0F /* /Users/mark/Development/cg/CG/src/shaders/CMakeLists.txt */,
			);
			name = ZERO_CHECK;
			sourceTree = "<group>";
		};
		A13304ADB6B64F9688FB6D43 /* Fragment-Shaders */ = {
			isa = PBXGroup;
			children = (
				8062D335AD6144C6B6AEFCF8 /* /Users/mark/Development/cg/CG/src/shaders/Minimal/minimal.frag */,
			);
			name = "Fragment-Shaders";
			sourceTree = "<group>";
		};
		B2EFB241A3E842CFB4C46F2C = {
			isa = PBXGroup;
			children = (
				7F4BB9BAD19D4DD1B7A5C5EC /* SHADERS */,
				1E6DD5D1B66A49ED99512006 /* ALL_BUILD */,
				9A08FB06384C443B9BCB447A /* ZERO_CHECK */,
				86F0E7C7E53E4B47A9B23747 /* Products */,
			);
			sourceTree = "<group>";
		};
/* End PBXGroup section */

/* Begin PBXProject section */
		E0315C5C8B504CBB85448B3E /* Project object */ = {
			isa = PBXProject;
			attributes = {
				BuildIndependentTargetsInParallel = YES;
				LastUpgradeCheck = 0830;
			};
			buildConfigurationList = 0AF77FBE5BD24E0096446D9E /* Build configuration list for PBXProject "SHADERS" */;
			buildSettings = {
			};
			buildStyles = (
				FEA01C0635334318B98D9636 /* Debug */,
				C472232B2BBF42378D5F2EEB /* Release */,
			);
			compatibilityVersion = "Xcode 3.2";
			hasScannedForEncodings = 0;
			mainGroup = B2EFB241A3E842CFB4C46F2C;
			projectDirPath = /Users/mark/Development/cg/CG/src/shaders;
			projectRoot = "";
			targets = (
				CD6AF11CB9B5428699A9815A /* ALL_BUILD */,
				7DB4F7BB5FD0490C9F5D71E8 /* SHADERS */,
				C47C8B7BF4C84958BB8F41C4 /* ZERO_CHECK */,
			);
		};
/* End PBXProject section */

/* Begin PBXShellScriptBuildPhase section */
		4060F320C1D346D7BD5144CE = {
			isa = PBXShellScriptBuildPhase;
			buildActionMask = 2147483647;
			files = (
			);
			inputPaths = (
			);
			outputPaths = (
			);
			runOnlyForDeploymentPostprocessing = 0;
			shellPath = /bin/sh;
			shellScript = "# shell script goes here
exit 0";
			showEnvVarsInLog = 0;
		};
		7688BD8242BE44FAAABEA92F /* CMake Rules */ = {
			isa = PBXShellScriptBuildPhase;
			buildActionMask = 2147483647;
			files = (
			);
			name = "CMake Rules";
			outputPaths = (
/Users/mark/Development/cg/CG/BUILD_Xcode/shaders/CMakeFiles/ZERO_CHECK			);
			runOnlyForDeploymentPostprocessing = 0;
			shellPath = /bin/sh;
			shellScript = "make -C /Users/mark/Development/cg/CG/BUILD_Xcode/shaders -f /Users/mark/Development/cg/CG/BUILD_Xcode/shaders/CMakeScripts/ZERO_CHECK_cmakeRulesBuildPhase.make$CONFIGURATION all";
			showEnvVarsInLog = 0;
		};
		8C7745DF86F04DCB92A28C23 = {
			isa = PBXShellScriptBuildPhase;
			buildActionMask = 2147483647;
			files = (
			);
			inputPaths = (
			);
			outputPaths = (
			);
			runOnlyForDeploymentPostprocessing = 0;
			shellPath = /bin/sh;
			shellScript = "# shell script goes here
exit 0";
			showEnvVarsInLog = 0;
		};
		A33B1946B26348DD8565B410 /* CMake Rules */ = {
			isa = PBXShellScriptBuildPhase;
			buildActionMask = 2147483647;
			files = (
			);
			name = "CMake Rules";
			outputPaths = (
/Users/mark/Development/cg/CG/BUILD_Xcode/shaders/CMakeFiles/ALL_BUILD			);
			runOnlyForDeploymentPostprocessing = 0;
			shellPath = /bin/sh;
			shellScript = "make -C /Users/mark/Development/cg/CG/BUILD_Xcode/shaders -f /Users/mark/Development/cg/CG/BUILD_Xcode/shaders/CMakeScripts/ALL_BUILD_cmakeRulesBuildPhase.make$CONFIGURATION all";
			showEnvVarsInLog = 0;
		};
		F72C0600DFA94A0695AF84A1 = {
			isa = PBXShellScriptBuildPhase;
			buildActionMask = 2147483647;
			files = (
			);
			inputPaths = (
			);
			outputPaths = (
			);
			runOnlyForDeploymentPostprocessing = 0;
			shellPath = /bin/sh;
			shellScript = "# shell script goes here
exit 0";
			showEnvVarsInLog = 0;
		};
/* End PBXShellScriptBuildPhase section */

/* Begin PBXTargetDependency section */
		12D0A475DC6641CAA538B521 /* PBXTargetDependency */ = {
			isa = PBXTargetDependency;
			target = C47C8B7BF4C84958BB8F41C4 /* ZERO_CHECK */;
			targetProxy = 162C2B38503744E1B28AB03E /* PBXContainerItemProxy */;
		};
		E7E96480D8424785B926B949 /* PBXTargetDependency */ = {
			isa = PBXTargetDependency;
			target = C47C8B7BF4C84958BB8F41C4 /* ZERO_CHECK */;
			targetProxy = AA65ED0159E64BD98A6DE739 /* PBXContainerItemProxy */;
		};
/* End PBXTargetDependency section */

/* Begin XCBuildConfiguration section */
		0083F7EA033646B2AE8C5B14 /* Release */ = {
			isa = XCBuildConfiguration;
			buildSettings = {
				COMBINE_HIDPI_IMAGES = YES;
				GCC_GENERATE_DEBUGGING_SYMBOLS = YES;
				GCC_INLINES_ARE_PRIVATE_EXTERN = NO;
				GCC_OPTIMIZATION_LEVEL = 0;
				GCC_PREPROCESSOR_DEFINITIONS = ("'CMAKE_INTDIR=\"$(CONFIGURATION)$(EFFECTIVE_PLATFORM_NAME)\"'");
				GCC_SYMBOLS_PRIVATE_EXTERN = NO;
				INSTALL_PATH = "";
				OTHER_LDFLAGS = " ";
				OTHER_REZFLAGS = "";
				PRODUCT_NAME = ZERO_CHECK;
				SECTORDER_FLAGS = "";
				SYMROOT = /Users/mark/Development/cg/CG/BUILD_Xcode/shaders;
				USE_HEADERMAP = NO;
				WARNING_CFLAGS = ("-Wmost","-Wno-four-char-constants","-Wno-unknown-pragmas","$(inherited)");
			};
			name = Release;
		};
		3A4D9D487AF640269A2DB772 /* Debug */ = {
			isa = XCBuildConfiguration;
			buildSettings = {
				COMBINE_HIDPI_IMAGES = YES;
				GCC_GENERATE_DEBUGGING_SYMBOLS = YES;
				GCC_INLINES_ARE_PRIVATE_EXTERN = NO;
				GCC_OPTIMIZATION_LEVEL = 0;
				GCC_PREPROCESSOR_DEFINITIONS = ("'CMAKE_INTDIR=\"$(CONFIGURATION)$(EFFECTIVE_PLATFORM_NAME)\"'",GLM_FORCE_RADIANS);
				GCC_SYMBOLS_PRIVATE_EXTERN = NO;
				INSTALL_PATH = "";
				OTHER_LDFLAGS = " ";
				OTHER_REZFLAGS = "";
				PRODUCT_NAME = SHADERS;
				SECTORDER_FLAGS = "";
				SYMROOT = /Users/mark/Development/cg/CG/BUILD_Xcode/shaders;
				USE_HEADERMAP = NO;
				WARNING_CFLAGS = ("-Wmost","-Wno-four-char-constants","-Wno-unknown-pragmas","$(inherited)");
			};
			name = Debug;
		};
		7D24A98113F3469ABB816470 /* Debug */ = {
			isa = XCBuildConfiguration;
			buildSettings = {
				COMBINE_HIDPI_IMAGES = YES;
				GCC_GENERATE_DEBUGGING_SYMBOLS = YES;
				GCC_INLINES_ARE_PRIVATE_EXTERN = NO;
				GCC_OPTIMIZATION_LEVEL = 0;
				GCC_PREPROCESSOR_DEFINITIONS = ("'CMAKE_INTDIR=\"$(CONFIGURATION)$(EFFECTIVE_PLATFORM_NAME)\"'");
				GCC_SYMBOLS_PRIVATE_EXTERN = NO;
				INSTALL_PATH = "";
				OTHER_LDFLAGS = " ";
				OTHER_REZFLAGS = "";
				PRODUCT_NAME = ZERO_CHECK;
				SECTORDER_FLAGS = "";
				SYMROOT = /Users/mark/Development/cg/CG/BUILD_Xcode/shaders;
				USE_HEADERMAP = NO;
				WARNING_CFLAGS = ("-Wmost","-Wno-four-char-constants","-Wno-unknown-pragmas","$(inherited)");
			};
			name = Debug;
		};
		8B93D49C073F4C9E8F7A2E5A /* Debug */ = {
			isa = XCBuildConfiguration;
			buildSettings = {
				COMBINE_HIDPI_IMAGES = YES;
				GCC_GENERATE_DEBUGGING_SYMBOLS = YES;
				GCC_INLINES_ARE_PRIVATE_EXTERN = NO;
				GCC_OPTIMIZATION_LEVEL = 0;
				GCC_PREPROCESSOR_DEFINITIONS = ("'CMAKE_INTDIR=\"$(CONFIGURATION)$(EFFECTIVE_PLATFORM_NAME)\"'");
				GCC_SYMBOLS_PRIVATE_EXTERN = NO;
				INSTALL_PATH = "";
				OTHER_LDFLAGS = " ";
				OTHER_REZFLAGS = "";
				PRODUCT_NAME = ALL_BUILD;
				SECTORDER_FLAGS = "";
				SYMROOT = /Users/mark/Development/cg/CG/BUILD_Xcode/shaders;
				USE_HEADERMAP = NO;
				WARNING_CFLAGS = ("-Wmost","-Wno-four-char-constants","-Wno-unknown-pragmas","$(inherited)");
			};
			name = Debug;
		};
		9BB78E2F3A8549C6824866CB /* Release */ = {
			isa = XCBuildConfiguration;
			buildSettings = {
				COMBINE_HIDPI_IMAGES = YES;
				GCC_GENERATE_DEBUGGING_SYMBOLS = YES;
				GCC_INLINES_ARE_PRIVATE_EXTERN = NO;
				GCC_OPTIMIZATION_LEVEL = 0;
				GCC_PREPROCESSOR_DEFINITIONS = ("'CMAKE_INTDIR=\"$(CONFIGURATION)$(EFFECTIVE_PLATFORM_NAME)\"'",GLM_FORCE_RADIANS);
				GCC_SYMBOLS_PRIVATE_EXTERN = NO;
				INSTALL_PATH = "";
				OTHER_LDFLAGS = " ";
				OTHER_REZFLAGS = "";
				PRODUCT_NAME = SHADERS;
				SECTORDER_FLAGS = "";
				SYMROOT = /Users/mark/Development/cg/CG/BUILD_Xcode/shaders;
				USE_HEADERMAP = NO;
				WARNING_CFLAGS = ("-Wmost","-Wno-four-char-constants","-Wno-unknown-pragmas","$(inherited)");
			};
			name = Release;
		};
		CFB63FED82CF4FB38E1101BB /* Release */ = {
			isa = XCBuildConfiguration;
			buildSettings = {
				COMBINE_HIDPI_IMAGES = YES;
				GCC_GENERATE_DEBUGGING_SYMBOLS = YES;
				GCC_INLINES_ARE_PRIVATE_EXTERN = NO;
				GCC_OPTIMIZATION_LEVEL = 0;
				GCC_PREPROCESSOR_DEFINITIONS = ("'CMAKE_INTDIR=\"$(CONFIGURATION)$(EFFECTIVE_PLATFORM_NAME)\"'");
				GCC_SYMBOLS_PRIVATE_EXTERN = NO;
				INSTALL_PATH = "";
				OTHER_LDFLAGS = " ";
				OTHER_REZFLAGS = "";
				PRODUCT_NAME = ALL_BUILD;
				SECTORDER_FLAGS = "";
				SYMROOT = /Users/mark/Development/cg/CG/BUILD_Xcode/shaders;
				USE_HEADERMAP = NO;
				WARNING_CFLAGS = ("-Wmost","-Wno-four-char-constants","-Wno-unknown-pragmas","$(inherited)");
			};
			name = Release;
		};
		F0F9FBB867B94A7B82963CE5 /* Release */ = {
			isa = XCBuildConfiguration;
			buildSettings = {
				ONLY_ACTIVE_ARCH = YES;
				SDKROOT = /Applications/Xcode.app/Contents/Developer/Platforms/MacOSX.platform/Developer/SDKs/MacOSX10.12.sdk;
				SYMROOT = /Users/mark/Development/cg/CG/BUILD_Xcode/shaders/build;
			};
			name = Release;
		};
		F341CD4E54474EDDB08F1B73 /* Debug */ = {
			isa = XCBuildConfiguration;
			buildSettings = {
				ONLY_ACTIVE_ARCH = YES;
				SDKROOT = /Applications/Xcode.app/Contents/Developer/Platforms/MacOSX.platform/Developer/SDKs/MacOSX10.12.sdk;
				SYMROOT = /Users/mark/Development/cg/CG/BUILD_Xcode/shaders/build;
			};
			name = Debug;
		};
/* End XCBuildConfiguration section */

/* Begin XCConfigurationList section */
		0AF77FBE5BD24E0096446D9E /* Build configuration list for PBXProject "SHADERS" */ = {
			isa = XCConfigurationList;
			buildConfigurations = (
				F341CD4E54474EDDB08F1B73 /* Debug */,
				F0F9FBB867B94A7B82963CE5 /* Release */,
			);
			defaultConfigurationIsVisible = 0;
			defaultConfigurationName = Debug;
		};
		58D40BA6F2E047BD8676A1E5 /* Build configuration list for PBXAggregateTarget "ALL_BUILD" */ = {
			isa = XCConfigurationList;
			buildConfigurations = (
				8B93D49C073F4C9E8F7A2E5A /* Debug */,
				CFB63FED82CF4FB38E1101BB /* Release */,
			);
			defaultConfigurationIsVisible = 0;
			defaultConfigurationName = Debug;
		};
		9FA1849664114C289EFA4FAF /* Build configuration list for PBXAggregateTarget "SHADERS" */ = {
			isa = XCConfigurationList;
			buildConfigurations = (
				3A4D9D487AF640269A2DB772 /* Debug */,
				9BB78E2F3A8549C6824866CB /* Release */,
			);
			defaultConfigurationIsVisible = 0;
			defaultConfigurationName = Debug;
		};
		A780047BD2684144AA76DA1C /* Build configuration list for PBXAggregateTarget "ZERO_CHECK" */ = {
			isa = XCConfigurationList;
			buildConfigurations = (
				7D24A98113F3469ABB816470 /* Debug */,
				0083F7EA033646B2AE8C5B14 /* Release */,
			);
			defaultConfigurationIsVisible = 0;
			defaultConfigurationName = Debug;
		};
/* End XCConfigurationList section */
	};
	rootObject = E0315C5C8B504CBB85448B3E /* Project object */;
}
