// !$*UTF8*$!
{
	archiveVersion = 1;
	classes = {
	};
	objectVersion = 46;
	objects = {

/* Begin PBXAggregateTarget section */
		C47C8B7BF4C84958BB8F41C4 /* ZERO_CHECK */ = {
			isa = PBXAggregateTarget;
			buildConfigurationList = D1328919FA96411D8F70DEEE /* Build configuration list for PBXAggregateTarget "ZERO_CHECK" */;
			buildPhases = (
				BA327EC908144569B23241B8 /* CMake Rules */,
			);
			dependencies = (
			);
			name = ZERO_CHECK;
			productName = ZERO_CHECK;
		};
		CD6AF11CB9B5428699A9815A /* ALL_BUILD */ = {
			isa = PBXAggregateTarget;
			buildConfigurationList = 8822CEB2FE5D40018DEC9A66 /* Build configuration list for PBXAggregateTarget "ALL_BUILD" */;
			buildPhases = (
				F9B0DEB4189843AB860C9CB5 /* CMake Rules */,
			);
			dependencies = (
				B9712719F2254FC6ADECD791 /* PBXTargetDependency */,
				CF167A916E874377A43A8242 /* PBXTargetDependency */,
			);
			name = ALL_BUILD;
			productName = ALL_BUILD;
		};
/* End PBXAggregateTarget section */

/* Begin PBXBuildFile section */
		059B3A01CBC345CABC3823E2 /* /Users/mark/Development/cg/libraries/CG1_Tools/CVK_Defs.h */ = {isa = PBXBuildFile; fileRef = 4E88978245DC4069A58254FA /* /Users/mark/Development/cg/libraries/CG1_Tools/CVK_Defs.h */; };
		12BB38F408A843B9BF43FDF9 /* /Users/mark/Development/cg/libraries/CG1_Tools/PixelTools.h */ = {isa = PBXBuildFile; fileRef = D6F2E9F668B943B1832EA4B5 /* /Users/mark/Development/cg/libraries/CG1_Tools/PixelTools.h */; };
		2D905390EA6540619EB7AB95 /* /Users/mark/Development/cg/libraries/CG1_Tools/CVK_ShaderSet.cpp */ = {isa = PBXBuildFile; fileRef = 787434F7619844999F2F8DFE /* /Users/mark/Development/cg/libraries/CG1_Tools/CVK_ShaderSet.cpp */; };
		53BFAC144ED742789DA26534 /* /Users/mark/Development/cg/libraries/CG1_Tools/CMakeLists.txt */ = {isa = PBXBuildFile; fileRef = 66DCED4993E44A7485A68429 /* /Users/mark/Development/cg/libraries/CG1_Tools/CMakeLists.txt */; };
		65DCB937CD7847F6A3EB5E23 /* /Users/mark/Development/cg/libraries/CG1_Tools/CompatibilityTools.cpp */ = {isa = PBXBuildFile; fileRef = AAED9EC7F1CF4C12825ED527 /* /Users/mark/Development/cg/libraries/CG1_Tools/CompatibilityTools.cpp */; };
		93C0F15AA6C1447E88DFAFFF /* /Users/mark/Development/cg/libraries/CG1_Tools/stb_image.cpp */ = {isa = PBXBuildFile; fileRef = 5301A3399BAD41E0AC834142 /* /Users/mark/Development/cg/libraries/CG1_Tools/stb_image.cpp */; };
		98F2A9E62BE64F88AC1431F2 /* /Users/mark/Development/cg/libraries/CG1_Tools/CompatibilityTools.h */ = {isa = PBXBuildFile; fileRef = 3193E4EC84184F1AA47AD953 /* /Users/mark/Development/cg/libraries/CG1_Tools/CompatibilityTools.h */; };
		A65C505B91DA4C769F0EEC7F /* /Users/mark/Development/cg/libraries/CG1_Tools/ShaderTools.cpp */ = {isa = PBXBuildFile; fileRef = FCBF27BFE46A49A1BB8CFDA6 /* /Users/mark/Development/cg/libraries/CG1_Tools/ShaderTools.cpp */; };
		C519DF6F2FBF4E9BA00C0170 /* /Users/mark/Development/cg/libraries/CG1_Tools/TextureTools.cpp */ = {isa = PBXBuildFile; fileRef = C2D4EBCCC648472AB6256986 /* /Users/mark/Development/cg/libraries/CG1_Tools/TextureTools.cpp */; };
		D5BF261AA16A407CB1588949 /* /Users/mark/Development/cg/libraries/CG1_Tools/TextureTools.h */ = {isa = PBXBuildFile; fileRef = 71AF85658CA94131B9B16C00 /* /Users/mark/Development/cg/libraries/CG1_Tools/TextureTools.h */; };
		DB1EBEB5D1EF4CAC97D7DA12 /* /Users/mark/Development/cg/libraries/CG1_Tools/CVK_ShaderSet.h */ = {isa = PBXBuildFile; fileRef = 81B09F94F536474489DE251D /* /Users/mark/Development/cg/libraries/CG1_Tools/CVK_ShaderSet.h */; };
		E13DA5E1987646CFA0EC49F1 /* /Users/mark/Development/cg/libraries/CG1_Tools/ShaderTools.h */ = {isa = PBXBuildFile; fileRef = 3B3C6BA37D72437695532C00 /* /Users/mark/Development/cg/libraries/CG1_Tools/ShaderTools.h */; };
		E39263EAB09B418A96AA6E66 /* /Users/mark/Development/cg/libraries/CG1_Tools/stb_image.h */ = {isa = PBXBuildFile; fileRef = 869B60E1A63943ECBA14ABD2 /* /Users/mark/Development/cg/libraries/CG1_Tools/stb_image.h */; };
		E75A92FFCC5648338EB96BF4 /* /Users/mark/Development/cg/libraries/CG1_Tools/Geometry.h */ = {isa = PBXBuildFile; fileRef = 7378DA1388EF46668137C627 /* /Users/mark/Development/cg/libraries/CG1_Tools/Geometry.h */; };
		FE1E8E082E57475691711AB8 /* /Users/mark/Development/cg/libraries/CG1_Tools/PixelTools.cpp */ = {isa = PBXBuildFile; fileRef = 928F3B18938542FB91A4502B /* /Users/mark/Development/cg/libraries/CG1_Tools/PixelTools.cpp */; };
/* End PBXBuildFile section */

/* Begin PBXBuildStyle section */
		1E2783B111C2429E96D4B0BB /* Debug */ = {
			isa = PBXBuildStyle;
			buildSettings = {
				COPY_PHASE_STRIP = NO;
			};
			name = Debug;
		};
		D5A64983E1EC499E9CBAFBF4 /* Release */ = {
			isa = PBXBuildStyle;
			buildSettings = {
				COPY_PHASE_STRIP = NO;
			};
			name = Release;
		};
/* End PBXBuildStyle section */

/* Begin PBXContainerItemProxy section */
		195F2C0F767A4C5E8FA46906 /* PBXContainerItemProxy */ = {
			isa = PBXContainerItemProxy;
			containerPortal = 7553D867E6504DD280EB1949 /* Project object */;
			proxyType = 1;
			remoteGlobalIDString = 5F9F9392E5EC420C9540CD7F;
			remoteInfo = CG1_Tools;
		};
		388E598A2BB64466B28DA920 /* PBXContainerItemProxy */ = {
			isa = PBXContainerItemProxy;
			containerPortal = 7553D867E6504DD280EB1949 /* Project object */;
			proxyType = 1;
			remoteGlobalIDString = C47C8B7BF4C84958BB8F41C4;
			remoteInfo = ZERO_CHECK;
		};
/* End PBXContainerItemProxy section */

/* Begin PBXFileReference section */
		004C723B159848BAA2927F55 /* /Users/mark/Development/cg/libraries/CG1_Tools/CMakeLists.txt */ = {isa = PBXFileReference; explicitFileType = sourcecode.text; fileEncoding = 4; name = CMakeLists.txt; path = CMakeLists.txt; sourceTree = SOURCE_ROOT; };
		3193E4EC84184F1AA47AD953 /* /Users/mark/Development/cg/libraries/CG1_Tools/CompatibilityTools.h */ = {isa = PBXFileReference; explicitFileType = sourcecode.c.h; fileEncoding = 4; name = CompatibilityTools.h; path = CompatibilityTools.h; sourceTree = SOURCE_ROOT; };
		3B3C6BA37D72437695532C00 /* /Users/mark/Development/cg/libraries/CG1_Tools/ShaderTools.h */ = {isa = PBXFileReference; explicitFileType = sourcecode.c.h; fileEncoding = 4; name = ShaderTools.h; path = ShaderTools.h; sourceTree = SOURCE_ROOT; };
		4E88978245DC4069A58254FA /* /Users/mark/Development/cg/libraries/CG1_Tools/CVK_Defs.h */ = {isa = PBXFileReference; explicitFileType = sourcecode.c.h; fileEncoding = 4; name = CVK_Defs.h; path = CVK_Defs.h; sourceTree = SOURCE_ROOT; };
		5301A3399BAD41E0AC834142 /* /Users/mark/Development/cg/libraries/CG1_Tools/stb_image.cpp */ = {isa = PBXFileReference; explicitFileType = sourcecode.cpp.cpp; fileEncoding = 4; name = stb_image.cpp; path = stb_image.cpp; sourceTree = SOURCE_ROOT; };
		66DCED4993E44A7485A68429 /* /Users/mark/Development/cg/libraries/CG1_Tools/CMakeLists.txt */ = {isa = PBXFileReference; explicitFileType = sourcecode.text; fileEncoding = 4; name = CMakeLists.txt; path = CMakeLists.txt; sourceTree = SOURCE_ROOT; };
		71AF85658CA94131B9B16C00 /* /Users/mark/Development/cg/libraries/CG1_Tools/TextureTools.h */ = {isa = PBXFileReference; explicitFileType = sourcecode.c.h; fileEncoding = 4; name = TextureTools.h; path = TextureTools.h; sourceTree = SOURCE_ROOT; };
		7378DA1388EF46668137C627 /* /Users/mark/Development/cg/libraries/CG1_Tools/Geometry.h */ = {isa = PBXFileReference; explicitFileType = sourcecode.c.h; fileEncoding = 4; name = Geometry.h; path = Geometry.h; sourceTree = SOURCE_ROOT; };
		787434F7619844999F2F8DFE /* /Users/mark/Development/cg/libraries/CG1_Tools/CVK_ShaderSet.cpp */ = {isa = PBXFileReference; explicitFileType = sourcecode.cpp.cpp; fileEncoding = 4; name = CVK_ShaderSet.cpp; path = CVK_ShaderSet.cpp; sourceTree = SOURCE_ROOT; };
		81B09F94F536474489DE251D /* /Users/mark/Development/cg/libraries/CG1_Tools/CVK_ShaderSet.h */ = {isa = PBXFileReference; explicitFileType = sourcecode.c.h; fileEncoding = 4; name = CVK_ShaderSet.h; path = CVK_ShaderSet.h; sourceTree = SOURCE_ROOT; };
		869B60E1A63943ECBA14ABD2 /* /Users/mark/Development/cg/libraries/CG1_Tools/stb_image.h */ = {isa = PBXFileReference; explicitFileType = sourcecode.c.h; fileEncoding = 4; name = stb_image.h; path = stb_image.h; sourceTree = SOURCE_ROOT; };
		928F3B18938542FB91A4502B /* /Users/mark/Development/cg/libraries/CG1_Tools/PixelTools.cpp */ = {isa = PBXFileReference; explicitFileType = sourcecode.cpp.cpp; fileEncoding = 4; name = PixelTools.cpp; path = PixelTools.cpp; sourceTree = SOURCE_ROOT; };
		AAED9EC7F1CF4C12825ED527 /* /Users/mark/Development/cg/libraries/CG1_Tools/CompatibilityTools.cpp */ = {isa = PBXFileReference; explicitFileType = sourcecode.cpp.cpp; fileEncoding = 4; name = CompatibilityTools.cpp; path = CompatibilityTools.cpp; sourceTree = SOURCE_ROOT; };
		C2D4EBCCC648472AB6256986 /* /Users/mark/Development/cg/libraries/CG1_Tools/TextureTools.cpp */ = {isa = PBXFileReference; explicitFileType = sourcecode.cpp.cpp; fileEncoding = 4; name = TextureTools.cpp; path = TextureTools.cpp; sourceTree = SOURCE_ROOT; };
		D6F2E9F668B943B1832EA4B5 /* /Users/mark/Development/cg/libraries/CG1_Tools/PixelTools.h */ = {isa = PBXFileReference; explicitFileType = sourcecode.c.h; fileEncoding = 4; name = PixelTools.h; path = PixelTools.h; sourceTree = SOURCE_ROOT; };
		EB52E5BDDE034B848BEE43BD /* /Users/mark/Development/cg/libraries/CG1_Tools/CMakeLists.txt */ = {isa = PBXFileReference; explicitFileType = sourcecode.text; fileEncoding = 4; name = CMakeLists.txt; path = CMakeLists.txt; sourceTree = SOURCE_ROOT; };
		FB55BD5BC8B2488EB23859A1 /* CG1_Tools */ = {isa = PBXFileReference; explicitFileType = archive.ar; path = libCG1_Tools.a; sourceTree = BUILT_PRODUCTS_DIR; };
		FCBF27BFE46A49A1BB8CFDA6 /* /Users/mark/Development/cg/libraries/CG1_Tools/ShaderTools.cpp */ = {isa = PBXFileReference; explicitFileType = sourcecode.cpp.cpp; fileEncoding = 4; name = ShaderTools.cpp; path = ShaderTools.cpp; sourceTree = SOURCE_ROOT; };
/* End PBXFileReference section */

/* Begin PBXGroup section */
		33B2838101F84F7C9764FFFF /* CG1_Tools */ = {
			isa = PBXGroup;
			children = (
				EBB4FAD1C77445B88013DE59 /* Source Files */,
				EDB19AD1DBE1432689EB9130 /* Header Files */,
				66DCED4993E44A7485A68429 /* /Users/mark/Development/cg/libraries/CG1_Tools/CMakeLists.txt */,
			);
			name = CG1_Tools;
			sourceTree = "<group>";
		};
		75E850CEC1364671B499BDF6 = {
			isa = PBXGroup;
			children = (
				33B2838101F84F7C9764FFFF /* CG1_Tools */,
				CC364CF99E7140299DC31877 /* ALL_BUILD */,
				E9ACD5820E7740F2AE4F08DD /* ZERO_CHECK */,
				91CB9B55EDF24E5291685F0A /* Products */,
			);
			sourceTree = "<group>";
		};
		91CB9B55EDF24E5291685F0A /* Products */ = {
			isa = PBXGroup;
			children = (
				FB55BD5BC8B2488EB23859A1 /* CG1_Tools */,
			);
			name = Products;
			sourceTree = "<group>";
		};
		92F5522414874991B9B8C445 /* CMake Rules */ = {
			isa = PBXGroup;
			children = (
			);
			name = "CMake Rules";
			sourceTree = "<group>";
		};
		B84AD287F71540A790917779 /* CMake Rules */ = {
			isa = PBXGroup;
			children = (
			);
			name = "CMake Rules";
			sourceTree = "<group>";
		};
		CC364CF99E7140299DC31877 /* ALL_BUILD */ = {
			isa = PBXGroup;
			children = (
				B84AD287F71540A790917779 /* CMake Rules */,
				EB52E5BDDE034B848BEE43BD /* /Users/mark/Development/cg/libraries/CG1_Tools/CMakeLists.txt */,
			);
			name = ALL_BUILD;
			sourceTree = "<group>";
		};
		E9ACD5820E7740F2AE4F08DD /* ZERO_CHECK */ = {
			isa = PBXGroup;
			children = (
				92F5522414874991B9B8C445 /* CMake Rules */,
				004C723B159848BAA2927F55 /* /Users/mark/Development/cg/libraries/CG1_Tools/CMakeLists.txt */,
			);
			name = ZERO_CHECK;
			sourceTree = "<group>";
		};
		EBB4FAD1C77445B88013DE59 /* Source Files */ = {
			isa = PBXGroup;
			children = (
				787434F7619844999F2F8DFE /* /Users/mark/Development/cg/libraries/CG1_Tools/CVK_ShaderSet.cpp */,
				AAED9EC7F1CF4C12825ED527 /* /Users/mark/Development/cg/libraries/CG1_Tools/CompatibilityTools.cpp */,
				928F3B18938542FB91A4502B /* /Users/mark/Development/cg/libraries/CG1_Tools/PixelTools.cpp */,
				FCBF27BFE46A49A1BB8CFDA6 /* /Users/mark/Development/cg/libraries/CG1_Tools/ShaderTools.cpp */,
				C2D4EBCCC648472AB6256986 /* /Users/mark/Development/cg/libraries/CG1_Tools/TextureTools.cpp */,
				5301A3399BAD41E0AC834142 /* /Users/mark/Development/cg/libraries/CG1_Tools/stb_image.cpp */,
			);
			name = "Source Files";
			sourceTree = "<group>";
		};
		EDB19AD1DBE1432689EB9130 /* Header Files */ = {
			isa = PBXGroup;
			children = (
				4E88978245DC4069A58254FA /* /Users/mark/Development/cg/libraries/CG1_Tools/CVK_Defs.h */,
				81B09F94F536474489DE251D /* /Users/mark/Development/cg/libraries/CG1_Tools/CVK_ShaderSet.h */,
				3193E4EC84184F1AA47AD953 /* /Users/mark/Development/cg/libraries/CG1_Tools/CompatibilityTools.h */,
				7378DA1388EF46668137C627 /* /Users/mark/Development/cg/libraries/CG1_Tools/Geometry.h */,
				D6F2E9F668B943B1832EA4B5 /* /Users/mark/Development/cg/libraries/CG1_Tools/PixelTools.h */,
				3B3C6BA37D72437695532C00 /* /Users/mark/Development/cg/libraries/CG1_Tools/ShaderTools.h */,
				71AF85658CA94131B9B16C00 /* /Users/mark/Development/cg/libraries/CG1_Tools/TextureTools.h */,
				869B60E1A63943ECBA14ABD2 /* /Users/mark/Development/cg/libraries/CG1_Tools/stb_image.h */,
			);
			name = "Header Files";
			sourceTree = "<group>";
		};
/* End PBXGroup section */

/* Begin PBXNativeTarget section */
		5F9F9392E5EC420C9540CD7F /* CG1_Tools */ = {
			isa = PBXNativeTarget;
			buildConfigurationList = E2DE9EA2690949878E4DD933 /* Build configuration list for PBXNativeTarget "CG1_Tools" */;
			buildPhases = (
				A2D65A537EBF44979D8E8ECC /* Sources */,
			);
			buildRules = (
			);
			dependencies = (
			);
			name = CG1_Tools;
			productName = CG1_Tools;
			productReference = FB55BD5BC8B2488EB23859A1 /* CG1_Tools */;
			productType = "com.apple.product-type.library.static";
		};
/* End PBXNativeTarget section */

/* Begin PBXProject section */
		7553D867E6504DD280EB1949 /* Project object */ = {
			isa = PBXProject;
			attributes = {
				BuildIndependentTargetsInParallel = YES;
				LastUpgradeCheck = 0830;
			};
			buildConfigurationList = EBAB0F72D1C642569E36FA8E /* Build configuration list for PBXProject "CG1_Tools" */;
			buildSettings = {
			};
			buildStyles = (
				1E2783B111C2429E96D4B0BB /* Debug */,
				D5A64983E1EC499E9CBAFBF4 /* Release */,
			);
			compatibilityVersion = "Xcode 3.2";
			hasScannedForEncodings = 0;
			mainGroup = 75E850CEC1364671B499BDF6;
			projectDirPath = /Users/mark/Development/cg/libraries/CG1_Tools;
			projectRoot = "";
			targets = (
				CD6AF11CB9B5428699A9815A /* ALL_BUILD */,
				5F9F9392E5EC420C9540CD7F /* CG1_Tools */,
				C47C8B7BF4C84958BB8F41C4 /* ZERO_CHECK */,
			);
		};
/* End PBXProject section */

/* Begin PBXShellScriptBuildPhase section */
		5A64440A4CA04537A0254898 = {
			isa = PBXShellScriptBuildPhase;
			buildActionMask = 2147483647;
			files = (
			);
			inputPaths = (
			);
			outputPaths = (
			);
			runOnlyForDeploymentPostprocessing = 0;
			shellPath = /bin/sh;
			shellScript = "# shell script goes here
exit 0";
			showEnvVarsInLog = 0;
		};
		BA327EC908144569B23241B8 /* CMake Rules */ = {
			isa = PBXShellScriptBuildPhase;
			buildActionMask = 2147483647;
			files = (
			);
			name = "CMake Rules";
			outputPaths = (
/Users/mark/Development/cg/CG/BUILD_Xcode/libraries/CG1_Tools/CMakeFiles/ZERO_CHECK			);
			runOnlyForDeploymentPostprocessing = 0;
			shellPath = /bin/sh;
			shellScript = "make -C /Users/mark/Development/cg/CG/BUILD_Xcode/libraries/CG1_Tools -f /Users/mark/Development/cg/CG/BUILD_Xcode/libraries/CG1_Tools/CMakeScripts/ZERO_CHECK_cmakeRulesBuildPhase.make$CONFIGURATION all";
			showEnvVarsInLog = 0;
		};
		BD41136635354FD2BA515581 = {
			isa = PBXShellScriptBuildPhase;
			buildActionMask = 2147483647;
			files = (
			);
			inputPaths = (
			);
			outputPaths = (
			);
			runOnlyForDeploymentPostprocessing = 0;
			shellPath = /bin/sh;
			shellScript = "# shell script goes here
exit 0";
			showEnvVarsInLog = 0;
		};
		F9B0DEB4189843AB860C9CB5 /* CMake Rules */ = {
			isa = PBXShellScriptBuildPhase;
			buildActionMask = 2147483647;
			files = (
			);
			name = "CMake Rules";
			outputPaths = (
/Users/mark/Development/cg/CG/BUILD_Xcode/libraries/CG1_Tools/CMakeFiles/ALL_BUILD			);
			runOnlyForDeploymentPostprocessing = 0;
			shellPath = /bin/sh;
			shellScript = "make -C /Users/mark/Development/cg/CG/BUILD_Xcode/libraries/CG1_Tools -f /Users/mark/Development/cg/CG/BUILD_Xcode/libraries/CG1_Tools/CMakeScripts/ALL_BUILD_cmakeRulesBuildPhase.make$CONFIGURATION all";
			showEnvVarsInLog = 0;
		};
/* End PBXShellScriptBuildPhase section */

/* Begin PBXSourcesBuildPhase section */
		A2D65A537EBF44979D8E8ECC /* Sources */ = {
			isa = PBXSourcesBuildPhase;
			buildActionMask = 2147483647;
			files = (
				2D905390EA6540619EB7AB95 /* /Users/mark/Development/cg/libraries/CG1_Tools/CVK_ShaderSet.cpp */,
				65DCB937CD7847F6A3EB5E23 /* /Users/mark/Development/cg/libraries/CG1_Tools/CompatibilityTools.cpp */,
				FE1E8E082E57475691711AB8 /* /Users/mark/Development/cg/libraries/CG1_Tools/PixelTools.cpp */,
				A65C505B91DA4C769F0EEC7F /* /Users/mark/Development/cg/libraries/CG1_Tools/ShaderTools.cpp */,
				C519DF6F2FBF4E9BA00C0170 /* /Users/mark/Development/cg/libraries/CG1_Tools/TextureTools.cpp */,
				93C0F15AA6C1447E88DFAFFF /* /Users/mark/Development/cg/libraries/CG1_Tools/stb_image.cpp */,
			);
			runOnlyForDeploymentPostprocessing = 0;
		};
/* End PBXSourcesBuildPhase section */

/* Begin PBXTargetDependency section */
		B9712719F2254FC6ADECD791 /* PBXTargetDependency */ = {
			isa = PBXTargetDependency;
			target = C47C8B7BF4C84958BB8F41C4 /* ZERO_CHECK */;
			targetProxy = 388E598A2BB64466B28DA920 /* PBXContainerItemProxy */;
		};
		CF167A916E874377A43A8242 /* PBXTargetDependency */ = {
			isa = PBXTargetDependency;
			target = 5F9F9392E5EC420C9540CD7F /* CG1_Tools */;
			targetProxy = 195F2C0F767A4C5E8FA46906 /* PBXContainerItemProxy */;
		};
/* End PBXTargetDependency section */

/* Begin XCBuildConfiguration section */
		01FD8DCFBACA445FB0E9BD58 /* Debug */ = {
			isa = XCBuildConfiguration;
			buildSettings = {
				COMBINE_HIDPI_IMAGES = YES;
				FRAMEWORK_SEARCH_PATHS = (/Applications/Xcode.app/Contents/Developer/Platforms/MacOSX.platform/Developer/SDKs/MacOSX10.12.sdk/System/Library/Frameworks);
				GCC_GENERATE_DEBUGGING_SYMBOLS = YES;
				GCC_INLINES_ARE_PRIVATE_EXTERN = NO;
				GCC_OPTIMIZATION_LEVEL = 0;
				GCC_PREPROCESSOR_DEFINITIONS = ("'CMAKE_INTDIR=\"$(CONFIGURATION)$(EFFECTIVE_PLATFORM_NAME)\"'");
				GCC_SYMBOLS_PRIVATE_EXTERN = NO;
				HEADER_SEARCH_PATHS = (/usr/local/include,/Users/mark/Development/cg/CG/src/../../libraries);
				INSTALL_PATH = "";
				OTHER_LDFLAGS = " ";
				OTHER_REZFLAGS = "";
				PRODUCT_NAME = ALL_BUILD;
				SECTORDER_FLAGS = "";
				SYMROOT = /Users/mark/Development/cg/CG/BUILD_Xcode/libraries/CG1_Tools;
				USE_HEADERMAP = NO;
				WARNING_CFLAGS = ("-Wmost","-Wno-four-char-constants","-Wno-unknown-pragmas","$(inherited)");
			};
			name = Debug;
		};
		5CF4E7E9AD3543439116D1D6 /* Debug */ = {
			isa = XCBuildConfiguration;
			buildSettings = {
				COMBINE_HIDPI_IMAGES = YES;
				CONFIGURATION_BUILD_DIR = /Users/mark/Development/cg/CG/BUILD_Xcode/lib/Debug;
				EXECUTABLE_PREFIX = lib;
				EXECUTABLE_SUFFIX = .a;
				FRAMEWORK_SEARCH_PATHS = (/Applications/Xcode.app/Contents/Developer/Platforms/MacOSX.platform/Developer/SDKs/MacOSX10.12.sdk/System/Library/Frameworks);
				GCC_GENERATE_DEBUGGING_SYMBOLS = YES;
				GCC_INLINES_ARE_PRIVATE_EXTERN = NO;
				GCC_OPTIMIZATION_LEVEL = 0;
				GCC_PREPROCESSOR_DEFINITIONS = ("'CMAKE_INTDIR=\"$(CONFIGURATION)$(EFFECTIVE_PLATFORM_NAME)\"'",GLM_FORCE_RADIANS,"'SHADERS_PATH=\"/Users/mark/Development/cg/CG/src/shaders\"'","'RESOURCES_PATH=\"/Users/mark/Development/cg/CG/src/../../resources\"'",GLFW_INCLUDE_GLCOREARB,GLEW_STATIC,GL_DO_NOT_WARN_IF_MULTI_GL_VERSION_HEADERS_INCLUDED,GLEW_NO_GLU);
				GCC_SYMBOLS_PRIVATE_EXTERN = NO;
				HEADER_SEARCH_PATHS = (/usr/local/include,/Users/mark/Development/cg/CG/src/../../libraries);
				INSTALL_PATH = "";
				LIBRARY_STYLE = STATIC;
				OTHER_CPLUSPLUSFLAGS = " -std=c++11     ";
				OTHER_LIBTOOLFLAGS = " ";
				OTHER_REZFLAGS = "";
				PRODUCT_NAME = CG1_Tools;
				SECTORDER_FLAGS = "";
				SYMROOT = /Users/mark/Development/cg/CG/BUILD_Xcode/libraries/CG1_Tools;
				USE_HEADERMAP = NO;
				WARNING_CFLAGS = ("-Wmost","-Wno-four-char-constants","-Wno-unknown-pragmas","$(inherited)");
			};
			name = Debug;
		};
		5ECF69F7C1F24098BE025F24 /* Debug */ = {
			isa = XCBuildConfiguration;
			buildSettings = {
				ONLY_ACTIVE_ARCH = YES;
				SDKROOT = /Applications/Xcode.app/Contents/Developer/Platforms/MacOSX.platform/Developer/SDKs/MacOSX10.12.sdk;
				SYMROOT = /Users/mark/Development/cg/CG/BUILD_Xcode/libraries/CG1_Tools/build;
			};
			name = Debug;
		};
		646A28D432D648DD848D3987 /* Release */ = {
			isa = XCBuildConfiguration;
			buildSettings = {
				COMBINE_HIDPI_IMAGES = YES;
				FRAMEWORK_SEARCH_PATHS = (/Applications/Xcode.app/Contents/Developer/Platforms/MacOSX.platform/Developer/SDKs/MacOSX10.12.sdk/System/Library/Frameworks);
				GCC_GENERATE_DEBUGGING_SYMBOLS = YES;
				GCC_INLINES_ARE_PRIVATE_EXTERN = NO;
				GCC_OPTIMIZATION_LEVEL = 0;
				GCC_PREPROCESSOR_DEFINITIONS = ("'CMAKE_INTDIR=\"$(CONFIGURATION)$(EFFECTIVE_PLATFORM_NAME)\"'");
				GCC_SYMBOLS_PRIVATE_EXTERN = NO;
				HEADER_SEARCH_PATHS = (/usr/local/include,/Users/mark/Development/cg/CG/src/../../libraries);
				INSTALL_PATH = "";
				OTHER_LDFLAGS = " ";
				OTHER_REZFLAGS = "";
				PRODUCT_NAME = ZERO_CHECK;
				SECTORDER_FLAGS = "";
				SYMROOT = /Users/mark/Development/cg/CG/BUILD_Xcode/libraries/CG1_Tools;
				USE_HEADERMAP = NO;
				WARNING_CFLAGS = ("-Wmost","-Wno-four-char-constants","-Wno-unknown-pragmas","$(inherited)");
			};
			name = Release;
		};
		84CEB6BEEAA34B4EB2179C69 /* Release */ = {
			isa = XCBuildConfiguration;
			buildSettings = {
				COMBINE_HIDPI_IMAGES = YES;
				FRAMEWORK_SEARCH_PATHS = (/Applications/Xcode.app/Contents/Developer/Platforms/MacOSX.platform/Developer/SDKs/MacOSX10.12.sdk/System/Library/Frameworks);
				GCC_GENERATE_DEBUGGING_SYMBOLS = YES;
				GCC_INLINES_ARE_PRIVATE_EXTERN = NO;
				GCC_OPTIMIZATION_LEVEL = 0;
				GCC_PREPROCESSOR_DEFINITIONS = ("'CMAKE_INTDIR=\"$(CONFIGURATION)$(EFFECTIVE_PLATFORM_NAME)\"'");
				GCC_SYMBOLS_PRIVATE_EXTERN = NO;
				HEADER_SEARCH_PATHS = (/usr/local/include,/Users/mark/Development/cg/CG/src/../../libraries);
				INSTALL_PATH = "";
				OTHER_LDFLAGS = " ";
				OTHER_REZFLAGS = "";
				PRODUCT_NAME = ALL_BUILD;
				SECTORDER_FLAGS = "";
				SYMROOT = /Users/mark/Development/cg/CG/BUILD_Xcode/libraries/CG1_Tools;
				USE_HEADERMAP = NO;
				WARNING_CFLAGS = ("-Wmost","-Wno-four-char-constants","-Wno-unknown-pragmas","$(inherited)");
			};
			name = Release;
		};
		90ADB3817DBC4EDEACC01D5E /* Debug */ = {
			isa = XCBuildConfiguration;
			buildSettings = {
				COMBINE_HIDPI_IMAGES = YES;
				FRAMEWORK_SEARCH_PATHS = (/Applications/Xcode.app/Contents/Developer/Platforms/MacOSX.platform/Developer/SDKs/MacOSX10.12.sdk/System/Library/Frameworks);
				GCC_GENERATE_DEBUGGING_SYMBOLS = YES;
				GCC_INLINES_ARE_PRIVATE_EXTERN = NO;
				GCC_OPTIMIZATION_LEVEL = 0;
				GCC_PREPROCESSOR_DEFINITIONS = ("'CMAKE_INTDIR=\"$(CONFIGURATION)$(EFFECTIVE_PLATFORM_NAME)\"'");
				GCC_SYMBOLS_PRIVATE_EXTERN = NO;
				HEADER_SEARCH_PATHS = (/usr/local/include,/Users/mark/Development/cg/CG/src/../../libraries);
				INSTALL_PATH = "";
				OTHER_LDFLAGS = " ";
				OTHER_REZFLAGS = "";
				PRODUCT_NAME = ZERO_CHECK;
				SECTORDER_FLAGS = "";
				SYMROOT = /Users/mark/Development/cg/CG/BUILD_Xcode/libraries/CG1_Tools;
				USE_HEADERMAP = NO;
				WARNING_CFLAGS = ("-Wmost","-Wno-four-char-constants","-Wno-unknown-pragmas","$(inherited)");
			};
			name = Debug;
		};
		9A55740FF71B4F4FA484AFA4 /* Release */ = {
			isa = XCBuildConfiguration;
			buildSettings = {
				COMBINE_HIDPI_IMAGES = YES;
				CONFIGURATION_BUILD_DIR = /Users/mark/Development/cg/CG/BUILD_Xcode/lib/Release;
				EXECUTABLE_PREFIX = lib;
				EXECUTABLE_SUFFIX = .a;
				FRAMEWORK_SEARCH_PATHS = (/Applications/Xcode.app/Contents/Developer/Platforms/MacOSX.platform/Developer/SDKs/MacOSX10.12.sdk/System/Library/Frameworks);
				GCC_GENERATE_DEBUGGING_SYMBOLS = NO;
				GCC_INLINES_ARE_PRIVATE_EXTERN = NO;
				GCC_OPTIMIZATION_LEVEL = 3;
				GCC_PREPROCESSOR_DEFINITIONS = ("'CMAKE_INTDIR=\"$(CONFIGURATION)$(EFFECTIVE_PLATFORM_NAME)\"'",GLM_FORCE_RADIANS,"'SHADERS_PATH=\"/Users/mark/Development/cg/CG/src/shaders\"'","'RESOURCES_PATH=\"/Users/mark/Development/cg/CG/src/../../resources\"'",GLFW_INCLUDE_GLCOREARB,GLEW_STATIC,GL_DO_NOT_WARN_IF_MULTI_GL_VERSION_HEADERS_INCLUDED,GLEW_NO_GLU);
				GCC_SYMBOLS_PRIVATE_EXTERN = NO;
				HEADER_SEARCH_PATHS = (/usr/local/include,/Users/mark/Development/cg/CG/src/../../libraries);
				INSTALL_PATH = "";
				LIBRARY_STYLE = STATIC;
				OTHER_CPLUSPLUSFLAGS = " -std=c++11     -DNDEBUG  ";
				OTHER_LIBTOOLFLAGS = " ";
				OTHER_REZFLAGS = "";
				PRODUCT_NAME = CG1_Tools;
				SECTORDER_FLAGS = "";
				SYMROOT = /Users/mark/Development/cg/CG/BUILD_Xcode/libraries/CG1_Tools;
				USE_HEADERMAP = NO;
				WARNING_CFLAGS = ("-Wmost","-Wno-four-char-constants","-Wno-unknown-pragmas","$(inherited)");
			};
			name = Release;
		};
		DC126257520C47BF8E5A19A4 /* Release */ = {
			isa = XCBuildConfiguration;
			buildSettings = {
				ONLY_ACTIVE_ARCH = YES;
				SDKROOT = /Applications/Xcode.app/Contents/Developer/Platforms/MacOSX.platform/Developer/SDKs/MacOSX10.12.sdk;
				SYMROOT = /Users/mark/Development/cg/CG/BUILD_Xcode/libraries/CG1_Tools/build;
			};
			name = Release;
		};
/* End XCBuildConfiguration section */

/* Begin XCConfigurationList section */
		8822CEB2FE5D40018DEC9A66 /* Build configuration list for PBXAggregateTarget "ALL_BUILD" */ = {
			isa = XCConfigurationList;
			buildConfigurations = (
				01FD8DCFBACA445FB0E9BD58 /* Debug */,
				84CEB6BEEAA34B4EB2179C69 /* Release */,
			);
			defaultConfigurationIsVisible = 0;
			defaultConfigurationName = Debug;
		};
		D1328919FA96411D8F70DEEE /* Build configuration list for PBXAggregateTarget "ZERO_CHECK" */ = {
			isa = XCConfigurationList;
			buildConfigurations = (
				90ADB3817DBC4EDEACC01D5E /* Debug */,
				646A28D432D648DD848D3987 /* Release */,
			);
			defaultConfigurationIsVisible = 0;
			defaultConfigurationName = Debug;
		};
		E2DE9EA2690949878E4DD933 /* Build configuration list for PBXNativeTarget "CG1_Tools" */ = {
			isa = XCConfigurationList;
			buildConfigurations = (
				5CF4E7E9AD3543439116D1D6 /* Debug */,
				9A55740FF71B4F4FA484AFA4 /* Release */,
			);
			defaultConfigurationIsVisible = 0;
			defaultConfigurationName = Debug;
		};
		EBAB0F72D1C642569E36FA8E /* Build configuration list for PBXProject "CG1_Tools" */ = {
			isa = XCConfigurationList;
			buildConfigurations = (
				5ECF69F7C1F24098BE025F24 /* Debug */,
				DC126257520C47BF8E5A19A4 /* Release */,
			);
			defaultConfigurationIsVisible = 0;
			defaultConfigurationName = Debug;
		};
/* End XCConfigurationList section */
	};
	rootObject = 7553D867E6504DD280EB1949 /* Project object */;
}
