// !$*UTF8*$!
{
	archiveVersion = 1;
	classes = {
	};
	objectVersion = 46;
	objects = {

/* Begin PBXAggregateTarget section */
		17D8408694524E0B90A5855A /* SHADERS */ = {
			isa = PBXAggregateTarget;
			buildConfigurationList = F7DCBE8773A446D18978DC0F /* Build configuration list for PBXAggregateTarget "SHADERS" */;
			buildPhases = (
			);
			dependencies = (
				43504981C0DB435A9D72E34E /* PBXTargetDependency */,
			);
			name = SHADERS;
			productName = SHADERS;
		};
		94117F94E5A24FCEB1D79EC3 /* ZERO_CHECK */ = {
			isa = PBXAggregateTarget;
			buildConfigurationList = E46990706EC54F4CA7F046C5 /* Build configuration list for PBXAggregateTarget "ZERO_CHECK" */;
			buildPhases = (
				DF7601800AEF4A13B6C47D9A /* CMake Rules */,
			);
			dependencies = (
			);
			name = ZERO_CHECK;
			productName = ZERO_CHECK;
		};
		E38422B2C90B49FCB6DD1F91 /* ALL_BUILD */ = {
			isa = PBXAggregateTarget;
			buildConfigurationList = 38EC933953E240F889FFDC93 /* Build configuration list for PBXAggregateTarget "ALL_BUILD" */;
			buildPhases = (
				38D228129A684AB4982388CA /* CMake Rules */,
			);
			dependencies = (
				AB83C248AEDE4F669AFB97B6 /* PBXTargetDependency */,
			);
			name = ALL_BUILD;
			productName = ALL_BUILD;
		};
/* End PBXAggregateTarget section */

/* Begin PBXBuildStyle section */
		A44F8A384FB34E0894BC6151 /* Release */ = {
			isa = PBXBuildStyle;
			buildSettings = {
				COPY_PHASE_STRIP = NO;
			};
			name = Release;
		};
		ACA39A1B496847E098ADF42C /* Debug */ = {
			isa = PBXBuildStyle;
			buildSettings = {
				COPY_PHASE_STRIP = NO;
			};
			name = Debug;
		};
/* End PBXBuildStyle section */

/* Begin PBXContainerItemProxy section */
		13799EC95D2B45B39BEC7B5D /* PBXContainerItemProxy */ = {
			isa = PBXContainerItemProxy;
			containerPortal = 12FD8ABC06D840C8B41FCF22 /* Project object */;
			proxyType = 1;
			remoteGlobalIDString = 94117F94E5A24FCEB1D79EC3;
			remoteInfo = ZERO_CHECK;
		};
		D56BEE97E05C44DC9BEE54AE /* PBXContainerItemProxy */ = {
			isa = PBXContainerItemProxy;
			containerPortal = 12FD8ABC06D840C8B41FCF22 /* Project object */;
			proxyType = 1;
			remoteGlobalIDString = 94117F94E5A24FCEB1D79EC3;
			remoteInfo = ZERO_CHECK;
		};
/* End PBXContainerItemProxy section */

/* Begin PBXFileReference section */
		04B9A8BFB6AD492C9F648449 /* /Users/mark/Development/cg/CG_demos/src/shaders/08_Solution/phong.frag */ = {isa = PBXFileReference; explicitFileType = sourcecode; fileEncoding = 4; name = phong.frag; path = 08_Solution/phong.frag; sourceTree = SOURCE_ROOT; };
		0BDCFFF624A544E38B62C1CE /* /Users/mark/Development/cg/CG_demos/src/shaders/Position/position.vert */ = {isa = PBXFileReference; explicitFileType = sourcecode; fileEncoding = 4; name = position.vert; path = Position/position.vert; sourceTree = SOURCE_ROOT; };
		119BA7C8B9B84029B9D5DCB0 /* /Users/mark/Development/cg/CG_demos/src/shaders/09_Solution/terrain.frag */ = {isa = PBXFileReference; explicitFileType = sourcecode; fileEncoding = 4; name = terrain.frag; path = 09_Solution/terrain.frag; sourceTree = SOURCE_ROOT; };
		1E2F69DC7D2740E1910262B6 /* /Users/mark/Development/cg/CG_demos/src/shaders/05_Solution/minimal.vert */ = {isa = PBXFileReference; explicitFileType = sourcecode; fileEncoding = 4; name = minimal.vert; path = 05_Solution/minimal.vert; sourceTree = SOURCE_ROOT; };
		21E5F6FB3DBF4D37AC234565 /* /Users/mark/Development/cg/CG_demos/src/shaders/CMakeLists.txt */ = {isa = PBXFileReference; explicitFileType = sourcecode.text; fileEncoding = 4; name = CMakeLists.txt; path = CMakeLists.txt; sourceTree = SOURCE_ROOT; };
		25E31C92F56C4A90AD63549C /* /Users/mark/Development/cg/CG_demos/src/shaders/04_Solution/minimal.vert */ = {isa = PBXFileReference; explicitFileType = sourcecode; fileEncoding = 4; name = minimal.vert; path = 04_Solution/minimal.vert; sourceTree = SOURCE_ROOT; };
		29E6B6208D1E472CB8247145 /* /Users/mark/Development/cg/CG_demos/src/shaders/Phong/phong.frag */ = {isa = PBXFileReference; explicitFileType = sourcecode; fileEncoding = 4; name = phong.frag; path = Phong/phong.frag; sourceTree = SOURCE_ROOT; };
		3194B9948A7D436C867B6477 /* /Users/mark/Development/cg/CG_demos/src/shaders/Balloonflight/balloon.vert */ = {isa = PBXFileReference; explicitFileType = sourcecode; fileEncoding = 4; name = balloon.vert; path = Balloonflight/balloon.vert; sourceTree = SOURCE_ROOT; };
		3948D9EA0F704F94A55B8401 /* /Users/mark/Development/cg/CG_demos/src/shaders/FlightSimulator/terrain.frag */ = {isa = PBXFileReference; explicitFileType = sourcecode; fileEncoding = 4; name = terrain.frag; path = FlightSimulator/terrain.frag; sourceTree = SOURCE_ROOT; };
		3990F829FD3645008A39B84E /* /Users/mark/Development/cg/CG_demos/src/shaders/Terrain/terrain.vert */ = {isa = PBXFileReference; explicitFileType = sourcecode; fileEncoding = 4; name = terrain.vert; path = Terrain/terrain.vert; sourceTree = SOURCE_ROOT; };
		4BAEEA6702E4497094D267C4 /* /Users/mark/Development/cg/CG_demos/src/shaders/FlightSimulator/skybox.vert */ = {isa = PBXFileReference; explicitFileType = sourcecode; fileEncoding = 4; name = skybox.vert; path = FlightSimulator/skybox.vert; sourceTree = SOURCE_ROOT; };
		651A124180FC4A06BA21DA73 /* /Users/mark/Development/cg/CG_demos/src/shaders/Phong/phong.vert */ = {isa = PBXFileReference; explicitFileType = sourcecode; fileEncoding = 4; name = phong.vert; path = Phong/phong.vert; sourceTree = SOURCE_ROOT; };
		6C9583DECA7D465ABB892935 /* /Users/mark/Development/cg/CG_demos/src/shaders/07_Solution/position.vert */ = {isa = PBXFileReference; explicitFileType = sourcecode; fileEncoding = 4; name = position.vert; path = 07_Solution/position.vert; sourceTree = SOURCE_ROOT; };
		701889802C8E4660950DDE22 /* /Users/mark/Development/cg/CG_demos/src/shaders/FlightSimulator/skybox.frag */ = {isa = PBXFileReference; explicitFileType = sourcecode; fileEncoding = 4; name = skybox.frag; path = FlightSimulator/skybox.frag; sourceTree = SOURCE_ROOT; };
		74011CC732B144C0A76CB872 /* /Users/mark/Development/cg/CG_demos/src/shaders/Balloonflight/balloon.frag */ = {isa = PBXFileReference; explicitFileType = sourcecode; fileEncoding = 4; name = balloon.frag; path = Balloonflight/balloon.frag; sourceTree = SOURCE_ROOT; };
		7A62DC317E5A480E9C128CBE /* /Users/mark/Development/cg/CG_demos/src/shaders/CMakeLists.txt */ = {isa = PBXFileReference; explicitFileType = sourcecode.text; fileEncoding = 4; name = CMakeLists.txt; path = CMakeLists.txt; sourceTree = SOURCE_ROOT; };
		7DD4C664D4E9405A91AA37DA /* /Users/mark/Development/cg/CG_demos/src/shaders/07_Solution/position.frag */ = {isa = PBXFileReference; explicitFileType = sourcecode; fileEncoding = 4; name = position.frag; path = 07_Solution/position.frag; sourceTree = SOURCE_ROOT; };
		7DEC345643EA496F8EDD92F3 /* /Users/mark/Development/cg/CG_demos/src/shaders/05_Solution/minimal.frag */ = {isa = PBXFileReference; explicitFileType = sourcecode; fileEncoding = 4; name = minimal.frag; path = 05_Solution/minimal.frag; sourceTree = SOURCE_ROOT; };
		8875A24D300F4A3DB7DE9759 /* /Users/mark/Development/cg/CG_demos/src/shaders/09_Solution/skybox.vert */ = {isa = PBXFileReference; explicitFileType = sourcecode; fileEncoding = 4; name = skybox.vert; path = 09_Solution/skybox.vert; sourceTree = SOURCE_ROOT; };
		9408A83B4F8F4898A3802F98 /* /Users/mark/Development/cg/CG_demos/src/shaders/FlightSimulator/terrain.vert */ = {isa = PBXFileReference; explicitFileType = sourcecode; fileEncoding = 4; name = terrain.vert; path = FlightSimulator/terrain.vert; sourceTree = SOURCE_ROOT; };
		95601A377CA643B593D58B7E /* /Users/mark/Development/cg/CG_demos/src/shaders/08_Solution/phong.vert */ = {isa = PBXFileReference; explicitFileType = sourcecode; fileEncoding = 4; name = phong.vert; path = 08_Solution/phong.vert; sourceTree = SOURCE_ROOT; };
		A86B26CC62754B4D8B43D012 /* /Users/mark/Development/cg/CG_demos/src/shaders/Position/position.frag */ = {isa = PBXFileReference; explicitFileType = sourcecode; fileEncoding = 4; name = position.frag; path = Position/position.frag; sourceTree = SOURCE_ROOT; };
		B43947660790461FA333A78E /* /Users/mark/Development/cg/CG_demos/src/shaders/04_Solution/minimal.frag */ = {isa = PBXFileReference; explicitFileType = sourcecode; fileEncoding = 4; name = minimal.frag; path = 04_Solution/minimal.frag; sourceTree = SOURCE_ROOT; };
		B455F39DF54548338D9043CD /* /Users/mark/Development/cg/CG_demos/src/shaders/CMakeLists.txt */ = {isa = PBXFileReference; explicitFileType = sourcecode.text; fileEncoding = 4; name = CMakeLists.txt; path = CMakeLists.txt; sourceTree = SOURCE_ROOT; };
		B816E10F7AA945DB8F590ECF /* /Users/mark/Development/cg/CG_demos/src/shaders/Minimal/minimal.frag */ = {isa = PBXFileReference; explicitFileType = sourcecode; fileEncoding = 4; name = minimal.frag; path = Minimal/minimal.frag; sourceTree = SOURCE_ROOT; };
		DF9672EA13DD4127BCCE3EE4 /* /Users/mark/Development/cg/CG_demos/src/shaders/09_Solution/skybox.frag */ = {isa = PBXFileReference; explicitFileType = sourcecode; fileEncoding = 4; name = skybox.frag; path = 09_Solution/skybox.frag; sourceTree = SOURCE_ROOT; };
		E4C49F2AE725474BA98556CE /* /Users/mark/Development/cg/CG_demos/src/shaders/09_Solution/terrain.vert */ = {isa = PBXFileReference; explicitFileType = sourcecode; fileEncoding = 4; name = terrain.vert; path = 09_Solution/terrain.vert; sourceTree = SOURCE_ROOT; };
		E5A8341790434C05B9D7AC57 /* /Users/mark/Development/cg/CG_demos/src/shaders/Terrain/terrain.frag */ = {isa = PBXFileReference; explicitFileType = sourcecode; fileEncoding = 4; name = terrain.frag; path = Terrain/terrain.frag; sourceTree = SOURCE_ROOT; };
		FF1161B8C82446D3A34C9C18 /* /Users/mark/Development/cg/CG_demos/src/shaders/Minimal/minimal.vert */ = {isa = PBXFileReference; explicitFileType = sourcecode; fileEncoding = 4; name = minimal.vert; path = Minimal/minimal.vert; sourceTree = SOURCE_ROOT; };
/* End PBXFileReference section */

/* Begin PBXGroup section */
		3507557F590145D39670542F /* ZERO_CHECK */ = {
			isa = PBXGroup;
			children = (
				9343DFF0B7AC4435A6ED4633 /* CMake Rules */,
				B455F39DF54548338D9043CD /* /Users/mark/Development/cg/CG_demos/src/shaders/CMakeLists.txt */,
			);
			name = ZERO_CHECK;
			sourceTree = "<group>";
		};
		4930CE73F9E44A66BAA02F23 = {
			isa = PBXGroup;
			children = (
				BB967421E9F744F984AEB436 /* SHADERS */,
				6165C60FBFB94D33B30DC215 /* ALL_BUILD */,
				3507557F590145D39670542F /* ZERO_CHECK */,
				B481934024EC47C9820A3135 /* Products */,
			);
			sourceTree = "<group>";
		};
		6165C60FBFB94D33B30DC215 /* ALL_BUILD */ = {
			isa = PBXGroup;
			children = (
				895C83384827494DA9BEC638 /* CMake Rules */,
				21E5F6FB3DBF4D37AC234565 /* /Users/mark/Development/cg/CG_demos/src/shaders/CMakeLists.txt */,
			);
			name = ALL_BUILD;
			sourceTree = "<group>";
		};
		6F1386EB3A834D4DACA94F10 /* Fragment-Shaders */ = {
			isa = PBXGroup;
			children = (
				B43947660790461FA333A78E /* /Users/mark/Development/cg/CG_demos/src/shaders/04_Solution/minimal.frag */,
				7DEC345643EA496F8EDD92F3 /* /Users/mark/Development/cg/CG_demos/src/shaders/05_Solution/minimal.frag */,
				7DD4C664D4E9405A91AA37DA /* /Users/mark/Development/cg/CG_demos/src/shaders/07_Solution/position.frag */,
				04B9A8BFB6AD492C9F648449 /* /Users/mark/Development/cg/CG_demos/src/shaders/08_Solution/phong.frag */,
				DF9672EA13DD4127BCCE3EE4 /* /Users/mark/Development/cg/CG_demos/src/shaders/09_Solution/skybox.frag */,
				119BA7C8B9B84029B9D5DCB0 /* /Users/mark/Development/cg/CG_demos/src/shaders/09_Solution/terrain.frag */,
				74011CC732B144C0A76CB872 /* /Users/mark/Development/cg/CG_demos/src/shaders/Balloonflight/balloon.frag */,
				701889802C8E4660950DDE22 /* /Users/mark/Development/cg/CG_demos/src/shaders/FlightSimulator/skybox.frag */,
				3948D9EA0F704F94A55B8401 /* /Users/mark/Development/cg/CG_demos/src/shaders/FlightSimulator/terrain.frag */,
				B816E10F7AA945DB8F590ECF /* /Users/mark/Development/cg/CG_demos/src/shaders/Minimal/minimal.frag */,
				29E6B6208D1E472CB8247145 /* /Users/mark/Development/cg/CG_demos/src/shaders/Phong/phong.frag */,
				A86B26CC62754B4D8B43D012 /* /Users/mark/Development/cg/CG_demos/src/shaders/Position/position.frag */,
				E5A8341790434C05B9D7AC57 /* /Users/mark/Development/cg/CG_demos/src/shaders/Terrain/terrain.frag */,
			);
			name = "Fragment-Shaders";
			sourceTree = "<group>";
		};
		895C83384827494DA9BEC638 /* CMake Rules */ = {
			isa = PBXGroup;
			children = (
			);
			name = "CMake Rules";
			sourceTree = "<group>";
		};
		9343DFF0B7AC4435A6ED4633 /* CMake Rules */ = {
			isa = PBXGroup;
			children = (
			);
			name = "CMake Rules";
			sourceTree = "<group>";
		};
		9C66700E783748839A76E3DF /* Vertex-Shaders */ = {
			isa = PBXGroup;
			children = (
				25E31C92F56C4A90AD63549C /* /Users/mark/Development/cg/CG_demos/src/shaders/04_Solution/minimal.vert */,
				1E2F69DC7D2740E1910262B6 /* /Users/mark/Development/cg/CG_demos/src/shaders/05_Solution/minimal.vert */,
				6C9583DECA7D465ABB892935 /* /Users/mark/Development/cg/CG_demos/src/shaders/07_Solution/position.vert */,
				95601A377CA643B593D58B7E /* /Users/mark/Development/cg/CG_demos/src/shaders/08_Solution/phong.vert */,
				8875A24D300F4A3DB7DE9759 /* /Users/mark/Development/cg/CG_demos/src/shaders/09_Solution/skybox.vert */,
				E4C49F2AE725474BA98556CE /* /Users/mark/Development/cg/CG_demos/src/shaders/09_Solution/terrain.vert */,
				3194B9948A7D436C867B6477 /* /Users/mark/Development/cg/CG_demos/src/shaders/Balloonflight/balloon.vert */,
				4BAEEA6702E4497094D267C4 /* /Users/mark/Development/cg/CG_demos/src/shaders/FlightSimulator/skybox.vert */,
				9408A83B4F8F4898A3802F98 /* /Users/mark/Development/cg/CG_demos/src/shaders/FlightSimulator/terrain.vert */,
				FF1161B8C82446D3A34C9C18 /* /Users/mark/Development/cg/CG_demos/src/shaders/Minimal/minimal.vert */,
				651A124180FC4A06BA21DA73 /* /Users/mark/Development/cg/CG_demos/src/shaders/Phong/phong.vert */,
				0BDCFFF624A544E38B62C1CE /* /Users/mark/Development/cg/CG_demos/src/shaders/Position/position.vert */,
				3990F829FD3645008A39B84E /* /Users/mark/Development/cg/CG_demos/src/shaders/Terrain/terrain.vert */,
			);
			name = "Vertex-Shaders";
			sourceTree = "<group>";
		};
		B481934024EC47C9820A3135 /* Products */ = {
			isa = PBXGroup;
			children = (
			);
			name = Products;
			sourceTree = "<group>";
		};
		BB967421E9F744F984AEB436 /* SHADERS */ = {
			isa = PBXGroup;
			children = (
				9C66700E783748839A76E3DF /* Vertex-Shaders */,
				6F1386EB3A834D4DACA94F10 /* Fragment-Shaders */,
				7A62DC317E5A480E9C128CBE /* /Users/mark/Development/cg/CG_demos/src/shaders/CMakeLists.txt */,
			);
			name = SHADERS;
			sourceTree = "<group>";
		};
/* End PBXGroup section */

/* Begin PBXProject section */
		12FD8ABC06D840C8B41FCF22 /* Project object */ = {
			isa = PBXProject;
			attributes = {
				BuildIndependentTargetsInParallel = YES;
				LastUpgradeCheck = 0830;
			};
			buildConfigurationList = 0C2CB8F47AB840F3AAB0ED5C /* Build configuration list for PBXProject "SHADERS" */;
			buildSettings = {
			};
			buildStyles = (
				ACA39A1B496847E098ADF42C /* Debug */,
				A44F8A384FB34E0894BC6151 /* Release */,
			);
			compatibilityVersion = "Xcode 3.2";
			hasScannedForEncodings = 0;
			mainGroup = 4930CE73F9E44A66BAA02F23;
			projectDirPath = /Users/mark/Development/cg/CG_demos/src/shaders;
			projectRoot = "";
			targets = (
				E38422B2C90B49FCB6DD1F91 /* ALL_BUILD */,
				17D8408694524E0B90A5855A /* SHADERS */,
				94117F94E5A24FCEB1D79EC3 /* ZERO_CHECK */,
			);
		};
/* End PBXProject section */

/* Begin PBXShellScriptBuildPhase section */
		31E19368D1F9463ABECEB223 = {
			isa = PBXShellScriptBuildPhase;
			buildActionMask = 2147483647;
			files = (
			);
			inputPaths = (
			);
			outputPaths = (
			);
			runOnlyForDeploymentPostprocessing = 0;
			shellPath = /bin/sh;
			shellScript = "# shell script goes here
exit 0";
			showEnvVarsInLog = 0;
		};
		38D228129A684AB4982388CA /* CMake Rules */ = {
			isa = PBXShellScriptBuildPhase;
			buildActionMask = 2147483647;
			files = (
			);
			name = "CMake Rules";
			outputPaths = (
/Users/mark/Development/cg/CG_demos/BUILD_Xcode/shaders/CMakeFiles/ALL_BUILD			);
			runOnlyForDeploymentPostprocessing = 0;
			shellPath = /bin/sh;
			shellScript = "make -C /Users/mark/Development/cg/CG_demos/BUILD_Xcode/shaders -f /Users/mark/Development/cg/CG_demos/BUILD_Xcode/shaders/CMakeScripts/ALL_BUILD_cmakeRulesBuildPhase.make$CONFIGURATION all";
			showEnvVarsInLog = 0;
		};
		BF4453DBCD174053A045BD7F = {
			isa = PBXShellScriptBuildPhase;
			buildActionMask = 2147483647;
			files = (
			);
			inputPaths = (
			);
			outputPaths = (
			);
			runOnlyForDeploymentPostprocessing = 0;
			shellPath = /bin/sh;
			shellScript = "# shell script goes here
exit 0";
			showEnvVarsInLog = 0;
		};
		DF7601800AEF4A13B6C47D9A /* CMake Rules */ = {
			isa = PBXShellScriptBuildPhase;
			buildActionMask = 2147483647;
			files = (
			);
			name = "CMake Rules";
			outputPaths = (
/Users/mark/Development/cg/CG_demos/BUILD_Xcode/shaders/CMakeFiles/ZERO_CHECK			);
			runOnlyForDeploymentPostprocessing = 0;
			shellPath = /bin/sh;
			shellScript = "make -C /Users/mark/Development/cg/CG_demos/BUILD_Xcode/shaders -f /Users/mark/Development/cg/CG_demos/BUILD_Xcode/shaders/CMakeScripts/ZERO_CHECK_cmakeRulesBuildPhase.make$CONFIGURATION all";
			showEnvVarsInLog = 0;
		};
		E1FF647A87864570AC0CE4C8 = {
			isa = PBXShellScriptBuildPhase;
			buildActionMask = 2147483647;
			files = (
			);
			inputPaths = (
			);
			outputPaths = (
			);
			runOnlyForDeploymentPostprocessing = 0;
			shellPath = /bin/sh;
			shellScript = "# shell script goes here
exit 0";
			showEnvVarsInLog = 0;
		};
/* End PBXShellScriptBuildPhase section */

/* Begin PBXTargetDependency section */
		43504981C0DB435A9D72E34E /* PBXTargetDependency */ = {
			isa = PBXTargetDependency;
			target = 94117F94E5A24FCEB1D79EC3 /* ZERO_CHECK */;
			targetProxy = 13799EC95D2B45B39BEC7B5D /* PBXContainerItemProxy */;
		};
		AB83C248AEDE4F669AFB97B6 /* PBXTargetDependency */ = {
			isa = PBXTargetDependency;
			target = 94117F94E5A24FCEB1D79EC3 /* ZERO_CHECK */;
			targetProxy = D56BEE97E05C44DC9BEE54AE /* PBXContainerItemProxy */;
		};
/* End PBXTargetDependency section */

/* Begin XCBuildConfiguration section */
		058ADA298B71457FB34882B4 /* Debug */ = {
			isa = XCBuildConfiguration;
			buildSettings = {
				COMBINE_HIDPI_IMAGES = YES;
				GCC_GENERATE_DEBUGGING_SYMBOLS = YES;
				GCC_INLINES_ARE_PRIVATE_EXTERN = NO;
				GCC_OPTIMIZATION_LEVEL = 0;
				GCC_PREPROCESSOR_DEFINITIONS = ("'CMAKE_INTDIR=\"$(CONFIGURATION)$(EFFECTIVE_PLATFORM_NAME)\"'");
				GCC_SYMBOLS_PRIVATE_EXTERN = NO;
				INSTALL_PATH = "";
				OTHER_LDFLAGS = " ";
				OTHER_REZFLAGS = "";
				PRODUCT_NAME = ZERO_CHECK;
				SECTORDER_FLAGS = "";
				SYMROOT = /Users/mark/Development/cg/CG_demos/BUILD_Xcode/shaders;
				USE_HEADERMAP = NO;
				WARNING_CFLAGS = ("-Wmost","-Wno-four-char-constants","-Wno-unknown-pragmas","$(inherited)");
			};
			name = Debug;
		};
		4839330C4A9446B1861E7C27 /* Release */ = {
			isa = XCBuildConfiguration;
			buildSettings = {
				ONLY_ACTIVE_ARCH = YES;
				SDKROOT = /Applications/Xcode.app/Contents/Developer/Platforms/MacOSX.platform/Developer/SDKs/MacOSX10.12.sdk;
				SYMROOT = /Users/mark/Development/cg/CG_demos/BUILD_Xcode/shaders/build;
			};
			name = Release;
		};
		52A57BE9D32C4270AC598FD0 /* Release */ = {
			isa = XCBuildConfiguration;
			buildSettings = {
				COMBINE_HIDPI_IMAGES = YES;
				GCC_GENERATE_DEBUGGING_SYMBOLS = YES;
				GCC_INLINES_ARE_PRIVATE_EXTERN = NO;
				GCC_OPTIMIZATION_LEVEL = 0;
				GCC_PREPROCESSOR_DEFINITIONS = ("'CMAKE_INTDIR=\"$(CONFIGURATION)$(EFFECTIVE_PLATFORM_NAME)\"'",GLM_FORCE_RADIANS);
				GCC_SYMBOLS_PRIVATE_EXTERN = NO;
				INSTALL_PATH = "";
				OTHER_LDFLAGS = " ";
				OTHER_REZFLAGS = "";
				PRODUCT_NAME = SHADERS;
				SECTORDER_FLAGS = "";
				SYMROOT = /Users/mark/Development/cg/CG_demos/BUILD_Xcode/shaders;
				USE_HEADERMAP = NO;
				WARNING_CFLAGS = ("-Wmost","-Wno-four-char-constants","-Wno-unknown-pragmas","$(inherited)");
			};
			name = Release;
		};
		A3C04D8079F04F54BC307E3A /* Debug */ = {
			isa = XCBuildConfiguration;
			buildSettings = {
				ONLY_ACTIVE_ARCH = YES;
				SDKROOT = /Applications/Xcode.app/Contents/Developer/Platforms/MacOSX.platform/Developer/SDKs/MacOSX10.12.sdk;
				SYMROOT = /Users/mark/Development/cg/CG_demos/BUILD_Xcode/shaders/build;
			};
			name = Debug;
		};
		CCE24F41B6BD422F9FBDA864 /* Debug */ = {
			isa = XCBuildConfiguration;
			buildSettings = {
				COMBINE_HIDPI_IMAGES = YES;
				GCC_GENERATE_DEBUGGING_SYMBOLS = YES;
				GCC_INLINES_ARE_PRIVATE_EXTERN = NO;
				GCC_OPTIMIZATION_LEVEL = 0;
				GCC_PREPROCESSOR_DEFINITIONS = ("'CMAKE_INTDIR=\"$(CONFIGURATION)$(EFFECTIVE_PLATFORM_NAME)\"'",GLM_FORCE_RADIANS);
				GCC_SYMBOLS_PRIVATE_EXTERN = NO;
				INSTALL_PATH = "";
				OTHER_LDFLAGS = " ";
				OTHER_REZFLAGS = "";
				PRODUCT_NAME = SHADERS;
				SECTORDER_FLAGS = "";
				SYMROOT = /Users/mark/Development/cg/CG_demos/BUILD_Xcode/shaders;
				USE_HEADERMAP = NO;
				WARNING_CFLAGS = ("-Wmost","-Wno-four-char-constants","-Wno-unknown-pragmas","$(inherited)");
			};
			name = Debug;
		};
		DB9E56C32E6C4CB2877778C7 /* Release */ = {
			isa = XCBuildConfiguration;
			buildSettings = {
				COMBINE_HIDPI_IMAGES = YES;
				GCC_GENERATE_DEBUGGING_SYMBOLS = YES;
				GCC_INLINES_ARE_PRIVATE_EXTERN = NO;
				GCC_OPTIMIZATION_LEVEL = 0;
				GCC_PREPROCESSOR_DEFINITIONS = ("'CMAKE_INTDIR=\"$(CONFIGURATION)$(EFFECTIVE_PLATFORM_NAME)\"'");
				GCC_SYMBOLS_PRIVATE_EXTERN = NO;
				INSTALL_PATH = "";
				OTHER_LDFLAGS = " ";
				OTHER_REZFLAGS = "";
				PRODUCT_NAME = ZERO_CHECK;
				SECTORDER_FLAGS = "";
				SYMROOT = /Users/mark/Development/cg/CG_demos/BUILD_Xcode/shaders;
				USE_HEADERMAP = NO;
				WARNING_CFLAGS = ("-Wmost","-Wno-four-char-constants","-Wno-unknown-pragmas","$(inherited)");
			};
			name = Release;
		};
		E6627C51F00743258AF73EF0 /* Debug */ = {
			isa = XCBuildConfiguration;
			buildSettings = {
				COMBINE_HIDPI_IMAGES = YES;
				GCC_GENERATE_DEBUGGING_SYMBOLS = YES;
				GCC_INLINES_ARE_PRIVATE_EXTERN = NO;
				GCC_OPTIMIZATION_LEVEL = 0;
				GCC_PREPROCESSOR_DEFINITIONS = ("'CMAKE_INTDIR=\"$(CONFIGURATION)$(EFFECTIVE_PLATFORM_NAME)\"'");
				GCC_SYMBOLS_PRIVATE_EXTERN = NO;
				INSTALL_PATH = "";
				OTHER_LDFLAGS = " ";
				OTHER_REZFLAGS = "";
				PRODUCT_NAME = ALL_BUILD;
				SECTORDER_FLAGS = "";
				SYMROOT = /Users/mark/Development/cg/CG_demos/BUILD_Xcode/shaders;
				USE_HEADERMAP = NO;
				WARNING_CFLAGS = ("-Wmost","-Wno-four-char-constants","-Wno-unknown-pragmas","$(inherited)");
			};
			name = Debug;
		};
		FF740923CDB84F238A1DC153 /* Release */ = {
			isa = XCBuildConfiguration;
			buildSettings = {
				COMBINE_HIDPI_IMAGES = YES;
				GCC_GENERATE_DEBUGGING_SYMBOLS = YES;
				GCC_INLINES_ARE_PRIVATE_EXTERN = NO;
				GCC_OPTIMIZATION_LEVEL = 0;
				GCC_PREPROCESSOR_DEFINITIONS = ("'CMAKE_INTDIR=\"$(CONFIGURATION)$(EFFECTIVE_PLATFORM_NAME)\"'");
				GCC_SYMBOLS_PRIVATE_EXTERN = NO;
				INSTALL_PATH = "";
				OTHER_LDFLAGS = " ";
				OTHER_REZFLAGS = "";
				PRODUCT_NAME = ALL_BUILD;
				SECTORDER_FLAGS = "";
				SYMROOT = /Users/mark/Development/cg/CG_demos/BUILD_Xcode/shaders;
				USE_HEADERMAP = NO;
				WARNING_CFLAGS = ("-Wmost","-Wno-four-char-constants","-Wno-unknown-pragmas","$(inherited)");
			};
			name = Release;
		};
/* End XCBuildConfiguration section */

/* Begin XCConfigurationList section */
		0C2CB8F47AB840F3AAB0ED5C /* Build configuration list for PBXProject "SHADERS" */ = {
			isa = XCConfigurationList;
			buildConfigurations = (
				A3C04D8079F04F54BC307E3A /* Debug */,
				4839330C4A9446B1861E7C27 /* Release */,
			);
			defaultConfigurationIsVisible = 0;
			defaultConfigurationName = Debug;
		};
		38EC933953E240F889FFDC93 /* Build configuration list for PBXAggregateTarget "ALL_BUILD" */ = {
			isa = XCConfigurationList;
			buildConfigurations = (
				E6627C51F00743258AF73EF0 /* Debug */,
				FF740923CDB84F238A1DC153 /* Release */,
			);
			defaultConfigurationIsVisible = 0;
			defaultConfigurationName = Debug;
		};
		E46990706EC54F4CA7F046C5 /* Build configuration list for PBXAggregateTarget "ZERO_CHECK" */ = {
			isa = XCConfigurationList;
			buildConfigurations = (
				058ADA298B71457FB34882B4 /* Debug */,
				DB9E56C32E6C4CB2877778C7 /* Release */,
			);
			defaultConfigurationIsVisible = 0;
			defaultConfigurationName = Debug;
		};
		F7DCBE8773A446D18978DC0F /* Build configuration list for PBXAggregateTarget "SHADERS" */ = {
			isa = XCConfigurationList;
			buildConfigurations = (
				CCE24F41B6BD422F9FBDA864 /* Debug */,
				52A57BE9D32C4270AC598FD0 /* Release */,
			);
			defaultConfigurationIsVisible = 0;
			defaultConfigurationName = Debug;
		};
/* End XCConfigurationList section */
	};
	rootObject = 12FD8ABC06D840C8B41FCF22 /* Project object */;
}
