// !$*UTF8*$!
{
	archiveVersion = 1;
	classes = {
	};
	objectVersion = 46;
	objects = {

/* Begin PBXAggregateTarget section */
		7DB4F7BB5FD0490C9F5D71E8 /* SHADERS */ = {
			isa = PBXAggregateTarget;
			buildConfigurationList = 67B5F1DEF6824656B09F8561 /* Build configuration list for PBXAggregateTarget "SHADERS" */;
			buildPhases = (
			);
			dependencies = (
			);
			name = SHADERS;
			productName = SHADERS;
		};
		C47C8B7BF4C84958BB8F41C4 /* ZERO_CHECK */ = {
			isa = PBXAggregateTarget;
			buildConfigurationList = 35BA700A9AC64A3D9579A641 /* Build configuration list for PBXAggregateTarget "ZERO_CHECK" */;
			buildPhases = (
				5AC28B73A0194C51A1437875 /* CMake Rules */,
			);
			dependencies = (
			);
			name = ZERO_CHECK;
			productName = ZERO_CHECK;
		};
		CD6AF11CB9B5428699A9815A /* ALL_BUILD */ = {
			isa = PBXAggregateTarget;
			buildConfigurationList = 85718A1A10A643A7B96CA2A2 /* Build configuration list for PBXAggregateTarget "ALL_BUILD" */;
			buildPhases = (
				02E3A86F289E44EA9D3CF3A7 /* CMake Rules */,
			);
			dependencies = (
				F230E01033934A4597FC57D1 /* PBXTargetDependency */,
				D4408FC527C241778A71C52D /* PBXTargetDependency */,
				80A8EFAB2F4B40BDAE9DD7A1 /* PBXTargetDependency */,
			);
			name = ALL_BUILD;
			productName = ALL_BUILD;
		};
/* End PBXAggregateTarget section */

/* Begin PBXBuildFile section */
		0392A66925C044E7A2EBB40B /* /Users/mark/Development/cg/libraries/CG1_Tools/CVK_Defs.h */ = {isa = PBXBuildFile; fileRef = C8E3A38F55944B96A846DB59 /* /Users/mark/Development/cg/libraries/CG1_Tools/CVK_Defs.h */; };
		066245879FB44924A591F589 /* /Users/mark/Development/cg/libraries/CVK_1_Minimal/CVK_State.cpp */ = {isa = PBXBuildFile; fileRef = 19F827F7482D404DBFEE243C /* /Users/mark/Development/cg/libraries/CVK_1_Minimal/CVK_State.cpp */; };
		088F15AE0F734F5FAB88336B /* /Users/mark/Development/cg/libraries/CVK_1_Minimal/CVK_Teapot.h */ = {isa = PBXBuildFile; fileRef = 6FAD12A0E0E74AC1A4662BF5 /* /Users/mark/Development/cg/libraries/CVK_1_Minimal/CVK_Teapot.h */; };
		1523A5A0A94D4A00A7B8A7EF /* /Users/mark/Development/cg/libraries/CG1_Tools/CVK_ShaderSet.h */ = {isa = PBXBuildFile; fileRef = 013287F3713D4F148EAC7B1C /* /Users/mark/Development/cg/libraries/CG1_Tools/CVK_ShaderSet.h */; };
		17E96EBB05B8433B85A00352 /* /Users/mark/Development/cg/libraries/CVK_1_Minimal/CVK_Ortho.cpp */ = {isa = PBXBuildFile; fileRef = 88B819830CE4436A9425D342 /* /Users/mark/Development/cg/libraries/CVK_1_Minimal/CVK_Ortho.cpp */; };
		18C8EC85E0A342A399AA2405 /* /Users/mark/Development/cg/libraries/CVK_1_Minimal/Teapot.h */ = {isa = PBXBuildFile; fileRef = 52DD50A2B4FB43AD99F056C1 /* /Users/mark/Development/cg/libraries/CVK_1_Minimal/Teapot.h */; };
		2520139CDFEF42CDB0789811 /* /Users/mark/Development/cg/libraries/SimpleImage/SimpleFloatImage.cpp */ = {isa = PBXBuildFile; fileRef = 967D7FDB2DEF4A709EBEF722 /* /Users/mark/Development/cg/libraries/SimpleImage/SimpleFloatImage.cpp */; };
		2D742BFD09764F738524E895 /* /Users/mark/Development/cg/libraries/CG1_Tools/Geometry.h */ = {isa = PBXBuildFile; fileRef = 574B92C0153D42D3877948BD /* /Users/mark/Development/cg/libraries/CG1_Tools/Geometry.h */; };
		2E1A90C035844EA08915212C /* /Users/mark/Development/cg/libraries/CVK_1_Minimal/CVK_Defs.h */ = {isa = PBXBuildFile; fileRef = 9F41F47B50684C018077F7E4 /* /Users/mark/Development/cg/libraries/CVK_1_Minimal/CVK_Defs.h */; };
		303131A76FA94CF6A0FFBE51 /* /Users/mark/Development/cg/libraries/CVK_1_Minimal/CVK_Triangle.cpp */ = {isa = PBXBuildFile; fileRef = 316D6D01A178488E825E18FF /* /Users/mark/Development/cg/libraries/CVK_1_Minimal/CVK_Triangle.cpp */; };
		31B73D890810403CBD5DE512 /* /Users/mark/Development/cg/libraries/CVK_1_Minimal/CVK_Node.h */ = {isa = PBXBuildFile; fileRef = B035DA976D034DCBB128EDB3 /* /Users/mark/Development/cg/libraries/CVK_1_Minimal/CVK_Node.h */; };
		3378B3C400074732A5C28A0C /* /Users/mark/Development/cg/libraries/CVK_1_Minimal/CVK_Plane.cpp */ = {isa = PBXBuildFile; fileRef = 76A0041D4B964294864A7C92 /* /Users/mark/Development/cg/libraries/CVK_1_Minimal/CVK_Plane.cpp */; };
		33D764FAD4BB475E8837378D /* /Users/mark/Development/cg/libraries/CVK_1_Minimal/CVK_Triangle.h */ = {isa = PBXBuildFile; fileRef = 86AA74E331FA418C9AEE073D /* /Users/mark/Development/cg/libraries/CVK_1_Minimal/CVK_Triangle.h */; };
		3519CE5E32C74317B72550FC /* /Users/mark/Development/cg/libraries/CVK_1_Minimal/CVK_Node.cpp */ = {isa = PBXBuildFile; fileRef = 95E96F423D58440AAC782469 /* /Users/mark/Development/cg/libraries/CVK_1_Minimal/CVK_Node.cpp */; };
		36ABBC73677A4F5C94A3A76B /* /Users/mark/Development/cg/libraries/CVK_1_Minimal/CVK_Camera.h */ = {isa = PBXBuildFile; fileRef = E45F45A396CF4F61980C97A3 /* /Users/mark/Development/cg/libraries/CVK_1_Minimal/CVK_Camera.h */; };
		3A63A931DEAE4637B0C792E5 /* /Users/mark/Development/cg/libraries/CVK_1_Minimal/CVK_Geometry.cpp */ = {isa = PBXBuildFile; fileRef = DE96B986308E47D2B37EC3C5 /* /Users/mark/Development/cg/libraries/CVK_1_Minimal/CVK_Geometry.cpp */; };
		3AC8A66F79A9499BA0DB95B7 /* /Users/mark/Development/cg/libraries/CG1_Tools/PixelTools.h */ = {isa = PBXBuildFile; fileRef = D36AC8FF35E64CDF92818149 /* /Users/mark/Development/cg/libraries/CG1_Tools/PixelTools.h */; };
		3B8B4945B9B448E9BAB81140 /* /Users/mark/Development/cg/libraries/SimpleImage/SimpleImage.h */ = {isa = PBXBuildFile; fileRef = 0C9048C212D1465198FD09AC /* /Users/mark/Development/cg/libraries/SimpleImage/SimpleImage.h */; };
		418DA5FAC8BD4993991F6DAA /* /Users/mark/Development/cg/libraries/CG1_Tools/CMakeLists.txt */ = {isa = PBXBuildFile; fileRef = 8DA1B6D7CD00487DB6AE2308 /* /Users/mark/Development/cg/libraries/CG1_Tools/CMakeLists.txt */; };
		45F231DFFA98424EBBF37A7F /* /Users/mark/Development/cg/CG/src/executables/01_Start/CMakeLists.txt */ = {isa = PBXBuildFile; fileRef = 8D563E5A715A49628FC4C16F /* /Users/mark/Development/cg/CG/src/executables/01_Start/CMakeLists.txt */; };
		45F4E06ADB9B4CA5B8309EFB /* /Users/mark/Development/cg/libraries/CVK_1_Minimal/stb_image.cpp */ = {isa = PBXBuildFile; fileRef = C1F9E96A083D45CE86878825 /* /Users/mark/Development/cg/libraries/CVK_1_Minimal/stb_image.cpp */; };
		4CFD8ECFD56C4ED0857E4DA8 /* /Users/mark/Development/cg/libraries/CVK_1_Minimal/CVK_Projection.h */ = {isa = PBXBuildFile; fileRef = 8B1C0D920F174052BC978596 /* /Users/mark/Development/cg/libraries/CVK_1_Minimal/CVK_Projection.h */; };
		544AAFDD71BC4413A05B0157 /* /Users/mark/Development/cg/libraries/CVK_1_Minimal/CVK_Cone.cpp */ = {isa = PBXBuildFile; fileRef = E5275762540B4418AA83351A /* /Users/mark/Development/cg/libraries/CVK_1_Minimal/CVK_Cone.cpp */; };
		55DCB00DB4754501AB125E36 /* /Users/mark/Development/cg/libraries/CVK_1_Minimal/CVK_Framework.h */ = {isa = PBXBuildFile; fileRef = 9C7C5ADF4F3B44A48061FEB0 /* /Users/mark/Development/cg/libraries/CVK_1_Minimal/CVK_Framework.h */; };
		5845D24A7A204386846C7C65 /* /Users/mark/Development/cg/libraries/CVK_1_Minimal/CVK_Plane.h */ = {isa = PBXBuildFile; fileRef = D4AEA1D7162A40468F5CF65F /* /Users/mark/Development/cg/libraries/CVK_1_Minimal/CVK_Plane.h */; };
		5996783103E44BA8A72E1802 /* /Users/mark/Development/cg/libraries/CG1_Tools/CVK_ShaderSet.cpp */ = {isa = PBXBuildFile; fileRef = A3A3D76B390F4B1199899DDA /* /Users/mark/Development/cg/libraries/CG1_Tools/CVK_ShaderSet.cpp */; };
		5B3EA9AA5B58435CA5080F3D /* /Users/mark/Development/cg/libraries/CVK_1_Minimal/CVK_Trackball.h */ = {isa = PBXBuildFile; fileRef = F5F7EDAD85CD40F690493D8C /* /Users/mark/Development/cg/libraries/CVK_1_Minimal/CVK_Trackball.h */; };
		5E90E11812324EC29F1D787F /* /Users/mark/Development/cg/libraries/CVK_1_Minimal/stb_image.h */ = {isa = PBXBuildFile; fileRef = B767119061F94E2284C95D8E /* /Users/mark/Development/cg/libraries/CVK_1_Minimal/stb_image.h */; };
		5F9ED37DA54A4BE7ADE84E07 /* /Users/mark/Development/cg/libraries/SimpleImage/WindowManager.cpp */ = {isa = PBXBuildFile; fileRef = BEBC364510B5413F90AC4C28 /* /Users/mark/Development/cg/libraries/SimpleImage/WindowManager.cpp */; };
		619683BBF28B4647A014AC0C /* /Users/mark/Development/cg/libraries/CG1_Tools/CompatibilityTools.cpp */ = {isa = PBXBuildFile; fileRef = 5DEE566FD08840E3AB524985 /* /Users/mark/Development/cg/libraries/CG1_Tools/CompatibilityTools.cpp */; };
		675968B016AA4645BCC0014E /* /Users/mark/Development/cg/libraries/SimpleImage/CMakeLists.txt */ = {isa = PBXBuildFile; fileRef = 51209523BC0F4990A32BBF84 /* /Users/mark/Development/cg/libraries/SimpleImage/CMakeLists.txt */; };
		690EC485F3EE4E5C965F8973 /* /Users/mark/Development/cg/CG/src/executables/01_Start/main.cpp */ = {isa = PBXBuildFile; fileRef = 66A45DD84A154C92AB917F4B /* /Users/mark/Development/cg/CG/src/executables/01_Start/main.cpp */; };
		6DD4C428745844CA9C2E7A3B /* /Users/mark/Development/cg/libraries/CVK_1_Minimal/CVK_Cube.h */ = {isa = PBXBuildFile; fileRef = 402C843C54E74CA2A2E6D844 /* /Users/mark/Development/cg/libraries/CVK_1_Minimal/CVK_Cube.h */; };
		6E1D9707D0A34EAC9CBE62EF /* /Users/mark/Development/cg/libraries/CVK_1_Minimal/CMakeLists.txt */ = {isa = PBXBuildFile; fileRef = E51453CEFBE543558AA03DE9 /* /Users/mark/Development/cg/libraries/CVK_1_Minimal/CMakeLists.txt */; };
		7053FD10AA2E44DEB769E00B /* /Users/mark/Development/cg/libraries/CVK_1_Minimal/CVK_Pilotview.h */ = {isa = PBXBuildFile; fileRef = 47A56733C1D2418EB12E1504 /* /Users/mark/Development/cg/libraries/CVK_1_Minimal/CVK_Pilotview.h */; };
		723148E3743E465CA16D2D03 /* /Users/mark/Development/cg/libraries/CG1_Tools/TextureTools.h */ = {isa = PBXBuildFile; fileRef = 36B2813A80F54694856EFB26 /* /Users/mark/Development/cg/libraries/CG1_Tools/TextureTools.h */; };
		7589C9A871BC4F0C81CD4972 /* /Users/mark/Development/cg/libraries/CVK_1_Minimal/CVK_ShaderMinimal.h */ = {isa = PBXBuildFile; fileRef = 8A124E1BE928470AA2506A9B /* /Users/mark/Development/cg/libraries/CVK_1_Minimal/CVK_ShaderMinimal.h */; };
		7AFFAE95FA674B1CA5E2CDAC /* /Users/mark/Development/cg/libraries/SimpleImage/SimpleImage.cpp */ = {isa = PBXBuildFile; fileRef = E6A411F5C7F0437AB65CA418 /* /Users/mark/Development/cg/libraries/SimpleImage/SimpleImage.cpp */; };
		7B06F267F90A497EACC8EA0F /* /Users/mark/Development/cg/libraries/CVK_1_Minimal/CVK_ShaderSet.h */ = {isa = PBXBuildFile; fileRef = AA62F5CAE51B47D9B50E3B98 /* /Users/mark/Development/cg/libraries/CVK_1_Minimal/CVK_ShaderSet.h */; };
		7E35FD37FBB24417899F5DD7 /* /Users/mark/Development/cg/libraries/CG1_Tools/PixelTools.cpp */ = {isa = PBXBuildFile; fileRef = 280B5027AD624459ABC6E961 /* /Users/mark/Development/cg/libraries/CG1_Tools/PixelTools.cpp */; };
		8460CCC4BB0D42E7A44A1E7A /* /Users/mark/Development/cg/libraries/CVK_1_Minimal/CVK_Cone.h */ = {isa = PBXBuildFile; fileRef = 0B373C17FBBF4B2997543223 /* /Users/mark/Development/cg/libraries/CVK_1_Minimal/CVK_Cone.h */; };
		8C2665784EBA48FD9BE3F94A /* /Users/mark/Development/cg/libraries/CVK_1_Minimal/CVK_Sphere.cpp */ = {isa = PBXBuildFile; fileRef = 802327CE5C684BB0B4529069 /* /Users/mark/Development/cg/libraries/CVK_1_Minimal/CVK_Sphere.cpp */; };
		989BEC69D5C24603BC54EBBE /* /Users/mark/Development/cg/libraries/CVK_1_Minimal/CVK_Trackball.cpp */ = {isa = PBXBuildFile; fileRef = A440622BAEB745A49AD3F36D /* /Users/mark/Development/cg/libraries/CVK_1_Minimal/CVK_Trackball.cpp */; };
		98F8D08590864C84ADC3A1BB /* /Users/mark/Development/cg/libraries/CVK_1_Minimal/CVK_Cube.cpp */ = {isa = PBXBuildFile; fileRef = 2D18839A236F43C4B0068C1B /* /Users/mark/Development/cg/libraries/CVK_1_Minimal/CVK_Cube.cpp */; };
		9FE4960BEC7846BB89C81747 /* /Users/mark/Development/cg/libraries/CVK_1_Minimal/CVK_State.h */ = {isa = PBXBuildFile; fileRef = BE6D99BA514647438EC20572 /* /Users/mark/Development/cg/libraries/CVK_1_Minimal/CVK_State.h */; };
		A36168311222433FB3E7FB85 /* /Users/mark/Development/cg/libraries/CVK_1_Minimal/CVK_Perspective.cpp */ = {isa = PBXBuildFile; fileRef = D6F813E931454062BD900699 /* /Users/mark/Development/cg/libraries/CVK_1_Minimal/CVK_Perspective.cpp */; };
		AD589543D672499A9DD62F24 /* /Users/mark/Development/cg/libraries/CG1_Tools/ShaderTools.cpp */ = {isa = PBXBuildFile; fileRef = 7A707B4394184A7897D6AFF9 /* /Users/mark/Development/cg/libraries/CG1_Tools/ShaderTools.cpp */; };
		B0CD91B70D094EDB81AEBF72 /* /Users/mark/Development/cg/libraries/CVK_1_Minimal/CVK_Pilotview.cpp */ = {isa = PBXBuildFile; fileRef = E28961645ADC4375BE096077 /* /Users/mark/Development/cg/libraries/CVK_1_Minimal/CVK_Pilotview.cpp */; };
		B150AE552E8A48C4A44139A9 /* /Users/mark/Development/cg/libraries/CVK_1_Minimal/CVK_ShaderSet.cpp */ = {isa = PBXBuildFile; fileRef = 6D2AF266B9E048A8BB930A0A /* /Users/mark/Development/cg/libraries/CVK_1_Minimal/CVK_ShaderSet.cpp */; };
		B31B45B540354261A3AB1C5B /* /Users/mark/Development/cg/libraries/CG1_Tools/TextureTools.cpp */ = {isa = PBXBuildFile; fileRef = AD08E6F7BA5D481789364D33 /* /Users/mark/Development/cg/libraries/CG1_Tools/TextureTools.cpp */; };
		B814EAF4E4FA461C8B857E91 /* /Users/mark/Development/cg/libraries/CG1_Tools/stb_image.cpp */ = {isa = PBXBuildFile; fileRef = 8C7A299472174D4BA61FB112 /* /Users/mark/Development/cg/libraries/CG1_Tools/stb_image.cpp */; };
		B87EF163EA0C4F529591404D /* /Users/mark/Development/cg/libraries/CG1_Tools/ShaderTools.h */ = {isa = PBXBuildFile; fileRef = F0B26A7A93FD4E2C9B7C201B /* /Users/mark/Development/cg/libraries/CG1_Tools/ShaderTools.h */; };
		B90B2BC4908145D5871FD797 /* /Users/mark/Development/cg/libraries/SimpleImage/WindowManager.h */ = {isa = PBXBuildFile; fileRef = 6756D96FD529461A83DC93EB /* /Users/mark/Development/cg/libraries/SimpleImage/WindowManager.h */; };
		C1E24E7DADC74EF58AD1C812 /* /Users/mark/Development/cg/libraries/CVK_1_Minimal/CVK_Geometry.h */ = {isa = PBXBuildFile; fileRef = D4C923772220462AAA848122 /* /Users/mark/Development/cg/libraries/CVK_1_Minimal/CVK_Geometry.h */; };
		C296D04F67AC465C9A3252C1 /* /Users/mark/Development/cg/libraries/CVK_1_Minimal/CVK_ShaderMinimal.cpp */ = {isa = PBXBuildFile; fileRef = FFE4D99D4F504B0A972FF6E4 /* /Users/mark/Development/cg/libraries/CVK_1_Minimal/CVK_ShaderMinimal.cpp */; };
		C6242625F1E44297B0E2FF83 /* /Users/mark/Development/cg/libraries/CG1_Tools/CompatibilityTools.h */ = {isa = PBXBuildFile; fileRef = DA83D66A3DB24CD8BF06FD0F /* /Users/mark/Development/cg/libraries/CG1_Tools/CompatibilityTools.h */; };
		C694B6266221422589E55F8E /* /Users/mark/Development/cg/libraries/CVK_1_Minimal/CVK_Ortho.h */ = {isa = PBXBuildFile; fileRef = 0AEDC9A05C7D4E129A9BA93F /* /Users/mark/Development/cg/libraries/CVK_1_Minimal/CVK_Ortho.h */; };
		C6A8612F5C9044038DF23767 /* /Users/mark/Development/cg/libraries/SimpleImage/SimpleRGBImage.cpp */ = {isa = PBXBuildFile; fileRef = D7D490F7ABBB437689F96AD5 /* /Users/mark/Development/cg/libraries/SimpleImage/SimpleRGBImage.cpp */; };
		C6E884DBD61A45A9B86800BB /* /Users/mark/Development/cg/libraries/SimpleImage/SimpleFloatImage.h */ = {isa = PBXBuildFile; fileRef = 558484E962C1454E8C2C802F /* /Users/mark/Development/cg/libraries/SimpleImage/SimpleFloatImage.h */; };
		CCBCE48EE65B490E89420057 /* /Users/mark/Development/cg/libraries/CVK_1_Minimal/CVK_Sphere.h */ = {isa = PBXBuildFile; fileRef = F3CF3D9C6BDC49BD9259CE9C /* /Users/mark/Development/cg/libraries/CVK_1_Minimal/CVK_Sphere.h */; };
		D2395A6C4B8A46549105ECE9 /* /Users/mark/Development/cg/libraries/CG1_Tools/stb_image.h */ = {isa = PBXBuildFile; fileRef = 078B35BCE7CB423C9E56490F /* /Users/mark/Development/cg/libraries/CG1_Tools/stb_image.h */; };
		D3AE02CD871F415A82FEBDC8 /* /Users/mark/Development/cg/libraries/CVK_1_Minimal/CVK_Teapot.cpp */ = {isa = PBXBuildFile; fileRef = 4487E47918334CB696FC0615 /* /Users/mark/Development/cg/libraries/CVK_1_Minimal/CVK_Teapot.cpp */; };
		D7D1FFB4EB6F48A4806A1061 /* /Users/mark/Development/cg/libraries/CVK_1_Minimal/CVK_CompatibilityTools.cpp */ = {isa = PBXBuildFile; fileRef = EAD14CAE8974411F86C55B31 /* /Users/mark/Development/cg/libraries/CVK_1_Minimal/CVK_CompatibilityTools.cpp */; };
		E238456B213840B3B3DC90A7 /* /Users/mark/Development/cg/libraries/SimpleImage/SimpleGrayImage.cpp */ = {isa = PBXBuildFile; fileRef = 1E1CDDB7995E451A8C9DF1A3 /* /Users/mark/Development/cg/libraries/SimpleImage/SimpleGrayImage.cpp */; };
		E252FB0B5BD547729D8F06B9 /* /Users/mark/Development/cg/libraries/CVK_1_Minimal/CVK_Camera.cpp */ = {isa = PBXBuildFile; fileRef = 454CC16E47EB470697963A5F /* /Users/mark/Development/cg/libraries/CVK_1_Minimal/CVK_Camera.cpp */; };
		EA219220515B494FBC0E3BB1 /* /Users/mark/Development/cg/libraries/CVK_1_Minimal/CVK_Perspective.h */ = {isa = PBXBuildFile; fileRef = D63106F15B9747B6A4B66D6B /* /Users/mark/Development/cg/libraries/CVK_1_Minimal/CVK_Perspective.h */; };
		EE8C0E4882624B158C389E53 /* /Users/mark/Development/cg/libraries/SimpleImage/SimpleGrayImage.h */ = {isa = PBXBuildFile; fileRef = DD1BA39D3C7D4EE3B936F7E3 /* /Users/mark/Development/cg/libraries/SimpleImage/SimpleGrayImage.h */; };
		F92100A3F2FC4146881D6E38 /* /Users/mark/Development/cg/libraries/CVK_1_Minimal/CVK_CompatibilityTools.h */ = {isa = PBXBuildFile; fileRef = 920C50F83FDC4302BA25A6C7 /* /Users/mark/Development/cg/libraries/CVK_1_Minimal/CVK_CompatibilityTools.h */; };
		FAEF9D6D40CD4615AB29AA6F /* /Users/mark/Development/cg/libraries/CVK_1_Minimal/CVK_Projection.cpp */ = {isa = PBXBuildFile; fileRef = 9DD14DD674504ACF88C685DF /* /Users/mark/Development/cg/libraries/CVK_1_Minimal/CVK_Projection.cpp */; };
		FB86030732CC452E8F9328EA /* /Users/mark/Development/cg/libraries/SimpleImage/SimpleRGBImage.h */ = {isa = PBXBuildFile; fileRef = 1EAB685B65FD496EA67FCC52 /* /Users/mark/Development/cg/libraries/SimpleImage/SimpleRGBImage.h */; };
/* End PBXBuildFile section */

/* Begin PBXBuildStyle section */
		4F9DD68F38FB4AFD8C19FE17 /* Debug */ = {
			isa = PBXBuildStyle;
			buildSettings = {
				COPY_PHASE_STRIP = NO;
			};
			name = Debug;
		};
		9B12A9B741E74E8CB26D8720 /* Release */ = {
			isa = PBXBuildStyle;
			buildSettings = {
				COPY_PHASE_STRIP = NO;
			};
			name = Release;
		};
/* End PBXBuildStyle section */

/* Begin PBXContainerItemProxy section */
		214A7E7AC5FE42D0A523800E /* PBXContainerItemProxy */ = {
			isa = PBXContainerItemProxy;
			containerPortal = 9DF9207FED7443D1B5003CC4 /* Project object */;
			proxyType = 1;
			remoteGlobalIDString = A078E0E276844B499D7A03B5;
			remoteInfo = SimpleImage;
		};
		2E4A21278B4E417C8A7F20AA /* PBXContainerItemProxy */ = {
			isa = PBXContainerItemProxy;
			containerPortal = 9DF9207FED7443D1B5003CC4 /* Project object */;
			proxyType = 1;
			remoteGlobalIDString = 5F9F9392E5EC420C9540CD7F;
			remoteInfo = CG1_Tools;
		};
		9033046DA28040218963D880 /* PBXContainerItemProxy */ = {
			isa = PBXContainerItemProxy;
			containerPortal = 9DF9207FED7443D1B5003CC4 /* Project object */;
			proxyType = 1;
			remoteGlobalIDString = 85E44DD626214703B14F895C;
			remoteInfo = 01_Start;
		};
		959D8ECA27E24032B9AA340C /* PBXContainerItemProxy */ = {
			isa = PBXContainerItemProxy;
			containerPortal = 9DF9207FED7443D1B5003CC4 /* Project object */;
			proxyType = 1;
			remoteGlobalIDString = C47C8B7BF4C84958BB8F41C4;
			remoteInfo = ZERO_CHECK;
		};
		D7E7FAE3857D488FA07CDB2C /* PBXContainerItemProxy */ = {
			isa = PBXContainerItemProxy;
			containerPortal = 9DF9207FED7443D1B5003CC4 /* Project object */;
			proxyType = 1;
			remoteGlobalIDString = 5F9F9392E5EC420C9540CD7F;
			remoteInfo = CG1_Tools;
		};
		EA4B5542C22B468DB57081AA /* PBXContainerItemProxy */ = {
			isa = PBXContainerItemProxy;
			containerPortal = 9DF9207FED7443D1B5003CC4 /* Project object */;
			proxyType = 1;
			remoteGlobalIDString = 8F91BACC52554698BAE1079A;
			remoteInfo = CVK_1_Minimal;
		};
/* End PBXContainerItemProxy section */

/* Begin PBXFileReference section */
		013287F3713D4F148EAC7B1C /* /Users/mark/Development/cg/libraries/CG1_Tools/CVK_ShaderSet.h */ = {isa = PBXFileReference; explicitFileType = sourcecode.c.h; fileEncoding = 4; name = CVK_ShaderSet.h; path = ../../libraries/CG1_Tools/CVK_ShaderSet.h; sourceTree = SOURCE_ROOT; };
		078B35BCE7CB423C9E56490F /* /Users/mark/Development/cg/libraries/CG1_Tools/stb_image.h */ = {isa = PBXFileReference; explicitFileType = sourcecode.c.h; fileEncoding = 4; name = stb_image.h; path = ../../libraries/CG1_Tools/stb_image.h; sourceTree = SOURCE_ROOT; };
		0AEDC9A05C7D4E129A9BA93F /* /Users/mark/Development/cg/libraries/CVK_1_Minimal/CVK_Ortho.h */ = {isa = PBXFileReference; explicitFileType = sourcecode.c.h; fileEncoding = 4; name = CVK_Ortho.h; path = ../../libraries/CVK_1_Minimal/CVK_Ortho.h; sourceTree = SOURCE_ROOT; };
		0B373C17FBBF4B2997543223 /* /Users/mark/Development/cg/libraries/CVK_1_Minimal/CVK_Cone.h */ = {isa = PBXFileReference; explicitFileType = sourcecode.c.h; fileEncoding = 4; name = CVK_Cone.h; path = ../../libraries/CVK_1_Minimal/CVK_Cone.h; sourceTree = SOURCE_ROOT; };
		0C9048C212D1465198FD09AC /* /Users/mark/Development/cg/libraries/SimpleImage/SimpleImage.h */ = {isa = PBXFileReference; explicitFileType = sourcecode.c.h; fileEncoding = 4; name = SimpleImage.h; path = ../../libraries/SimpleImage/SimpleImage.h; sourceTree = SOURCE_ROOT; };
		19F827F7482D404DBFEE243C /* /Users/mark/Development/cg/libraries/CVK_1_Minimal/CVK_State.cpp */ = {isa = PBXFileReference; explicitFileType = sourcecode.cpp.cpp; fileEncoding = 4; name = CVK_State.cpp; path = ../../libraries/CVK_1_Minimal/CVK_State.cpp; sourceTree = SOURCE_ROOT; };
		1E1CDDB7995E451A8C9DF1A3 /* /Users/mark/Development/cg/libraries/SimpleImage/SimpleGrayImage.cpp */ = {isa = PBXFileReference; explicitFileType = sourcecode.cpp.cpp; fileEncoding = 4; name = SimpleGrayImage.cpp; path = ../../libraries/SimpleImage/SimpleGrayImage.cpp; sourceTree = SOURCE_ROOT; };
		1EAB685B65FD496EA67FCC52 /* /Users/mark/Development/cg/libraries/SimpleImage/SimpleRGBImage.h */ = {isa = PBXFileReference; explicitFileType = sourcecode.c.h; fileEncoding = 4; name = SimpleRGBImage.h; path = ../../libraries/SimpleImage/SimpleRGBImage.h; sourceTree = SOURCE_ROOT; };
		24FB04683D674BFBB02E2ABB /* CVK_1_Minimal */ = {isa = PBXFileReference; explicitFileType = archive.ar; path = libCVK_1_Minimal.a; sourceTree = BUILT_PRODUCTS_DIR; };
		280B5027AD624459ABC6E961 /* /Users/mark/Development/cg/libraries/CG1_Tools/PixelTools.cpp */ = {isa = PBXFileReference; explicitFileType = sourcecode.cpp.cpp; fileEncoding = 4; name = PixelTools.cpp; path = ../../libraries/CG1_Tools/PixelTools.cpp; sourceTree = SOURCE_ROOT; };
		2D18839A236F43C4B0068C1B /* /Users/mark/Development/cg/libraries/CVK_1_Minimal/CVK_Cube.cpp */ = {isa = PBXFileReference; explicitFileType = sourcecode.cpp.cpp; fileEncoding = 4; name = CVK_Cube.cpp; path = ../../libraries/CVK_1_Minimal/CVK_Cube.cpp; sourceTree = SOURCE_ROOT; };
		316D6D01A178488E825E18FF /* /Users/mark/Development/cg/libraries/CVK_1_Minimal/CVK_Triangle.cpp */ = {isa = PBXFileReference; explicitFileType = sourcecode.cpp.cpp; fileEncoding = 4; name = CVK_Triangle.cpp; path = ../../libraries/CVK_1_Minimal/CVK_Triangle.cpp; sourceTree = SOURCE_ROOT; };
		36B2813A80F54694856EFB26 /* /Users/mark/Development/cg/libraries/CG1_Tools/TextureTools.h */ = {isa = PBXFileReference; explicitFileType = sourcecode.c.h; fileEncoding = 4; name = TextureTools.h; path = ../../libraries/CG1_Tools/TextureTools.h; sourceTree = SOURCE_ROOT; };
		402C843C54E74CA2A2E6D844 /* /Users/mark/Development/cg/libraries/CVK_1_Minimal/CVK_Cube.h */ = {isa = PBXFileReference; explicitFileType = sourcecode.c.h; fileEncoding = 4; name = CVK_Cube.h; path = ../../libraries/CVK_1_Minimal/CVK_Cube.h; sourceTree = SOURCE_ROOT; };
		4487E47918334CB696FC0615 /* /Users/mark/Development/cg/libraries/CVK_1_Minimal/CVK_Teapot.cpp */ = {isa = PBXFileReference; explicitFileType = sourcecode.cpp.cpp; fileEncoding = 4; name = CVK_Teapot.cpp; path = ../../libraries/CVK_1_Minimal/CVK_Teapot.cpp; sourceTree = SOURCE_ROOT; };
		454CC16E47EB470697963A5F /* /Users/mark/Development/cg/libraries/CVK_1_Minimal/CVK_Camera.cpp */ = {isa = PBXFileReference; explicitFileType = sourcecode.cpp.cpp; fileEncoding = 4; name = CVK_Camera.cpp; path = ../../libraries/CVK_1_Minimal/CVK_Camera.cpp; sourceTree = SOURCE_ROOT; };
		47A56733C1D2418EB12E1504 /* /Users/mark/Development/cg/libraries/CVK_1_Minimal/CVK_Pilotview.h */ = {isa = PBXFileReference; explicitFileType = sourcecode.c.h; fileEncoding = 4; name = CVK_Pilotview.h; path = ../../libraries/CVK_1_Minimal/CVK_Pilotview.h; sourceTree = SOURCE_ROOT; };
		51209523BC0F4990A32BBF84 /* /Users/mark/Development/cg/libraries/SimpleImage/CMakeLists.txt */ = {isa = PBXFileReference; explicitFileType = sourcecode.text; fileEncoding = 4; name = CMakeLists.txt; path = ../../libraries/SimpleImage/CMakeLists.txt; sourceTree = SOURCE_ROOT; };
		52DD50A2B4FB43AD99F056C1 /* /Users/mark/Development/cg/libraries/CVK_1_Minimal/Teapot.h */ = {isa = PBXFileReference; explicitFileType = sourcecode.c.h; fileEncoding = 4; name = Teapot.h; path = ../../libraries/CVK_1_Minimal/Teapot.h; sourceTree = SOURCE_ROOT; };
		558484E962C1454E8C2C802F /* /Users/mark/Development/cg/libraries/SimpleImage/SimpleFloatImage.h */ = {isa = PBXFileReference; explicitFileType = sourcecode.c.h; fileEncoding = 4; name = SimpleFloatImage.h; path = ../../libraries/SimpleImage/SimpleFloatImage.h; sourceTree = SOURCE_ROOT; };
		574B92C0153D42D3877948BD /* /Users/mark/Development/cg/libraries/CG1_Tools/Geometry.h */ = {isa = PBXFileReference; explicitFileType = sourcecode.c.h; fileEncoding = 4; name = Geometry.h; path = ../../libraries/CG1_Tools/Geometry.h; sourceTree = SOURCE_ROOT; };
		57E84249085E43DCB0BE0398 /* /Users/mark/Development/cg/CG/src/shaders/Minimal/minimal.vert */ = {isa = PBXFileReference; explicitFileType = sourcecode; fileEncoding = 4; name = minimal.vert; path = shaders/Minimal/minimal.vert; sourceTree = SOURCE_ROOT; };
		5DEE566FD08840E3AB524985 /* /Users/mark/Development/cg/libraries/CG1_Tools/CompatibilityTools.cpp */ = {isa = PBXFileReference; explicitFileType = sourcecode.cpp.cpp; fileEncoding = 4; name = CompatibilityTools.cpp; path = ../../libraries/CG1_Tools/CompatibilityTools.cpp; sourceTree = SOURCE_ROOT; };
		66A45DD84A154C92AB917F4B /* /Users/mark/Development/cg/CG/src/executables/01_Start/main.cpp */ = {isa = PBXFileReference; explicitFileType = sourcecode.cpp.cpp; fileEncoding = 4; name = main.cpp; path = executables/01_Start/main.cpp; sourceTree = SOURCE_ROOT; };
		6756D96FD529461A83DC93EB /* /Users/mark/Development/cg/libraries/SimpleImage/WindowManager.h */ = {isa = PBXFileReference; explicitFileType = sourcecode.c.h; fileEncoding = 4; name = WindowManager.h; path = ../../libraries/SimpleImage/WindowManager.h; sourceTree = SOURCE_ROOT; };
		6D2AF266B9E048A8BB930A0A /* /Users/mark/Development/cg/libraries/CVK_1_Minimal/CVK_ShaderSet.cpp */ = {isa = PBXFileReference; explicitFileType = sourcecode.cpp.cpp; fileEncoding = 4; name = CVK_ShaderSet.cpp; path = ../../libraries/CVK_1_Minimal/CVK_ShaderSet.cpp; sourceTree = SOURCE_ROOT; };
		6D476D9738414551AA92BE0E /* /Users/mark/Development/cg/CG/src/CMakeLists.txt */ = {isa = PBXFileReference; explicitFileType = sourcecode.text; fileEncoding = 4; name = CMakeLists.txt; path = CMakeLists.txt; sourceTree = SOURCE_ROOT; };
		6FAD12A0E0E74AC1A4662BF5 /* /Users/mark/Development/cg/libraries/CVK_1_Minimal/CVK_Teapot.h */ = {isa = PBXFileReference; explicitFileType = sourcecode.c.h; fileEncoding = 4; name = CVK_Teapot.h; path = ../../libraries/CVK_1_Minimal/CVK_Teapot.h; sourceTree = SOURCE_ROOT; };
		76A0041D4B964294864A7C92 /* /Users/mark/Development/cg/libraries/CVK_1_Minimal/CVK_Plane.cpp */ = {isa = PBXFileReference; explicitFileType = sourcecode.cpp.cpp; fileEncoding = 4; name = CVK_Plane.cpp; path = ../../libraries/CVK_1_Minimal/CVK_Plane.cpp; sourceTree = SOURCE_ROOT; };
		7A707B4394184A7897D6AFF9 /* /Users/mark/Development/cg/libraries/CG1_Tools/ShaderTools.cpp */ = {isa = PBXFileReference; explicitFileType = sourcecode.cpp.cpp; fileEncoding = 4; name = ShaderTools.cpp; path = ../../libraries/CG1_Tools/ShaderTools.cpp; sourceTree = SOURCE_ROOT; };
		802327CE5C684BB0B4529069 /* /Users/mark/Development/cg/libraries/CVK_1_Minimal/CVK_Sphere.cpp */ = {isa = PBXFileReference; explicitFileType = sourcecode.cpp.cpp; fileEncoding = 4; name = CVK_Sphere.cpp; path = ../../libraries/CVK_1_Minimal/CVK_Sphere.cpp; sourceTree = SOURCE_ROOT; };
		86AA74E331FA418C9AEE073D /* /Users/mark/Development/cg/libraries/CVK_1_Minimal/CVK_Triangle.h */ = {isa = PBXFileReference; explicitFileType = sourcecode.c.h; fileEncoding = 4; name = CVK_Triangle.h; path = ../../libraries/CVK_1_Minimal/CVK_Triangle.h; sourceTree = SOURCE_ROOT; };
		88B819830CE4436A9425D342 /* /Users/mark/Development/cg/libraries/CVK_1_Minimal/CVK_Ortho.cpp */ = {isa = PBXFileReference; explicitFileType = sourcecode.cpp.cpp; fileEncoding = 4; name = CVK_Ortho.cpp; path = ../../libraries/CVK_1_Minimal/CVK_Ortho.cpp; sourceTree = SOURCE_ROOT; };
		8A124E1BE928470AA2506A9B /* /Users/mark/Development/cg/libraries/CVK_1_Minimal/CVK_ShaderMinimal.h */ = {isa = PBXFileReference; explicitFileType = sourcecode.c.h; fileEncoding = 4; name = CVK_ShaderMinimal.h; path = ../../libraries/CVK_1_Minimal/CVK_ShaderMinimal.h; sourceTree = SOURCE_ROOT; };
		8B1C0D920F174052BC978596 /* /Users/mark/Development/cg/libraries/CVK_1_Minimal/CVK_Projection.h */ = {isa = PBXFileReference; explicitFileType = sourcecode.c.h; fileEncoding = 4; name = CVK_Projection.h; path = ../../libraries/CVK_1_Minimal/CVK_Projection.h; sourceTree = SOURCE_ROOT; };
		8C7A299472174D4BA61FB112 /* /Users/mark/Development/cg/libraries/CG1_Tools/stb_image.cpp */ = {isa = PBXFileReference; explicitFileType = sourcecode.cpp.cpp; fileEncoding = 4; name = stb_image.cpp; path = ../../libraries/CG1_Tools/stb_image.cpp; sourceTree = SOURCE_ROOT; };
		8D563E5A715A49628FC4C16F /* /Users/mark/Development/cg/CG/src/executables/01_Start/CMakeLists.txt */ = {isa = PBXFileReference; explicitFileType = sourcecode.text; fileEncoding = 4; name = CMakeLists.txt; path = executables/01_Start/CMakeLists.txt; sourceTree = SOURCE_ROOT; };
		8DA1B6D7CD00487DB6AE2308 /* /Users/mark/Development/cg/libraries/CG1_Tools/CMakeLists.txt */ = {isa = PBXFileReference; explicitFileType = sourcecode.text; fileEncoding = 4; name = CMakeLists.txt; path = ../../libraries/CG1_Tools/CMakeLists.txt; sourceTree = SOURCE_ROOT; };
		920C50F83FDC4302BA25A6C7 /* /Users/mark/Development/cg/libraries/CVK_1_Minimal/CVK_CompatibilityTools.h */ = {isa = PBXFileReference; explicitFileType = sourcecode.c.h; fileEncoding = 4; name = CVK_CompatibilityTools.h; path = ../../libraries/CVK_1_Minimal/CVK_CompatibilityTools.h; sourceTree = SOURCE_ROOT; };
		95E96F423D58440AAC782469 /* /Users/mark/Development/cg/libraries/CVK_1_Minimal/CVK_Node.cpp */ = {isa = PBXFileReference; explicitFileType = sourcecode.cpp.cpp; fileEncoding = 4; name = CVK_Node.cpp; path = ../../libraries/CVK_1_Minimal/CVK_Node.cpp; sourceTree = SOURCE_ROOT; };
		963BAD4B3B2C44C7AF478825 /* /Users/mark/Development/cg/CG/src/shaders/Minimal/minimal.frag */ = {isa = PBXFileReference; explicitFileType = sourcecode; fileEncoding = 4; name = minimal.frag; path = shaders/Minimal/minimal.frag; sourceTree = SOURCE_ROOT; };
		967D7FDB2DEF4A709EBEF722 /* /Users/mark/Development/cg/libraries/SimpleImage/SimpleFloatImage.cpp */ = {isa = PBXFileReference; explicitFileType = sourcecode.cpp.cpp; fileEncoding = 4; name = SimpleFloatImage.cpp; path = ../../libraries/SimpleImage/SimpleFloatImage.cpp; sourceTree = SOURCE_ROOT; };
		9C739247581344398CB49AD8 /* /Users/mark/Development/cg/CG/src/shaders/CMakeLists.txt */ = {isa = PBXFileReference; explicitFileType = sourcecode.text; fileEncoding = 4; name = CMakeLists.txt; path = shaders/CMakeLists.txt; sourceTree = SOURCE_ROOT; };
		9C7C5ADF4F3B44A48061FEB0 /* /Users/mark/Development/cg/libraries/CVK_1_Minimal/CVK_Framework.h */ = {isa = PBXFileReference; explicitFileType = sourcecode.c.h; fileEncoding = 4; name = CVK_Framework.h; path = ../../libraries/CVK_1_Minimal/CVK_Framework.h; sourceTree = SOURCE_ROOT; };
		9DD14DD674504ACF88C685DF /* /Users/mark/Development/cg/libraries/CVK_1_Minimal/CVK_Projection.cpp */ = {isa = PBXFileReference; explicitFileType = sourcecode.cpp.cpp; fileEncoding = 4; name = CVK_Projection.cpp; path = ../../libraries/CVK_1_Minimal/CVK_Projection.cpp; sourceTree = SOURCE_ROOT; };
		9F41F47B50684C018077F7E4 /* /Users/mark/Development/cg/libraries/CVK_1_Minimal/CVK_Defs.h */ = {isa = PBXFileReference; explicitFileType = sourcecode.c.h; fileEncoding = 4; name = CVK_Defs.h; path = ../../libraries/CVK_1_Minimal/CVK_Defs.h; sourceTree = SOURCE_ROOT; };
		A0DF524F3C8D45FAB0773390 /* /Users/mark/Development/cg/CG/src/CMakeLists.txt */ = {isa = PBXFileReference; explicitFileType = sourcecode.text; fileEncoding = 4; name = CMakeLists.txt; path = CMakeLists.txt; sourceTree = SOURCE_ROOT; };
		A3A3D76B390F4B1199899DDA /* /Users/mark/Development/cg/libraries/CG1_Tools/CVK_ShaderSet.cpp */ = {isa = PBXFileReference; explicitFileType = sourcecode.cpp.cpp; fileEncoding = 4; name = CVK_ShaderSet.cpp; path = ../../libraries/CG1_Tools/CVK_ShaderSet.cpp; sourceTree = SOURCE_ROOT; };
		A440622BAEB745A49AD3F36D /* /Users/mark/Development/cg/libraries/CVK_1_Minimal/CVK_Trackball.cpp */ = {isa = PBXFileReference; explicitFileType = sourcecode.cpp.cpp; fileEncoding = 4; name = CVK_Trackball.cpp; path = ../../libraries/CVK_1_Minimal/CVK_Trackball.cpp; sourceTree = SOURCE_ROOT; };
		AA62F5CAE51B47D9B50E3B98 /* /Users/mark/Development/cg/libraries/CVK_1_Minimal/CVK_ShaderSet.h */ = {isa = PBXFileReference; explicitFileType = sourcecode.c.h; fileEncoding = 4; name = CVK_ShaderSet.h; path = ../../libraries/CVK_1_Minimal/CVK_ShaderSet.h; sourceTree = SOURCE_ROOT; };
		AD08E6F7BA5D481789364D33 /* /Users/mark/Development/cg/libraries/CG1_Tools/TextureTools.cpp */ = {isa = PBXFileReference; explicitFileType = sourcecode.cpp.cpp; fileEncoding = 4; name = TextureTools.cpp; path = ../../libraries/CG1_Tools/TextureTools.cpp; sourceTree = SOURCE_ROOT; };
		B035DA976D034DCBB128EDB3 /* /Users/mark/Development/cg/libraries/CVK_1_Minimal/CVK_Node.h */ = {isa = PBXFileReference; explicitFileType = sourcecode.c.h; fileEncoding = 4; name = CVK_Node.h; path = ../../libraries/CVK_1_Minimal/CVK_Node.h; sourceTree = SOURCE_ROOT; };
		B767119061F94E2284C95D8E /* /Users/mark/Development/cg/libraries/CVK_1_Minimal/stb_image.h */ = {isa = PBXFileReference; explicitFileType = sourcecode.c.h; fileEncoding = 4; name = stb_image.h; path = ../../libraries/CVK_1_Minimal/stb_image.h; sourceTree = SOURCE_ROOT; };
		BE6D99BA514647438EC20572 /* /Users/mark/Development/cg/libraries/CVK_1_Minimal/CVK_State.h */ = {isa = PBXFileReference; explicitFileType = sourcecode.c.h; fileEncoding = 4; name = CVK_State.h; path = ../../libraries/CVK_1_Minimal/CVK_State.h; sourceTree = SOURCE_ROOT; };
		BEBC364510B5413F90AC4C28 /* /Users/mark/Development/cg/libraries/SimpleImage/WindowManager.cpp */ = {isa = PBXFileReference; explicitFileType = sourcecode.cpp.cpp; fileEncoding = 4; name = WindowManager.cpp; path = ../../libraries/SimpleImage/WindowManager.cpp; sourceTree = SOURCE_ROOT; };
		C1F9E96A083D45CE86878825 /* /Users/mark/Development/cg/libraries/CVK_1_Minimal/stb_image.cpp */ = {isa = PBXFileReference; explicitFileType = sourcecode.cpp.cpp; fileEncoding = 4; name = stb_image.cpp; path = ../../libraries/CVK_1_Minimal/stb_image.cpp; sourceTree = SOURCE_ROOT; };
		C442607F799B41C4A3EE7296 /* 01_Start */ = {isa = PBXFileReference; explicitFileType = "compiled.mach-o.executable"; path = 01_Start; sourceTree = BUILT_PRODUCTS_DIR; };
		C8523E8F7E9F40C0B3968D0B /* CG1_Tools */ = {isa = PBXFileReference; explicitFileType = archive.ar; path = libCG1_Tools.a; sourceTree = BUILT_PRODUCTS_DIR; };
		C8E3A38F55944B96A846DB59 /* /Users/mark/Development/cg/libraries/CG1_Tools/CVK_Defs.h */ = {isa = PBXFileReference; explicitFileType = sourcecode.c.h; fileEncoding = 4; name = CVK_Defs.h; path = ../../libraries/CG1_Tools/CVK_Defs.h; sourceTree = SOURCE_ROOT; };
		D36AC8FF35E64CDF92818149 /* /Users/mark/Development/cg/libraries/CG1_Tools/PixelTools.h */ = {isa = PBXFileReference; explicitFileType = sourcecode.c.h; fileEncoding = 4; name = PixelTools.h; path = ../../libraries/CG1_Tools/PixelTools.h; sourceTree = SOURCE_ROOT; };
		D4AEA1D7162A40468F5CF65F /* /Users/mark/Development/cg/libraries/CVK_1_Minimal/CVK_Plane.h */ = {isa = PBXFileReference; explicitFileType = sourcecode.c.h; fileEncoding = 4; name = CVK_Plane.h; path = ../../libraries/CVK_1_Minimal/CVK_Plane.h; sourceTree = SOURCE_ROOT; };
		D4C923772220462AAA848122 /* /Users/mark/Development/cg/libraries/CVK_1_Minimal/CVK_Geometry.h */ = {isa = PBXFileReference; explicitFileType = sourcecode.c.h; fileEncoding = 4; name = CVK_Geometry.h; path = ../../libraries/CVK_1_Minimal/CVK_Geometry.h; sourceTree = SOURCE_ROOT; };
		D63106F15B9747B6A4B66D6B /* /Users/mark/Development/cg/libraries/CVK_1_Minimal/CVK_Perspective.h */ = {isa = PBXFileReference; explicitFileType = sourcecode.c.h; fileEncoding = 4; name = CVK_Perspective.h; path = ../../libraries/CVK_1_Minimal/CVK_Perspective.h; sourceTree = SOURCE_ROOT; };
		D6F813E931454062BD900699 /* /Users/mark/Development/cg/libraries/CVK_1_Minimal/CVK_Perspective.cpp */ = {isa = PBXFileReference; explicitFileType = sourcecode.cpp.cpp; fileEncoding = 4; name = CVK_Perspective.cpp; path = ../../libraries/CVK_1_Minimal/CVK_Perspective.cpp; sourceTree = SOURCE_ROOT; };
		D7D490F7ABBB437689F96AD5 /* /Users/mark/Development/cg/libraries/SimpleImage/SimpleRGBImage.cpp */ = {isa = PBXFileReference; explicitFileType = sourcecode.cpp.cpp; fileEncoding = 4; name = SimpleRGBImage.cpp; path = ../../libraries/SimpleImage/SimpleRGBImage.cpp; sourceTree = SOURCE_ROOT; };
		DA83D66A3DB24CD8BF06FD0F /* /Users/mark/Development/cg/libraries/CG1_Tools/CompatibilityTools.h */ = {isa = PBXFileReference; explicitFileType = sourcecode.c.h; fileEncoding = 4; name = CompatibilityTools.h; path = ../../libraries/CG1_Tools/CompatibilityTools.h; sourceTree = SOURCE_ROOT; };
		DD1BA39D3C7D4EE3B936F7E3 /* /Users/mark/Development/cg/libraries/SimpleImage/SimpleGrayImage.h */ = {isa = PBXFileReference; explicitFileType = sourcecode.c.h; fileEncoding = 4; name = SimpleGrayImage.h; path = ../../libraries/SimpleImage/SimpleGrayImage.h; sourceTree = SOURCE_ROOT; };
		DE96B986308E47D2B37EC3C5 /* /Users/mark/Development/cg/libraries/CVK_1_Minimal/CVK_Geometry.cpp */ = {isa = PBXFileReference; explicitFileType = sourcecode.cpp.cpp; fileEncoding = 4; name = CVK_Geometry.cpp; path = ../../libraries/CVK_1_Minimal/CVK_Geometry.cpp; sourceTree = SOURCE_ROOT; };
		E21C64F82F044A74B9FEFD36 /* SimpleImage */ = {isa = PBXFileReference; explicitFileType = archive.ar; path = libSimpleImage.a; sourceTree = BUILT_PRODUCTS_DIR; };
		E28961645ADC4375BE096077 /* /Users/mark/Development/cg/libraries/CVK_1_Minimal/CVK_Pilotview.cpp */ = {isa = PBXFileReference; explicitFileType = sourcecode.cpp.cpp; fileEncoding = 4; name = CVK_Pilotview.cpp; path = ../../libraries/CVK_1_Minimal/CVK_Pilotview.cpp; sourceTree = SOURCE_ROOT; };
		E45F45A396CF4F61980C97A3 /* /Users/mark/Development/cg/libraries/CVK_1_Minimal/CVK_Camera.h */ = {isa = PBXFileReference; explicitFileType = sourcecode.c.h; fileEncoding = 4; name = CVK_Camera.h; path = ../../libraries/CVK_1_Minimal/CVK_Camera.h; sourceTree = SOURCE_ROOT; };
		E51453CEFBE543558AA03DE9 /* /Users/mark/Development/cg/libraries/CVK_1_Minimal/CMakeLists.txt */ = {isa = PBXFileReference; explicitFileType = sourcecode.text; fileEncoding = 4; name = CMakeLists.txt; path = ../../libraries/CVK_1_Minimal/CMakeLists.txt; sourceTree = SOURCE_ROOT; };
		E5275762540B4418AA83351A /* /Users/mark/Development/cg/libraries/CVK_1_Minimal/CVK_Cone.cpp */ = {isa = PBXFileReference; explicitFileType = sourcecode.cpp.cpp; fileEncoding = 4; name = CVK_Cone.cpp; path = ../../libraries/CVK_1_Minimal/CVK_Cone.cpp; sourceTree = SOURCE_ROOT; };
		E6A411F5C7F0437AB65CA418 /* /Users/mark/Development/cg/libraries/SimpleImage/SimpleImage.cpp */ = {isa = PBXFileReference; explicitFileType = sourcecode.cpp.cpp; fileEncoding = 4; name = SimpleImage.cpp; path = ../../libraries/SimpleImage/SimpleImage.cpp; sourceTree = SOURCE_ROOT; };
		EAD14CAE8974411F86C55B31 /* /Users/mark/Development/cg/libraries/CVK_1_Minimal/CVK_CompatibilityTools.cpp */ = {isa = PBXFileReference; explicitFileType = sourcecode.cpp.cpp; fileEncoding = 4; name = CVK_CompatibilityTools.cpp; path = ../../libraries/CVK_1_Minimal/CVK_CompatibilityTools.cpp; sourceTree = SOURCE_ROOT; };
		F0B26A7A93FD4E2C9B7C201B /* /Users/mark/Development/cg/libraries/CG1_Tools/ShaderTools.h */ = {isa = PBXFileReference; explicitFileType = sourcecode.c.h; fileEncoding = 4; name = ShaderTools.h; path = ../../libraries/CG1_Tools/ShaderTools.h; sourceTree = SOURCE_ROOT; };
		F3CF3D9C6BDC49BD9259CE9C /* /Users/mark/Development/cg/libraries/CVK_1_Minimal/CVK_Sphere.h */ = {isa = PBXFileReference; explicitFileType = sourcecode.c.h; fileEncoding = 4; name = CVK_Sphere.h; path = ../../libraries/CVK_1_Minimal/CVK_Sphere.h; sourceTree = SOURCE_ROOT; };
		F5F7EDAD85CD40F690493D8C /* /Users/mark/Development/cg/libraries/CVK_1_Minimal/CVK_Trackball.h */ = {isa = PBXFileReference; explicitFileType = sourcecode.c.h; fileEncoding = 4; name = CVK_Trackball.h; path = ../../libraries/CVK_1_Minimal/CVK_Trackball.h; sourceTree = SOURCE_ROOT; };
		FFE4D99D4F504B0A972FF6E4 /* /Users/mark/Development/cg/libraries/CVK_1_Minimal/CVK_ShaderMinimal.cpp */ = {isa = PBXFileReference; explicitFileType = sourcecode.cpp.cpp; fileEncoding = 4; name = CVK_ShaderMinimal.cpp; path = ../../libraries/CVK_1_Minimal/CVK_ShaderMinimal.cpp; sourceTree = SOURCE_ROOT; };
/* End PBXFileReference section */

/* Begin PBXGroup section */
		059BD3A44B8541D1A0DD6783 /* Header Files */ = {
			isa = PBXGroup;
			children = (
				558484E962C1454E8C2C802F /* /Users/mark/Development/cg/libraries/SimpleImage/SimpleFloatImage.h */,
				DD1BA39D3C7D4EE3B936F7E3 /* /Users/mark/Development/cg/libraries/SimpleImage/SimpleGrayImage.h */,
				0C9048C212D1465198FD09AC /* /Users/mark/Development/cg/libraries/SimpleImage/SimpleImage.h */,
				1EAB685B65FD496EA67FCC52 /* /Users/mark/Development/cg/libraries/SimpleImage/SimpleRGBImage.h */,
				6756D96FD529461A83DC93EB /* /Users/mark/Development/cg/libraries/SimpleImage/WindowManager.h */,
			);
			name = "Header Files";
			sourceTree = "<group>";
		};
		0ABFE294F91E45A7BFACA51B /* CVK_1_Minimal */ = {
			isa = PBXGroup;
			children = (
				7E7E4BBFCD9C4DE089861BAA /* Source Files */,
				6C47EB56F05D4EA582A6F853 /* Header Files */,
				E51453CEFBE543558AA03DE9 /* /Users/mark/Development/cg/libraries/CVK_1_Minimal/CMakeLists.txt */,
			);
			name = CVK_1_Minimal;
			sourceTree = "<group>";
		};
		14BBCE92A08F4CCC97E3436E /* Products */ = {
			isa = PBXGroup;
			children = (
				C8523E8F7E9F40C0B3968D0B /* CG1_Tools */,
				24FB04683D674BFBB02E2ABB /* CVK_1_Minimal */,
				E21C64F82F044A74B9FEFD36 /* SimpleImage */,
				C442607F799B41C4A3EE7296 /* 01_Start */,
			);
			name = Products;
			sourceTree = "<group>";
		};
		1F4212D34B274FE1859F265F /* Source Files */ = {
			isa = PBXGroup;
			children = (
				967D7FDB2DEF4A709EBEF722 /* /Users/mark/Development/cg/libraries/SimpleImage/SimpleFloatImage.cpp */,
				1E1CDDB7995E451A8C9DF1A3 /* /Users/mark/Development/cg/libraries/SimpleImage/SimpleGrayImage.cpp */,
				E6A411F5C7F0437AB65CA418 /* /Users/mark/Development/cg/libraries/SimpleImage/SimpleImage.cpp */,
				D7D490F7ABBB437689F96AD5 /* /Users/mark/Development/cg/libraries/SimpleImage/SimpleRGBImage.cpp */,
				BEBC364510B5413F90AC4C28 /* /Users/mark/Development/cg/libraries/SimpleImage/WindowManager.cpp */,
			);
			name = "Source Files";
			sourceTree = "<group>";
		};
		4084609F8013454494DD39C0 /* Source Files */ = {
			isa = PBXGroup;
			children = (
				66A45DD84A154C92AB917F4B /* /Users/mark/Development/cg/CG/src/executables/01_Start/main.cpp */,
			);
			name = "Source Files";
			sourceTree = "<group>";
		};
		4A5914C6035E4E2095ED0F79 = {
			isa = PBXGroup;
			children = (
				DCCD2962F22C4F9FAF34F9D3 /* ALL_BUILD */,
				59AEEE8529C4435192877959 /* ZERO_CHECK */,
				5052620613924B83B9A23806 /* CG1_Tools */,
				0ABFE294F91E45A7BFACA51B /* CVK_1_Minimal */,
				BB82B1953D804864B968ABAA /* SimpleImage */,
				A070940C6FE649F9B7C10622 /* 01_Start */,
				F0FEE2C79FCC40058966505A /* SHADERS */,
				14BBCE92A08F4CCC97E3436E /* Products */,
			);
			sourceTree = "<group>";
		};
		5052620613924B83B9A23806 /* CG1_Tools */ = {
			isa = PBXGroup;
			children = (
				BBCFD95104974E3DB93F8062 /* Source Files */,
				D304C880A88846A99985DCAC /* Header Files */,
				8DA1B6D7CD00487DB6AE2308 /* /Users/mark/Development/cg/libraries/CG1_Tools/CMakeLists.txt */,
			);
			name = CG1_Tools;
			sourceTree = "<group>";
		};
		519B1CBCCE644384A7FBAA4B /* Fragment-Shaders */ = {
			isa = PBXGroup;
			children = (
				963BAD4B3B2C44C7AF478825 /* /Users/mark/Development/cg/CG/src/shaders/Minimal/minimal.frag */,
			);
			name = "Fragment-Shaders";
			sourceTree = "<group>";
		};
		5398B3BA9A434788A2303812 /* Vertex-Shaders */ = {
			isa = PBXGroup;
			children = (
				57E84249085E43DCB0BE0398 /* /Users/mark/Development/cg/CG/src/shaders/Minimal/minimal.vert */,
			);
			name = "Vertex-Shaders";
			sourceTree = "<group>";
		};
		59AEEE8529C4435192877959 /* ZERO_CHECK */ = {
			isa = PBXGroup;
			children = (
				9C728F4CCA694E12930A0CC1 /* CMake Rules */,
				A0DF524F3C8D45FAB0773390 /* /Users/mark/Development/cg/CG/src/CMakeLists.txt */,
			);
			name = ZERO_CHECK;
			sourceTree = "<group>";
		};
		6C47EB56F05D4EA582A6F853 /* Header Files */ = {
			isa = PBXGroup;
			children = (
				E45F45A396CF4F61980C97A3 /* /Users/mark/Development/cg/libraries/CVK_1_Minimal/CVK_Camera.h */,
				920C50F83FDC4302BA25A6C7 /* /Users/mark/Development/cg/libraries/CVK_1_Minimal/CVK_CompatibilityTools.h */,
				0B373C17FBBF4B2997543223 /* /Users/mark/Development/cg/libraries/CVK_1_Minimal/CVK_Cone.h */,
				402C843C54E74CA2A2E6D844 /* /Users/mark/Development/cg/libraries/CVK_1_Minimal/CVK_Cube.h */,
				9F41F47B50684C018077F7E4 /* /Users/mark/Development/cg/libraries/CVK_1_Minimal/CVK_Defs.h */,
				9C7C5ADF4F3B44A48061FEB0 /* /Users/mark/Development/cg/libraries/CVK_1_Minimal/CVK_Framework.h */,
				D4C923772220462AAA848122 /* /Users/mark/Development/cg/libraries/CVK_1_Minimal/CVK_Geometry.h */,
				B035DA976D034DCBB128EDB3 /* /Users/mark/Development/cg/libraries/CVK_1_Minimal/CVK_Node.h */,
				0AEDC9A05C7D4E129A9BA93F /* /Users/mark/Development/cg/libraries/CVK_1_Minimal/CVK_Ortho.h */,
				D63106F15B9747B6A4B66D6B /* /Users/mark/Development/cg/libraries/CVK_1_Minimal/CVK_Perspective.h */,
				47A56733C1D2418EB12E1504 /* /Users/mark/Development/cg/libraries/CVK_1_Minimal/CVK_Pilotview.h */,
				D4AEA1D7162A40468F5CF65F /* /Users/mark/Development/cg/libraries/CVK_1_Minimal/CVK_Plane.h */,
				8B1C0D920F174052BC978596 /* /Users/mark/Development/cg/libraries/CVK_1_Minimal/CVK_Projection.h */,
				8A124E1BE928470AA2506A9B /* /Users/mark/Development/cg/libraries/CVK_1_Minimal/CVK_ShaderMinimal.h */,
				AA62F5CAE51B47D9B50E3B98 /* /Users/mark/Development/cg/libraries/CVK_1_Minimal/CVK_ShaderSet.h */,
				F3CF3D9C6BDC49BD9259CE9C /* /Users/mark/Development/cg/libraries/CVK_1_Minimal/CVK_Sphere.h */,
				BE6D99BA514647438EC20572 /* /Users/mark/Development/cg/libraries/CVK_1_Minimal/CVK_State.h */,
				6FAD12A0E0E74AC1A4662BF5 /* /Users/mark/Development/cg/libraries/CVK_1_Minimal/CVK_Teapot.h */,
				F5F7EDAD85CD40F690493D8C /* /Users/mark/Development/cg/libraries/CVK_1_Minimal/CVK_Trackball.h */,
				86AA74E331FA418C9AEE073D /* /Users/mark/Development/cg/libraries/CVK_1_Minimal/CVK_Triangle.h */,
				52DD50A2B4FB43AD99F056C1 /* /Users/mark/Development/cg/libraries/CVK_1_Minimal/Teapot.h */,
				B767119061F94E2284C95D8E /* /Users/mark/Development/cg/libraries/CVK_1_Minimal/stb_image.h */,
			);
			name = "Header Files";
			sourceTree = "<group>";
		};
		7E7E4BBFCD9C4DE089861BAA /* Source Files */ = {
			isa = PBXGroup;
			children = (
				454CC16E47EB470697963A5F /* /Users/mark/Development/cg/libraries/CVK_1_Minimal/CVK_Camera.cpp */,
				EAD14CAE8974411F86C55B31 /* /Users/mark/Development/cg/libraries/CVK_1_Minimal/CVK_CompatibilityTools.cpp */,
				E5275762540B4418AA83351A /* /Users/mark/Development/cg/libraries/CVK_1_Minimal/CVK_Cone.cpp */,
				2D18839A236F43C4B0068C1B /* /Users/mark/Development/cg/libraries/CVK_1_Minimal/CVK_Cube.cpp */,
				DE96B986308E47D2B37EC3C5 /* /Users/mark/Development/cg/libraries/CVK_1_Minimal/CVK_Geometry.cpp */,
				95E96F423D58440AAC782469 /* /Users/mark/Development/cg/libraries/CVK_1_Minimal/CVK_Node.cpp */,
				88B819830CE4436A9425D342 /* /Users/mark/Development/cg/libraries/CVK_1_Minimal/CVK_Ortho.cpp */,
				D6F813E931454062BD900699 /* /Users/mark/Development/cg/libraries/CVK_1_Minimal/CVK_Perspective.cpp */,
				E28961645ADC4375BE096077 /* /Users/mark/Development/cg/libraries/CVK_1_Minimal/CVK_Pilotview.cpp */,
				76A0041D4B964294864A7C92 /* /Users/mark/Development/cg/libraries/CVK_1_Minimal/CVK_Plane.cpp */,
				9DD14DD674504ACF88C685DF /* /Users/mark/Development/cg/libraries/CVK_1_Minimal/CVK_Projection.cpp */,
				FFE4D99D4F504B0A972FF6E4 /* /Users/mark/Development/cg/libraries/CVK_1_Minimal/CVK_ShaderMinimal.cpp */,
				6D2AF266B9E048A8BB930A0A /* /Users/mark/Development/cg/libraries/CVK_1_Minimal/CVK_ShaderSet.cpp */,
				802327CE5C684BB0B4529069 /* /Users/mark/Development/cg/libraries/CVK_1_Minimal/CVK_Sphere.cpp */,
				19F827F7482D404DBFEE243C /* /Users/mark/Development/cg/libraries/CVK_1_Minimal/CVK_State.cpp */,
				4487E47918334CB696FC0615 /* /Users/mark/Development/cg/libraries/CVK_1_Minimal/CVK_Teapot.cpp */,
				A440622BAEB745A49AD3F36D /* /Users/mark/Development/cg/libraries/CVK_1_Minimal/CVK_Trackball.cpp */,
				316D6D01A178488E825E18FF /* /Users/mark/Development/cg/libraries/CVK_1_Minimal/CVK_Triangle.cpp */,
				C1F9E96A083D45CE86878825 /* /Users/mark/Development/cg/libraries/CVK_1_Minimal/stb_image.cpp */,
			);
			name = "Source Files";
			sourceTree = "<group>";
		};
		9C728F4CCA694E12930A0CC1 /* CMake Rules */ = {
			isa = PBXGroup;
			children = (
			);
			name = "CMake Rules";
			sourceTree = "<group>";
		};
		A070940C6FE649F9B7C10622 /* 01_Start */ = {
			isa = PBXGroup;
			children = (
				4084609F8013454494DD39C0 /* Source Files */,
				8D563E5A715A49628FC4C16F /* /Users/mark/Development/cg/CG/src/executables/01_Start/CMakeLists.txt */,
			);
			name = 01_Start;
			sourceTree = "<group>";
		};
		A347E805F65748BEBAC764FD /* CMake Rules */ = {
			isa = PBXGroup;
			children = (
			);
			name = "CMake Rules";
			sourceTree = "<group>";
		};
		BB82B1953D804864B968ABAA /* SimpleImage */ = {
			isa = PBXGroup;
			children = (
				1F4212D34B274FE1859F265F /* Source Files */,
				059BD3A44B8541D1A0DD6783 /* Header Files */,
				51209523BC0F4990A32BBF84 /* /Users/mark/Development/cg/libraries/SimpleImage/CMakeLists.txt */,
			);
			name = SimpleImage;
			sourceTree = "<group>";
		};
		BBCFD95104974E3DB93F8062 /* Source Files */ = {
			isa = PBXGroup;
			children = (
				A3A3D76B390F4B1199899DDA /* /Users/mark/Development/cg/libraries/CG1_Tools/CVK_ShaderSet.cpp */,
				5DEE566FD08840E3AB524985 /* /Users/mark/Development/cg/libraries/CG1_Tools/CompatibilityTools.cpp */,
				280B5027AD624459ABC6E961 /* /Users/mark/Development/cg/libraries/CG1_Tools/PixelTools.cpp */,
				7A707B4394184A7897D6AFF9 /* /Users/mark/Development/cg/libraries/CG1_Tools/ShaderTools.cpp */,
				AD08E6F7BA5D481789364D33 /* /Users/mark/Development/cg/libraries/CG1_Tools/TextureTools.cpp */,
				8C7A299472174D4BA61FB112 /* /Users/mark/Development/cg/libraries/CG1_Tools/stb_image.cpp */,
			);
			name = "Source Files";
			sourceTree = "<group>";
		};
		D304C880A88846A99985DCAC /* Header Files */ = {
			isa = PBXGroup;
			children = (
				C8E3A38F55944B96A846DB59 /* /Users/mark/Development/cg/libraries/CG1_Tools/CVK_Defs.h */,
				013287F3713D4F148EAC7B1C /* /Users/mark/Development/cg/libraries/CG1_Tools/CVK_ShaderSet.h */,
				DA83D66A3DB24CD8BF06FD0F /* /Users/mark/Development/cg/libraries/CG1_Tools/CompatibilityTools.h */,
				574B92C0153D42D3877948BD /* /Users/mark/Development/cg/libraries/CG1_Tools/Geometry.h */,
				D36AC8FF35E64CDF92818149 /* /Users/mark/Development/cg/libraries/CG1_Tools/PixelTools.h */,
				F0B26A7A93FD4E2C9B7C201B /* /Users/mark/Development/cg/libraries/CG1_Tools/ShaderTools.h */,
				36B2813A80F54694856EFB26 /* /Users/mark/Development/cg/libraries/CG1_Tools/TextureTools.h */,
				078B35BCE7CB423C9E56490F /* /Users/mark/Development/cg/libraries/CG1_Tools/stb_image.h */,
			);
			name = "Header Files";
			sourceTree = "<group>";
		};
		DCCD2962F22C4F9FAF34F9D3 /* ALL_BUILD */ = {
			isa = PBXGroup;
			children = (
				A347E805F65748BEBAC764FD /* CMake Rules */,
				6D476D9738414551AA92BE0E /* /Users/mark/Development/cg/CG/src/CMakeLists.txt */,
			);
			name = ALL_BUILD;
			sourceTree = "<group>";
		};
		F0FEE2C79FCC40058966505A /* SHADERS */ = {
			isa = PBXGroup;
			children = (
				5398B3BA9A434788A2303812 /* Vertex-Shaders */,
				519B1CBCCE644384A7FBAA4B /* Fragment-Shaders */,
				9C739247581344398CB49AD8 /* /Users/mark/Development/cg/CG/src/shaders/CMakeLists.txt */,
			);
			name = SHADERS;
			sourceTree = "<group>";
		};
/* End PBXGroup section */

/* Begin PBXNativeTarget section */
		5F9F9392E5EC420C9540CD7F /* CG1_Tools */ = {
			isa = PBXNativeTarget;
			buildConfigurationList = 3572149CE9524622AA679660 /* Build configuration list for PBXNativeTarget "CG1_Tools" */;
			buildPhases = (
				AFE98679B4C449458E33BCA2 /* Sources */,
			);
			buildRules = (
			);
			dependencies = (
				FE9AEE26C4634FCBBCDB26A6 /* PBXTargetDependency */,
			);
			name = CG1_Tools;
			productName = CG1_Tools;
			productReference = C8523E8F7E9F40C0B3968D0B /* CG1_Tools */;
			productType = "com.apple.product-type.library.static";
		};
		85E44DD626214703B14F895C /* 01_Start */ = {
			isa = PBXNativeTarget;
			buildConfigurationList = E0A5B70479144206B7DF99E0 /* Build configuration list for PBXNativeTarget "01_Start" */;
			buildPhases = (
				51EB46CE8D6B4F38BCC330F5 /* Sources */,
			);
			buildRules = (
			);
			dependencies = (
				829977B50F174D92B349E691 /* PBXTargetDependency */,
			);
			name = 01_Start;
			productName = 01_Start;
			productReference = C442607F799B41C4A3EE7296 /* 01_Start */;
			productType = "com.apple.product-type.tool";
		};
		8F91BACC52554698BAE1079A /* CVK_1_Minimal */ = {
			isa = PBXNativeTarget;
			buildConfigurationList = A79E42BCA9D34A349E54687E /* Build configuration list for PBXNativeTarget "CVK_1_Minimal" */;
			buildPhases = (
				C3B787374834466193FACEFC /* Sources */,
			);
			buildRules = (
			);
			dependencies = (
				CBF4D78BB8C545A4AE8CC7D0 /* PBXTargetDependency */,
			);
			name = CVK_1_Minimal;
			productName = CVK_1_Minimal;
			productReference = 24FB04683D674BFBB02E2ABB /* CVK_1_Minimal */;
			productType = "com.apple.product-type.library.static";
		};
		A078E0E276844B499D7A03B5 /* SimpleImage */ = {
			isa = PBXNativeTarget;
			buildConfigurationList = E3DAA935A4FE4347AFFC99B2 /* Build configuration list for PBXNativeTarget "SimpleImage" */;
			buildPhases = (
				CC38F1BB70294C8B8CBDDDD9 /* Sources */,
			);
			buildRules = (
			);
			dependencies = (
			);
			name = SimpleImage;
			productName = SimpleImage;
			productReference = E21C64F82F044A74B9FEFD36 /* SimpleImage */;
			productType = "com.apple.product-type.library.static";
		};
/* End PBXNativeTarget section */

/* Begin PBXProject section */
		9DF9207FED7443D1B5003CC4 /* Project object */ = {
			isa = PBXProject;
			attributes = {
				BuildIndependentTargetsInParallel = YES;
				LastUpgradeCheck = 0830;
			};
			buildConfigurationList = 8EA15C6F1A8441688108362A /* Build configuration list for PBXProject "CG" */;
			buildSettings = {
			};
			buildStyles = (
				4F9DD68F38FB4AFD8C19FE17 /* Debug */,
				9B12A9B741E74E8CB26D8720 /* Release */,
			);
			compatibilityVersion = "Xcode 3.2";
			hasScannedForEncodings = 0;
			mainGroup = 4A5914C6035E4E2095ED0F79;
			projectDirPath = /Users/mark/Development/cg/CG/src;
			projectRoot = "";
			targets = (
				CD6AF11CB9B5428699A9815A /* ALL_BUILD */,
				C47C8B7BF4C84958BB8F41C4 /* ZERO_CHECK */,
				5F9F9392E5EC420C9540CD7F /* CG1_Tools */,
				8F91BACC52554698BAE1079A /* CVK_1_Minimal */,
				A078E0E276844B499D7A03B5 /* SimpleImage */,
				85E44DD626214703B14F895C /* 01_Start */,
				7DB4F7BB5FD0490C9F5D71E8 /* SHADERS */,
			);
		};
/* End PBXProject section */

/* Begin PBXShellScriptBuildPhase section */
		02E3A86F289E44EA9D3CF3A7 /* CMake Rules */ = {
			isa = PBXShellScriptBuildPhase;
			buildActionMask = 2147483647;
			files = (
			);
			name = "CMake Rules";
			outputPaths = (
/Users/mark/Development/cg/CG/BUILD_Xcode/CMakeFiles/ALL_BUILD			);
			runOnlyForDeploymentPostprocessing = 0;
			shellPath = /bin/sh;
			shellScript = "make -C /Users/mark/Development/cg/CG/BUILD_Xcode -f /Users/mark/Development/cg/CG/BUILD_Xcode/CMakeScripts/ALL_BUILD_cmakeRulesBuildPhase.make$CONFIGURATION all";
			showEnvVarsInLog = 0;
		};
		3756A34591C34DB48A56EE67 = {
			isa = PBXShellScriptBuildPhase;
			buildActionMask = 2147483647;
			files = (
			);
			inputPaths = (
			);
			outputPaths = (
			);
			runOnlyForDeploymentPostprocessing = 0;
			shellPath = /bin/sh;
			shellScript = "# shell script goes here
exit 0";
			showEnvVarsInLog = 0;
		};
		5AC28B73A0194C51A1437875 /* CMake Rules */ = {
			isa = PBXShellScriptBuildPhase;
			buildActionMask = 2147483647;
			files = (
			);
			name = "CMake Rules";
			outputPaths = (
/Users/mark/Development/cg/CG/BUILD_Xcode/CMakeFiles/ZERO_CHECK			);
			runOnlyForDeploymentPostprocessing = 0;
			shellPath = /bin/sh;
			shellScript = "make -C /Users/mark/Development/cg/CG/BUILD_Xcode -f /Users/mark/Development/cg/CG/BUILD_Xcode/CMakeScripts/ZERO_CHECK_cmakeRulesBuildPhase.make$CONFIGURATION all";
			showEnvVarsInLog = 0;
		};
		F274066259BF44FE800CFD06 = {
			isa = PBXShellScriptBuildPhase;
			buildActionMask = 2147483647;
			files = (
			);
			inputPaths = (
			);
			outputPaths = (
			);
			runOnlyForDeploymentPostprocessing = 0;
			shellPath = /bin/sh;
			shellScript = "# shell script goes here
exit 0";
			showEnvVarsInLog = 0;
		};
		FA53115CC0CF470C9097DBD6 = {
			isa = PBXShellScriptBuildPhase;
			buildActionMask = 2147483647;
			files = (
			);
			inputPaths = (
			);
			outputPaths = (
			);
			runOnlyForDeploymentPostprocessing = 0;
			shellPath = /bin/sh;
			shellScript = "# shell script goes here
exit 0";
			showEnvVarsInLog = 0;
		};
/* End PBXShellScriptBuildPhase section */

/* Begin PBXSourcesBuildPhase section */
		51EB46CE8D6B4F38BCC330F5 /* Sources */ = {
			isa = PBXSourcesBuildPhase;
			buildActionMask = 2147483647;
			files = (
				690EC485F3EE4E5C965F8973 /* /Users/mark/Development/cg/CG/src/executables/01_Start/main.cpp */,
			);
			runOnlyForDeploymentPostprocessing = 0;
		};
		AFE98679B4C449458E33BCA2 /* Sources */ = {
			isa = PBXSourcesBuildPhase;
			buildActionMask = 2147483647;
			files = (
				5996783103E44BA8A72E1802 /* /Users/mark/Development/cg/libraries/CG1_Tools/CVK_ShaderSet.cpp */,
				619683BBF28B4647A014AC0C /* /Users/mark/Development/cg/libraries/CG1_Tools/CompatibilityTools.cpp */,
				7E35FD37FBB24417899F5DD7 /* /Users/mark/Development/cg/libraries/CG1_Tools/PixelTools.cpp */,
				AD589543D672499A9DD62F24 /* /Users/mark/Development/cg/libraries/CG1_Tools/ShaderTools.cpp */,
				B31B45B540354261A3AB1C5B /* /Users/mark/Development/cg/libraries/CG1_Tools/TextureTools.cpp */,
				B814EAF4E4FA461C8B857E91 /* /Users/mark/Development/cg/libraries/CG1_Tools/stb_image.cpp */,
			);
			runOnlyForDeploymentPostprocessing = 0;
		};
		C3B787374834466193FACEFC /* Sources */ = {
			isa = PBXSourcesBuildPhase;
			buildActionMask = 2147483647;
			files = (
				E252FB0B5BD547729D8F06B9 /* /Users/mark/Development/cg/libraries/CVK_1_Minimal/CVK_Camera.cpp */,
				D7D1FFB4EB6F48A4806A1061 /* /Users/mark/Development/cg/libraries/CVK_1_Minimal/CVK_CompatibilityTools.cpp */,
				544AAFDD71BC4413A05B0157 /* /Users/mark/Development/cg/libraries/CVK_1_Minimal/CVK_Cone.cpp */,
				98F8D08590864C84ADC3A1BB /* /Users/mark/Development/cg/libraries/CVK_1_Minimal/CVK_Cube.cpp */,
				3A63A931DEAE4637B0C792E5 /* /Users/mark/Development/cg/libraries/CVK_1_Minimal/CVK_Geometry.cpp */,
				3519CE5E32C74317B72550FC /* /Users/mark/Development/cg/libraries/CVK_1_Minimal/CVK_Node.cpp */,
				17E96EBB05B8433B85A00352 /* /Users/mark/Development/cg/libraries/CVK_1_Minimal/CVK_Ortho.cpp */,
				A36168311222433FB3E7FB85 /* /Users/mark/Development/cg/libraries/CVK_1_Minimal/CVK_Perspective.cpp */,
				B0CD91B70D094EDB81AEBF72 /* /Users/mark/Development/cg/libraries/CVK_1_Minimal/CVK_Pilotview.cpp */,
				3378B3C400074732A5C28A0C /* /Users/mark/Development/cg/libraries/CVK_1_Minimal/CVK_Plane.cpp */,
				FAEF9D6D40CD4615AB29AA6F /* /Users/mark/Development/cg/libraries/CVK_1_Minimal/CVK_Projection.cpp */,
				C296D04F67AC465C9A3252C1 /* /Users/mark/Development/cg/libraries/CVK_1_Minimal/CVK_ShaderMinimal.cpp */,
				B150AE552E8A48C4A44139A9 /* /Users/mark/Development/cg/libraries/CVK_1_Minimal/CVK_ShaderSet.cpp */,
				8C2665784EBA48FD9BE3F94A /* /Users/mark/Development/cg/libraries/CVK_1_Minimal/CVK_Sphere.cpp */,
				066245879FB44924A591F589 /* /Users/mark/Development/cg/libraries/CVK_1_Minimal/CVK_State.cpp */,
				D3AE02CD871F415A82FEBDC8 /* /Users/mark/Development/cg/libraries/CVK_1_Minimal/CVK_Teapot.cpp */,
				989BEC69D5C24603BC54EBBE /* /Users/mark/Development/cg/libraries/CVK_1_Minimal/CVK_Trackball.cpp */,
				303131A76FA94CF6A0FFBE51 /* /Users/mark/Development/cg/libraries/CVK_1_Minimal/CVK_Triangle.cpp */,
				45F4E06ADB9B4CA5B8309EFB /* /Users/mark/Development/cg/libraries/CVK_1_Minimal/stb_image.cpp */,
			);
			runOnlyForDeploymentPostprocessing = 0;
		};
		CC38F1BB70294C8B8CBDDDD9 /* Sources */ = {
			isa = PBXSourcesBuildPhase;
			buildActionMask = 2147483647;
			files = (
				2520139CDFEF42CDB0789811 /* /Users/mark/Development/cg/libraries/SimpleImage/SimpleFloatImage.cpp */,
				E238456B213840B3B3DC90A7 /* /Users/mark/Development/cg/libraries/SimpleImage/SimpleGrayImage.cpp */,
				7AFFAE95FA674B1CA5E2CDAC /* /Users/mark/Development/cg/libraries/SimpleImage/SimpleImage.cpp */,
				C6A8612F5C9044038DF23767 /* /Users/mark/Development/cg/libraries/SimpleImage/SimpleRGBImage.cpp */,
				5F9ED37DA54A4BE7ADE84E07 /* /Users/mark/Development/cg/libraries/SimpleImage/WindowManager.cpp */,
			);
			runOnlyForDeploymentPostprocessing = 0;
		};
/* End PBXSourcesBuildPhase section */

/* Begin PBXTargetDependency section */
		80A8EFAB2F4B40BDAE9DD7A1 /* PBXTargetDependency */ = {
			isa = PBXTargetDependency;
			target = 85E44DD626214703B14F895C /* 01_Start */;
			targetProxy = 9033046DA28040218963D880 /* PBXContainerItemProxy */;
		};
		829977B50F174D92B349E691 /* PBXTargetDependency */ = {
			isa = PBXTargetDependency;
			target = 5F9F9392E5EC420C9540CD7F /* CG1_Tools */;
			targetProxy = 2E4A21278B4E417C8A7F20AA /* PBXContainerItemProxy */;
		};
		CBF4D78BB8C545A4AE8CC7D0 /* PBXTargetDependency */ = {
			isa = PBXTargetDependency;
			target = A078E0E276844B499D7A03B5 /* SimpleImage */;
			targetProxy = 214A7E7AC5FE42D0A523800E /* PBXContainerItemProxy */;
		};
		D4408FC527C241778A71C52D /* PBXTargetDependency */ = {
			isa = PBXTargetDependency;
			target = 5F9F9392E5EC420C9540CD7F /* CG1_Tools */;
			targetProxy = D7E7FAE3857D488FA07CDB2C /* PBXContainerItemProxy */;
		};
		F230E01033934A4597FC57D1 /* PBXTargetDependency */ = {
			isa = PBXTargetDependency;
			target = C47C8B7BF4C84958BB8F41C4 /* ZERO_CHECK */;
			targetProxy = 959D8ECA27E24032B9AA340C /* PBXContainerItemProxy */;
		};
		FE9AEE26C4634FCBBCDB26A6 /* PBXTargetDependency */ = {
			isa = PBXTargetDependency;
			target = 8F91BACC52554698BAE1079A /* CVK_1_Minimal */;
			targetProxy = EA4B5542C22B468DB57081AA /* PBXContainerItemProxy */;
		};
/* End PBXTargetDependency section */

/* Begin XCBuildConfiguration section */
		21B43160172E4D6993082DAB /* Release */ = {
			isa = XCBuildConfiguration;
			buildSettings = {
				COMBINE_HIDPI_IMAGES = YES;
				CONFIGURATION_BUILD_DIR = /Users/mark/Development/cg/CG/BUILD_Xcode/lib/Release;
				EXECUTABLE_PREFIX = lib;
				EXECUTABLE_SUFFIX = .a;
				FRAMEWORK_SEARCH_PATHS = (/Applications/Xcode.app/Contents/Developer/Platforms/MacOSX.platform/Developer/SDKs/MacOSX10.12.sdk/System/Library/Frameworks);
				GCC_GENERATE_DEBUGGING_SYMBOLS = NO;
				GCC_INLINES_ARE_PRIVATE_EXTERN = NO;
				GCC_OPTIMIZATION_LEVEL = 3;
				GCC_PREPROCESSOR_DEFINITIONS = ("'CMAKE_INTDIR=\"$(CONFIGURATION)$(EFFECTIVE_PLATFORM_NAME)\"'",GLM_FORCE_RADIANS,"'SHADERS_PATH=\"/Users/mark/Development/cg/CG/src/shaders\"'","'RESOURCES_PATH=\"/Users/mark/Development/cg/CG/src/../../resources\"'",GLFW_INCLUDE_GLCOREARB,GLEW_STATIC,GL_DO_NOT_WARN_IF_MULTI_GL_VERSION_HEADERS_INCLUDED,GLEW_NO_GLU);
				GCC_SYMBOLS_PRIVATE_EXTERN = NO;
				HEADER_SEARCH_PATHS = (/usr/local/include,/Users/mark/Development/cg/CG/src/../../libraries);
				INSTALL_PATH = "";
				LIBRARY_STYLE = STATIC;
				OTHER_CPLUSPLUSFLAGS = " -std=c++11     -DNDEBUG  ";
				OTHER_LIBTOOLFLAGS = " ";
				OTHER_REZFLAGS = "";
				PRODUCT_NAME = CVK_1_Minimal;
				SECTORDER_FLAGS = "";
				SYMROOT = /Users/mark/Development/cg/CG/BUILD_Xcode/libraries/CVK_1_Minimal;
				USE_HEADERMAP = NO;
				WARNING_CFLAGS = ("-Wmost","-Wno-four-char-constants","-Wno-unknown-pragmas","$(inherited)");
			};
			name = Release;
		};
		39364DE35CB04988B5FBB24D /* Debug */ = {
			isa = XCBuildConfiguration;
			buildSettings = {
				COMBINE_HIDPI_IMAGES = YES;
				GCC_GENERATE_DEBUGGING_SYMBOLS = YES;
				GCC_INLINES_ARE_PRIVATE_EXTERN = NO;
				GCC_OPTIMIZATION_LEVEL = 0;
				GCC_PREPROCESSOR_DEFINITIONS = ("'CMAKE_INTDIR=\"$(CONFIGURATION)$(EFFECTIVE_PLATFORM_NAME)\"'",GLM_FORCE_RADIANS);
				GCC_SYMBOLS_PRIVATE_EXTERN = NO;
				INSTALL_PATH = "";
				OTHER_LDFLAGS = " ";
				OTHER_REZFLAGS = "";
				PRODUCT_NAME = SHADERS;
				SECTORDER_FLAGS = "";
				SYMROOT = /Users/mark/Development/cg/CG/BUILD_Xcode/shaders;
				USE_HEADERMAP = NO;
				WARNING_CFLAGS = ("-Wmost","-Wno-four-char-constants","-Wno-unknown-pragmas","$(inherited)");
			};
			name = Debug;
		};
		53FBD64E867746FCBA3E2207 /* Debug */ = {
			isa = XCBuildConfiguration;
			buildSettings = {
				COMBINE_HIDPI_IMAGES = YES;
				CONFIGURATION_BUILD_DIR = /Users/mark/Development/cg/CG/BUILD_Xcode/bin/Debug;
				EXECUTABLE_PREFIX = "";
				EXECUTABLE_SUFFIX = "";
				FRAMEWORK_SEARCH_PATHS = (/Applications/Xcode.app/Contents/Developer/Platforms/MacOSX.platform/Developer/SDKs/MacOSX10.12.sdk/System/Library/Frameworks);
				GCC_GENERATE_DEBUGGING_SYMBOLS = YES;
				GCC_INLINES_ARE_PRIVATE_EXTERN = NO;
				GCC_OPTIMIZATION_LEVEL = 0;
				GCC_PREPROCESSOR_DEFINITIONS = ("'CMAKE_INTDIR=\"$(CONFIGURATION)$(EFFECTIVE_PLATFORM_NAME)\"'",GLM_FORCE_RADIANS,"'SHADERS_PATH=\"/Users/mark/Development/cg/CG/src/shaders\"'","'RESOURCES_PATH=\"/Users/mark/Development/cg/CG/src/../../resources\"'",GLFW_INCLUDE_GLCOREARB,GLEW_STATIC,GL_DO_NOT_WARN_IF_MULTI_GL_VERSION_HEADERS_INCLUDED,GLEW_NO_GLU);
				GCC_SYMBOLS_PRIVATE_EXTERN = NO;
				HEADER_SEARCH_PATHS = (/usr/local/include,/Users/mark/Development/cg/CG/src/../../libraries);
				INSTALL_PATH = "";
				LIBRARY_SEARCH_PATHS = "";
				OTHER_CPLUSPLUSFLAGS = " -std=c++11     ";
				OTHER_LDFLAGS = " -Wl,-search_paths_first -Wl,-headerpad_max_install_names  /Users/mark/Development/cg/CG/BUILD_Xcode/lib/Debug/libCG1_Tools.a /Users/mark/Development/cg/CG/BUILD_Xcode/lib/Debug/libCVK_1_Minimal.a /Users/mark/Development/cg/CG/BUILD_Xcode/lib/Debug/libSimpleImage.a /usr/local/lib/libglfw.dylib /usr/local/lib/libGLEW.a -framework Cocoa -framework OpenGL -framework IOKit -framework CoreVideo /Users/mark/Development/cg/CG/BUILD_Xcode/lib/Debug/libCG1_Tools.a /Users/mark/Development/cg/CG/BUILD_Xcode/lib/Debug/libCVK_1_Minimal.a /Users/mark/Development/cg/CG/BUILD_Xcode/lib/Debug/libSimpleImage.a /usr/local/lib/libglfw.dylib /usr/local/lib/libGLEW.a -framework Cocoa -framework OpenGL -framework IOKit -framework CoreVideo";
				OTHER_REZFLAGS = "";
				PRODUCT_NAME = 01_Start;
				SECTORDER_FLAGS = "";
				SYMROOT = /Users/mark/Development/cg/CG/BUILD_Xcode/executables/01_Start;
				USE_HEADERMAP = NO;
				WARNING_CFLAGS = ("-Wmost","-Wno-four-char-constants","-Wno-unknown-pragmas","$(inherited)");
			};
			name = Debug;
		};
		5C69513D49AC49FEBEEEC632 /* Release */ = {
			isa = XCBuildConfiguration;
			buildSettings = {
				ONLY_ACTIVE_ARCH = YES;
				SDKROOT = /Applications/Xcode.app/Contents/Developer/Platforms/MacOSX.platform/Developer/SDKs/MacOSX10.12.sdk;
				SYMROOT = /Users/mark/Development/cg/CG/BUILD_Xcode/build;
			};
			name = Release;
		};
		604C1D3349484E8CAD352B94 /* Release */ = {
			isa = XCBuildConfiguration;
			buildSettings = {
				COMBINE_HIDPI_IMAGES = YES;
				GCC_GENERATE_DEBUGGING_SYMBOLS = YES;
				GCC_INLINES_ARE_PRIVATE_EXTERN = NO;
				GCC_OPTIMIZATION_LEVEL = 0;
				GCC_PREPROCESSOR_DEFINITIONS = ("'CMAKE_INTDIR=\"$(CONFIGURATION)$(EFFECTIVE_PLATFORM_NAME)\"'",GLM_FORCE_RADIANS);
				GCC_SYMBOLS_PRIVATE_EXTERN = NO;
				INSTALL_PATH = "";
				OTHER_LDFLAGS = " ";
				OTHER_REZFLAGS = "";
				PRODUCT_NAME = SHADERS;
				SECTORDER_FLAGS = "";
				SYMROOT = /Users/mark/Development/cg/CG/BUILD_Xcode/shaders;
				USE_HEADERMAP = NO;
				WARNING_CFLAGS = ("-Wmost","-Wno-four-char-constants","-Wno-unknown-pragmas","$(inherited)");
			};
			name = Release;
		};
		6C5B9D33E7B74CA2B849198F /* Debug */ = {
			isa = XCBuildConfiguration;
			buildSettings = {
				COMBINE_HIDPI_IMAGES = YES;
				CONFIGURATION_BUILD_DIR = /Users/mark/Development/cg/CG/BUILD_Xcode/lib/Debug;
				EXECUTABLE_PREFIX = lib;
				EXECUTABLE_SUFFIX = .a;
				FRAMEWORK_SEARCH_PATHS = (/Applications/Xcode.app/Contents/Developer/Platforms/MacOSX.platform/Developer/SDKs/MacOSX10.12.sdk/System/Library/Frameworks);
				GCC_GENERATE_DEBUGGING_SYMBOLS = YES;
				GCC_INLINES_ARE_PRIVATE_EXTERN = NO;
				GCC_OPTIMIZATION_LEVEL = 0;
				GCC_PREPROCESSOR_DEFINITIONS = ("'CMAKE_INTDIR=\"$(CONFIGURATION)$(EFFECTIVE_PLATFORM_NAME)\"'",GLM_FORCE_RADIANS,"'SHADERS_PATH=\"/Users/mark/Development/cg/CG/src/shaders\"'","'RESOURCES_PATH=\"/Users/mark/Development/cg/CG/src/../../resources\"'",GLFW_INCLUDE_GLCOREARB,GLEW_STATIC,GL_DO_NOT_WARN_IF_MULTI_GL_VERSION_HEADERS_INCLUDED,GLEW_NO_GLU);
				GCC_SYMBOLS_PRIVATE_EXTERN = NO;
				HEADER_SEARCH_PATHS = (/usr/local/include,/Users/mark/Development/cg/CG/src/../../libraries);
				INSTALL_PATH = "";
				LIBRARY_STYLE = STATIC;
				OTHER_CPLUSPLUSFLAGS = " -std=c++11     ";
				OTHER_LIBTOOLFLAGS = " ";
				OTHER_REZFLAGS = "";
				PRODUCT_NAME = CVK_1_Minimal;
				SECTORDER_FLAGS = "";
				SYMROOT = /Users/mark/Development/cg/CG/BUILD_Xcode/libraries/CVK_1_Minimal;
				USE_HEADERMAP = NO;
				WARNING_CFLAGS = ("-Wmost","-Wno-four-char-constants","-Wno-unknown-pragmas","$(inherited)");
			};
			name = Debug;
		};
		6E65F1A21DF04C55B634997E /* Release */ = {
			isa = XCBuildConfiguration;
			buildSettings = {
				COMBINE_HIDPI_IMAGES = YES;
				CONFIGURATION_BUILD_DIR = /Users/mark/Development/cg/CG/BUILD_Xcode/lib/Release;
				EXECUTABLE_PREFIX = lib;
				EXECUTABLE_SUFFIX = .a;
				FRAMEWORK_SEARCH_PATHS = (/Applications/Xcode.app/Contents/Developer/Platforms/MacOSX.platform/Developer/SDKs/MacOSX10.12.sdk/System/Library/Frameworks);
				GCC_GENERATE_DEBUGGING_SYMBOLS = NO;
				GCC_INLINES_ARE_PRIVATE_EXTERN = NO;
				GCC_OPTIMIZATION_LEVEL = 3;
				GCC_PREPROCESSOR_DEFINITIONS = ("'CMAKE_INTDIR=\"$(CONFIGURATION)$(EFFECTIVE_PLATFORM_NAME)\"'",GLM_FORCE_RADIANS,"'SHADERS_PATH=\"/Users/mark/Development/cg/CG/src/shaders\"'","'RESOURCES_PATH=\"/Users/mark/Development/cg/CG/src/../../resources\"'",GLFW_INCLUDE_GLCOREARB,GLEW_STATIC,GL_DO_NOT_WARN_IF_MULTI_GL_VERSION_HEADERS_INCLUDED,GLEW_NO_GLU);
				GCC_SYMBOLS_PRIVATE_EXTERN = NO;
				HEADER_SEARCH_PATHS = (/usr/local/include,/Users/mark/Development/cg/CG/src/../../libraries);
				INSTALL_PATH = "";
				LIBRARY_STYLE = STATIC;
				OTHER_CPLUSPLUSFLAGS = " -std=c++11     -DNDEBUG  ";
				OTHER_LIBTOOLFLAGS = " ";
				OTHER_REZFLAGS = "";
				PRODUCT_NAME = CG1_Tools;
				SECTORDER_FLAGS = "";
				SYMROOT = /Users/mark/Development/cg/CG/BUILD_Xcode/libraries/CG1_Tools;
				USE_HEADERMAP = NO;
				WARNING_CFLAGS = ("-Wmost","-Wno-four-char-constants","-Wno-unknown-pragmas","$(inherited)");
			};
			name = Release;
		};
		9586C11D027A499E9741CCDD /* Release */ = {
			isa = XCBuildConfiguration;
			buildSettings = {
				COMBINE_HIDPI_IMAGES = YES;
				GCC_GENERATE_DEBUGGING_SYMBOLS = YES;
				GCC_INLINES_ARE_PRIVATE_EXTERN = NO;
				GCC_OPTIMIZATION_LEVEL = 0;
				GCC_PREPROCESSOR_DEFINITIONS = ("'CMAKE_INTDIR=\"$(CONFIGURATION)$(EFFECTIVE_PLATFORM_NAME)\"'");
				GCC_SYMBOLS_PRIVATE_EXTERN = NO;
				INSTALL_PATH = "";
				OTHER_LDFLAGS = " ";
				OTHER_REZFLAGS = "";
				PRODUCT_NAME = ZERO_CHECK;
				SECTORDER_FLAGS = "";
				SYMROOT = /Users/mark/Development/cg/CG/BUILD_Xcode;
				USE_HEADERMAP = NO;
				WARNING_CFLAGS = ("-Wmost","-Wno-four-char-constants","-Wno-unknown-pragmas","$(inherited)");
			};
			name = Release;
		};
		9C9386828C8545B5BBFBDE4E /* Debug */ = {
			isa = XCBuildConfiguration;
			buildSettings = {
				COMBINE_HIDPI_IMAGES = YES;
				CONFIGURATION_BUILD_DIR = /Users/mark/Development/cg/CG/BUILD_Xcode/lib/Debug;
				EXECUTABLE_PREFIX = lib;
				EXECUTABLE_SUFFIX = .a;
				FRAMEWORK_SEARCH_PATHS = (/Applications/Xcode.app/Contents/Developer/Platforms/MacOSX.platform/Developer/SDKs/MacOSX10.12.sdk/System/Library/Frameworks);
				GCC_GENERATE_DEBUGGING_SYMBOLS = YES;
				GCC_INLINES_ARE_PRIVATE_EXTERN = NO;
				GCC_OPTIMIZATION_LEVEL = 0;
				GCC_PREPROCESSOR_DEFINITIONS = ("'CMAKE_INTDIR=\"$(CONFIGURATION)$(EFFECTIVE_PLATFORM_NAME)\"'",GLM_FORCE_RADIANS,"'SHADERS_PATH=\"/Users/mark/Development/cg/CG/src/shaders\"'","'RESOURCES_PATH=\"/Users/mark/Development/cg/CG/src/../../resources\"'",GLFW_INCLUDE_GLCOREARB,GLEW_STATIC,GL_DO_NOT_WARN_IF_MULTI_GL_VERSION_HEADERS_INCLUDED,GLEW_NO_GLU);
				GCC_SYMBOLS_PRIVATE_EXTERN = NO;
				HEADER_SEARCH_PATHS = (/usr/local/include,/Users/mark/Development/cg/CG/src/../../libraries);
				INSTALL_PATH = "";
				LIBRARY_STYLE = STATIC;
				OTHER_CPLUSPLUSFLAGS = " -std=c++11     ";
				OTHER_LIBTOOLFLAGS = " ";
				OTHER_REZFLAGS = "";
				PRODUCT_NAME = SimpleImage;
				SECTORDER_FLAGS = "";
				SYMROOT = /Users/mark/Development/cg/CG/BUILD_Xcode/libraries/SimpleImage;
				USE_HEADERMAP = NO;
				WARNING_CFLAGS = ("-Wmost","-Wno-four-char-constants","-Wno-unknown-pragmas","$(inherited)");
			};
			name = Debug;
		};
		9D0F201EF81A4DA7A0E32A00 /* Release */ = {
			isa = XCBuildConfiguration;
			buildSettings = {
				COMBINE_HIDPI_IMAGES = YES;
				CONFIGURATION_BUILD_DIR = /Users/mark/Development/cg/CG/BUILD_Xcode/lib/Release;
				EXECUTABLE_PREFIX = lib;
				EXECUTABLE_SUFFIX = .a;
				FRAMEWORK_SEARCH_PATHS = (/Applications/Xcode.app/Contents/Developer/Platforms/MacOSX.platform/Developer/SDKs/MacOSX10.12.sdk/System/Library/Frameworks);
				GCC_GENERATE_DEBUGGING_SYMBOLS = NO;
				GCC_INLINES_ARE_PRIVATE_EXTERN = NO;
				GCC_OPTIMIZATION_LEVEL = 3;
				GCC_PREPROCESSOR_DEFINITIONS = ("'CMAKE_INTDIR=\"$(CONFIGURATION)$(EFFECTIVE_PLATFORM_NAME)\"'",GLM_FORCE_RADIANS,"'SHADERS_PATH=\"/Users/mark/Development/cg/CG/src/shaders\"'","'RESOURCES_PATH=\"/Users/mark/Development/cg/CG/src/../../resources\"'",GLFW_INCLUDE_GLCOREARB,GLEW_STATIC,GL_DO_NOT_WARN_IF_MULTI_GL_VERSION_HEADERS_INCLUDED,GLEW_NO_GLU);
				GCC_SYMBOLS_PRIVATE_EXTERN = NO;
				HEADER_SEARCH_PATHS = (/usr/local/include,/Users/mark/Development/cg/CG/src/../../libraries);
				INSTALL_PATH = "";
				LIBRARY_STYLE = STATIC;
				OTHER_CPLUSPLUSFLAGS = " -std=c++11     -DNDEBUG  ";
				OTHER_LIBTOOLFLAGS = " ";
				OTHER_REZFLAGS = "";
				PRODUCT_NAME = SimpleImage;
				SECTORDER_FLAGS = "";
				SYMROOT = /Users/mark/Development/cg/CG/BUILD_Xcode/libraries/SimpleImage;
				USE_HEADERMAP = NO;
				WARNING_CFLAGS = ("-Wmost","-Wno-four-char-constants","-Wno-unknown-pragmas","$(inherited)");
			};
			name = Release;
		};
		9EA5D9BD60154B6B9978FE06 /* Debug */ = {
			isa = XCBuildConfiguration;
			buildSettings = {
				ONLY_ACTIVE_ARCH = YES;
				SDKROOT = /Applications/Xcode.app/Contents/Developer/Platforms/MacOSX.platform/Developer/SDKs/MacOSX10.12.sdk;
				SYMROOT = /Users/mark/Development/cg/CG/BUILD_Xcode/build;
			};
			name = Debug;
		};
		B0147A0F4601439ABD4F423E /* Debug */ = {
			isa = XCBuildConfiguration;
			buildSettings = {
				COMBINE_HIDPI_IMAGES = YES;
				GCC_GENERATE_DEBUGGING_SYMBOLS = YES;
				GCC_INLINES_ARE_PRIVATE_EXTERN = NO;
				GCC_OPTIMIZATION_LEVEL = 0;
				GCC_PREPROCESSOR_DEFINITIONS = ("'CMAKE_INTDIR=\"$(CONFIGURATION)$(EFFECTIVE_PLATFORM_NAME)\"'");
				GCC_SYMBOLS_PRIVATE_EXTERN = NO;
				INSTALL_PATH = "";
				OTHER_LDFLAGS = " ";
				OTHER_REZFLAGS = "";
				PRODUCT_NAME = ALL_BUILD;
				SECTORDER_FLAGS = "";
				SYMROOT = /Users/mark/Development/cg/CG/BUILD_Xcode;
				USE_HEADERMAP = NO;
				WARNING_CFLAGS = ("-Wmost","-Wno-four-char-constants","-Wno-unknown-pragmas","$(inherited)");
			};
			name = Debug;
		};
		B839027F8C324570AFA65ACB /* Debug */ = {
			isa = XCBuildConfiguration;
			buildSettings = {
				COMBINE_HIDPI_IMAGES = YES;
				GCC_GENERATE_DEBUGGING_SYMBOLS = YES;
				GCC_INLINES_ARE_PRIVATE_EXTERN = NO;
				GCC_OPTIMIZATION_LEVEL = 0;
				GCC_PREPROCESSOR_DEFINITIONS = ("'CMAKE_INTDIR=\"$(CONFIGURATION)$(EFFECTIVE_PLATFORM_NAME)\"'");
				GCC_SYMBOLS_PRIVATE_EXTERN = NO;
				INSTALL_PATH = "";
				OTHER_LDFLAGS = " ";
				OTHER_REZFLAGS = "";
				PRODUCT_NAME = ZERO_CHECK;
				SECTORDER_FLAGS = "";
				SYMROOT = /Users/mark/Development/cg/CG/BUILD_Xcode;
				USE_HEADERMAP = NO;
				WARNING_CFLAGS = ("-Wmost","-Wno-four-char-constants","-Wno-unknown-pragmas","$(inherited)");
			};
			name = Debug;
		};
		C6A293DABBA244519FD7DDAC /* Release */ = {
			isa = XCBuildConfiguration;
			buildSettings = {
				COMBINE_HIDPI_IMAGES = YES;
				GCC_GENERATE_DEBUGGING_SYMBOLS = YES;
				GCC_INLINES_ARE_PRIVATE_EXTERN = NO;
				GCC_OPTIMIZATION_LEVEL = 0;
				GCC_PREPROCESSOR_DEFINITIONS = ("'CMAKE_INTDIR=\"$(CONFIGURATION)$(EFFECTIVE_PLATFORM_NAME)\"'");
				GCC_SYMBOLS_PRIVATE_EXTERN = NO;
				INSTALL_PATH = "";
				OTHER_LDFLAGS = " ";
				OTHER_REZFLAGS = "";
				PRODUCT_NAME = ALL_BUILD;
				SECTORDER_FLAGS = "";
				SYMROOT = /Users/mark/Development/cg/CG/BUILD_Xcode;
				USE_HEADERMAP = NO;
				WARNING_CFLAGS = ("-Wmost","-Wno-four-char-constants","-Wno-unknown-pragmas","$(inherited)");
			};
			name = Release;
		};
		F54AC25830944867A3F5C930 /* Debug */ = {
			isa = XCBuildConfiguration;
			buildSettings = {
				COMBINE_HIDPI_IMAGES = YES;
				CONFIGURATION_BUILD_DIR = /Users/mark/Development/cg/CG/BUILD_Xcode/lib/Debug;
				EXECUTABLE_PREFIX = lib;
				EXECUTABLE_SUFFIX = .a;
				FRAMEWORK_SEARCH_PATHS = (/Applications/Xcode.app/Contents/Developer/Platforms/MacOSX.platform/Developer/SDKs/MacOSX10.12.sdk/System/Library/Frameworks);
				GCC_GENERATE_DEBUGGING_SYMBOLS = YES;
				GCC_INLINES_ARE_PRIVATE_EXTERN = NO;
				GCC_OPTIMIZATION_LEVEL = 0;
				GCC_PREPROCESSOR_DEFINITIONS = ("'CMAKE_INTDIR=\"$(CONFIGURATION)$(EFFECTIVE_PLATFORM_NAME)\"'",GLM_FORCE_RADIANS,"'SHADERS_PATH=\"/Users/mark/Development/cg/CG/src/shaders\"'","'RESOURCES_PATH=\"/Users/mark/Development/cg/CG/src/../../resources\"'",GLFW_INCLUDE_GLCOREARB,GLEW_STATIC,GL_DO_NOT_WARN_IF_MULTI_GL_VERSION_HEADERS_INCLUDED,GLEW_NO_GLU);
				GCC_SYMBOLS_PRIVATE_EXTERN = NO;
				HEADER_SEARCH_PATHS = (/usr/local/include,/Users/mark/Development/cg/CG/src/../../libraries);
				INSTALL_PATH = "";
				LIBRARY_STYLE = STATIC;
				OTHER_CPLUSPLUSFLAGS = " -std=c++11     ";
				OTHER_LIBTOOLFLAGS = " ";
				OTHER_REZFLAGS = "";
				PRODUCT_NAME = CG1_Tools;
				SECTORDER_FLAGS = "";
				SYMROOT = /Users/mark/Development/cg/CG/BUILD_Xcode/libraries/CG1_Tools;
				USE_HEADERMAP = NO;
				WARNING_CFLAGS = ("-Wmost","-Wno-four-char-constants","-Wno-unknown-pragmas","$(inherited)");
			};
			name = Debug;
		};
		FD3D8847261C4C85B0407732 /* Release */ = {
			isa = XCBuildConfiguration;
			buildSettings = {
				COMBINE_HIDPI_IMAGES = YES;
				CONFIGURATION_BUILD_DIR = /Users/mark/Development/cg/CG/BUILD_Xcode/bin/Release;
				EXECUTABLE_PREFIX = "";
				EXECUTABLE_SUFFIX = "";
				FRAMEWORK_SEARCH_PATHS = (/Applications/Xcode.app/Contents/Developer/Platforms/MacOSX.platform/Developer/SDKs/MacOSX10.12.sdk/System/Library/Frameworks);
				GCC_GENERATE_DEBUGGING_SYMBOLS = NO;
				GCC_INLINES_ARE_PRIVATE_EXTERN = NO;
				GCC_OPTIMIZATION_LEVEL = 3;
				GCC_PREPROCESSOR_DEFINITIONS = ("'CMAKE_INTDIR=\"$(CONFIGURATION)$(EFFECTIVE_PLATFORM_NAME)\"'",GLM_FORCE_RADIANS,"'SHADERS_PATH=\"/Users/mark/Development/cg/CG/src/shaders\"'","'RESOURCES_PATH=\"/Users/mark/Development/cg/CG/src/../../resources\"'",GLFW_INCLUDE_GLCOREARB,GLEW_STATIC,GL_DO_NOT_WARN_IF_MULTI_GL_VERSION_HEADERS_INCLUDED,GLEW_NO_GLU);
				GCC_SYMBOLS_PRIVATE_EXTERN = NO;
				HEADER_SEARCH_PATHS = (/usr/local/include,/Users/mark/Development/cg/CG/src/../../libraries);
				INSTALL_PATH = "";
				LIBRARY_SEARCH_PATHS = "";
				OTHER_CPLUSPLUSFLAGS = " -std=c++11     -DNDEBUG  ";
				OTHER_LDFLAGS = " -Wl,-search_paths_first -Wl,-headerpad_max_install_names  /Users/mark/Development/cg/CG/BUILD_Xcode/lib/Release/libCG1_Tools.a /Users/mark/Development/cg/CG/BUILD_Xcode/lib/Release/libCVK_1_Minimal.a /Users/mark/Development/cg/CG/BUILD_Xcode/lib/Release/libSimpleImage.a /usr/local/lib/libglfw.dylib /usr/local/lib/libGLEW.a -framework Cocoa -framework OpenGL -framework IOKit -framework CoreVideo /Users/mark/Development/cg/CG/BUILD_Xcode/lib/Release/libCG1_Tools.a /Users/mark/Development/cg/CG/BUILD_Xcode/lib/Release/libCVK_1_Minimal.a /Users/mark/Development/cg/CG/BUILD_Xcode/lib/Release/libSimpleImage.a /usr/local/lib/libglfw.dylib /usr/local/lib/libGLEW.a -framework Cocoa -framework OpenGL -framework IOKit -framework CoreVideo";
				OTHER_REZFLAGS = "";
				PRODUCT_NAME = 01_Start;
				SECTORDER_FLAGS = "";
				SYMROOT = /Users/mark/Development/cg/CG/BUILD_Xcode/executables/01_Start;
				USE_HEADERMAP = NO;
				WARNING_CFLAGS = ("-Wmost","-Wno-four-char-constants","-Wno-unknown-pragmas","$(inherited)");
			};
			name = Release;
		};
/* End XCBuildConfiguration section */

/* Begin XCConfigurationList section */
		3572149CE9524622AA679660 /* Build configuration list for PBXNativeTarget "CG1_Tools" */ = {
			isa = XCConfigurationList;
			buildConfigurations = (
				F54AC25830944867A3F5C930 /* Debug */,
				6E65F1A21DF04C55B634997E /* Release */,
			);
			defaultConfigurationIsVisible = 0;
			defaultConfigurationName = Debug;
		};
		35BA700A9AC64A3D9579A641 /* Build configuration list for PBXAggregateTarget "ZERO_CHECK" */ = {
			isa = XCConfigurationList;
			buildConfigurations = (
				B839027F8C324570AFA65ACB /* Debug */,
				9586C11D027A499E9741CCDD /* Release */,
			);
			defaultConfigurationIsVisible = 0;
			defaultConfigurationName = Debug;
		};
		67B5F1DEF6824656B09F8561 /* Build configuration list for PBXAggregateTarget "SHADERS" */ = {
			isa = XCConfigurationList;
			buildConfigurations = (
				39364DE35CB04988B5FBB24D /* Debug */,
				604C1D3349484E8CAD352B94 /* Release */,
			);
			defaultConfigurationIsVisible = 0;
			defaultConfigurationName = Debug;
		};
		85718A1A10A643A7B96CA2A2 /* Build configuration list for PBXAggregateTarget "ALL_BUILD" */ = {
			isa = XCConfigurationList;
			buildConfigurations = (
				B0147A0F4601439ABD4F423E /* Debug */,
				C6A293DABBA244519FD7DDAC /* Release */,
			);
			defaultConfigurationIsVisible = 0;
			defaultConfigurationName = Debug;
		};
		8EA15C6F1A8441688108362A /* Build configuration list for PBXProject "CG" */ = {
			isa = XCConfigurationList;
			buildConfigurations = (
				9EA5D9BD60154B6B9978FE06 /* Debug */,
				5C69513D49AC49FEBEEEC632 /* Release */,
			);
			defaultConfigurationIsVisible = 0;
			defaultConfigurationName = Debug;
		};
		A79E42BCA9D34A349E54687E /* Build configuration list for PBXNativeTarget "CVK_1_Minimal" */ = {
			isa = XCConfigurationList;
			buildConfigurations = (
				6C5B9D33E7B74CA2B849198F /* Debug */,
				21B43160172E4D6993082DAB /* Release */,
			);
			defaultConfigurationIsVisible = 0;
			defaultConfigurationName = Debug;
		};
		E0A5B70479144206B7DF99E0 /* Build configuration list for PBXNativeTarget "01_Start" */ = {
			isa = XCConfigurationList;
			buildConfigurations = (
				53FBD64E867746FCBA3E2207 /* Debug */,
				FD3D8847261C4C85B0407732 /* Release */,
			);
			defaultConfigurationIsVisible = 0;
			defaultConfigurationName = Debug;
		};
		E3DAA935A4FE4347AFFC99B2 /* Build configuration list for PBXNativeTarget "SimpleImage" */ = {
			isa = XCConfigurationList;
			buildConfigurations = (
				9C9386828C8545B5BBFBDE4E /* Debug */,
				9D0F201EF81A4DA7A0E32A00 /* Release */,
			);
			defaultConfigurationIsVisible = 0;
			defaultConfigurationName = Debug;
		};
/* End XCConfigurationList section */
	};
	rootObject = 9DF9207FED7443D1B5003CC4 /* Project object */;
}
