// !$*UTF8*$!
{
	archiveVersion = 1;
	classes = {
	};
	objectVersion = 46;
	objects = {

/* Begin PBXAggregateTarget section */
		94117F94E5A24FCEB1D79EC3 /* ZERO_CHECK */ = {
			isa = PBXAggregateTarget;
			buildConfigurationList = 75A3C1F4C51A4FCBAAD93138 /* Build configuration list for PBXAggregateTarget "ZERO_CHECK" */;
			buildPhases = (
				9D7A5C23A79B4C7B8B1D8586 /* CMake Rules */,
			);
			dependencies = (
			);
			name = ZERO_CHECK;
			productName = ZERO_CHECK;
		};
		E38422B2C90B49FCB6DD1F91 /* ALL_BUILD */ = {
			isa = PBXAggregateTarget;
			buildConfigurationList = 316C82710977408FA0FCFF6D /* Build configuration list for PBXAggregateTarget "ALL_BUILD" */;
			buildPhases = (
				64C8F5FF20E44080BDD9CF15 /* CMake Rules */,
			);
			dependencies = (
				C8DAB3A3AE03459892606372 /* PBXTargetDependency */,
				3034826569D04D379458DB7D /* PBXTargetDependency */,
			);
			name = ALL_BUILD;
			productName = ALL_BUILD;
		};
/* End PBXAggregateTarget section */

/* Begin PBXBuildFile section */
		3E5B5B7D10B24E678292BB93 /* /Users/mark/Development/cg/CG_demos/src/executables/05_Das_Haus_Vom_Nikolaus/CMakeLists.txt */ = {isa = PBXBuildFile; fileRef = ADB76AD6F9C348BE84D702E0 /* /Users/mark/Development/cg/CG_demos/src/executables/05_Das_Haus_Vom_Nikolaus/CMakeLists.txt */; };
		4680C2C892B44CF3A0EC2E12 /* /Users/mark/Development/cg/CG_demos/src/executables/05_Das_Haus_Vom_Nikolaus/main.cpp */ = {isa = PBXBuildFile; fileRef = A903A38E6A6F40A2927AD658 /* /Users/mark/Development/cg/CG_demos/src/executables/05_Das_Haus_Vom_Nikolaus/main.cpp */; };
/* End PBXBuildFile section */

/* Begin PBXBuildStyle section */
		2C5B85134841475C929FF684 /* Debug */ = {
			isa = PBXBuildStyle;
			buildSettings = {
				COPY_PHASE_STRIP = NO;
			};
			name = Debug;
		};
		B41454F254824B70B16D9233 /* Release */ = {
			isa = PBXBuildStyle;
			buildSettings = {
				COPY_PHASE_STRIP = NO;
			};
			name = Release;
		};
/* End PBXBuildStyle section */

/* Begin PBXContainerItemProxy section */
		75739F800BB647C88E8F676C /* PBXContainerItemProxy */ = {
			isa = PBXContainerItemProxy;
			containerPortal = BDAA135B075B4BC5B71B512B /* Project object */;
			proxyType = 1;
			remoteGlobalIDString = 94117F94E5A24FCEB1D79EC3;
			remoteInfo = ZERO_CHECK;
		};
		E5DF394429294A07997A1725 /* PBXContainerItemProxy */ = {
			isa = PBXContainerItemProxy;
			containerPortal = BDAA135B075B4BC5B71B512B /* Project object */;
			proxyType = 1;
			remoteGlobalIDString = 52F77DAD4F614128BC6ED57D;
			remoteInfo = 05_Das_Haus_Vom_Nikolaus;
		};
		FB7F0B0AFC4C4CEEB2F6B16B /* PBXContainerItemProxy */ = {
			isa = PBXContainerItemProxy;
			containerPortal = BDAA135B075B4BC5B71B512B /* Project object */;
			proxyType = 1;
			remoteGlobalIDString = 94117F94E5A24FCEB1D79EC3;
			remoteInfo = ZERO_CHECK;
		};
/* End PBXContainerItemProxy section */

/* Begin PBXFileReference section */
		14707884B31442E994387ECD /* /Users/mark/Development/cg/CG_demos/src/executables/05_Das_Haus_Vom_Nikolaus/CMakeLists.txt */ = {isa = PBXFileReference; explicitFileType = sourcecode.text; fileEncoding = 4; name = CMakeLists.txt; path = CMakeLists.txt; sourceTree = SOURCE_ROOT; };
		957D21CBC6B045D9A58AE800 /* /Users/mark/Development/cg/CG_demos/src/executables/05_Das_Haus_Vom_Nikolaus/CMakeLists.txt */ = {isa = PBXFileReference; explicitFileType = sourcecode.text; fileEncoding = 4; name = CMakeLists.txt; path = CMakeLists.txt; sourceTree = SOURCE_ROOT; };
		A3C553084119460BB8B6D996 /* 05_Das_Haus_Vom_Nikolaus */ = {isa = PBXFileReference; explicitFileType = "compiled.mach-o.executable"; path = 05_Das_Haus_Vom_Nikolaus; sourceTree = BUILT_PRODUCTS_DIR; };
		A903A38E6A6F40A2927AD658 /* /Users/mark/Development/cg/CG_demos/src/executables/05_Das_Haus_Vom_Nikolaus/main.cpp */ = {isa = PBXFileReference; explicitFileType = sourcecode.cpp.cpp; fileEncoding = 4; name = main.cpp; path = main.cpp; sourceTree = SOURCE_ROOT; };
		ADB76AD6F9C348BE84D702E0 /* /Users/mark/Development/cg/CG_demos/src/executables/05_Das_Haus_Vom_Nikolaus/CMakeLists.txt */ = {isa = PBXFileReference; explicitFileType = sourcecode.text; fileEncoding = 4; name = CMakeLists.txt; path = CMakeLists.txt; sourceTree = SOURCE_ROOT; };
/* End PBXFileReference section */

/* Begin PBXGroup section */
		038DF5AB2466444782B297AC /* Source Files */ = {
			isa = PBXGroup;
			children = (
				A903A38E6A6F40A2927AD658 /* /Users/mark/Development/cg/CG_demos/src/executables/05_Das_Haus_Vom_Nikolaus/main.cpp */,
			);
			name = "Source Files";
			sourceTree = "<group>";
		};
		14EB44C156D34FA4AC4E7047 /* ALL_BUILD */ = {
			isa = PBXGroup;
			children = (
				BDA9E303F3F34CD5AD0C33BE /* CMake Rules */,
				957D21CBC6B045D9A58AE800 /* /Users/mark/Development/cg/CG_demos/src/executables/05_Das_Haus_Vom_Nikolaus/CMakeLists.txt */,
			);
			name = ALL_BUILD;
			sourceTree = "<group>";
		};
		2AC37D95C188466C9781253A /* Products */ = {
			isa = PBXGroup;
			children = (
				A3C553084119460BB8B6D996 /* 05_Das_Haus_Vom_Nikolaus */,
			);
			name = Products;
			sourceTree = "<group>";
		};
		646B7EB2A9844EB19085D386 = {
			isa = PBXGroup;
			children = (
				6C3170FC598C4841A6B9A65E /* 05_Das_Haus_Vom_Nikolaus */,
				14EB44C156D34FA4AC4E7047 /* ALL_BUILD */,
				A17EC224C3C045D0890784CC /* ZERO_CHECK */,
				2AC37D95C188466C9781253A /* Products */,
			);
			sourceTree = "<group>";
		};
		6C3170FC598C4841A6B9A65E /* 05_Das_Haus_Vom_Nikolaus */ = {
			isa = PBXGroup;
			children = (
				038DF5AB2466444782B297AC /* Source Files */,
				ADB76AD6F9C348BE84D702E0 /* /Users/mark/Development/cg/CG_demos/src/executables/05_Das_Haus_Vom_Nikolaus/CMakeLists.txt */,
			);
			name = 05_Das_Haus_Vom_Nikolaus;
			sourceTree = "<group>";
		};
		8182609C5FD240778DDFC135 /* CMake Rules */ = {
			isa = PBXGroup;
			children = (
			);
			name = "CMake Rules";
			sourceTree = "<group>";
		};
		A17EC224C3C045D0890784CC /* ZERO_CHECK */ = {
			isa = PBXGroup;
			children = (
				8182609C5FD240778DDFC135 /* CMake Rules */,
				14707884B31442E994387ECD /* /Users/mark/Development/cg/CG_demos/src/executables/05_Das_Haus_Vom_Nikolaus/CMakeLists.txt */,
			);
			name = ZERO_CHECK;
			sourceTree = "<group>";
		};
		BDA9E303F3F34CD5AD0C33BE /* CMake Rules */ = {
			isa = PBXGroup;
			children = (
			);
			name = "CMake Rules";
			sourceTree = "<group>";
		};
/* End PBXGroup section */

/* Begin PBXNativeTarget section */
		52F77DAD4F614128BC6ED57D /* 05_Das_Haus_Vom_Nikolaus */ = {
			isa = PBXNativeTarget;
			buildConfigurationList = 92856CE9EAAB4064B5DEDF16 /* Build configuration list for PBXNativeTarget "05_Das_Haus_Vom_Nikolaus" */;
			buildPhases = (
				2C51A568380B40AE9F38F4FC /* Sources */,
			);
			buildRules = (
			);
			dependencies = (
				815D39C017B94196B3DC58F2 /* PBXTargetDependency */,
			);
			name = 05_Das_Haus_Vom_Nikolaus;
			productName = 05_Das_Haus_Vom_Nikolaus;
			productReference = A3C553084119460BB8B6D996 /* 05_Das_Haus_Vom_Nikolaus */;
			productType = "com.apple.product-type.tool";
		};
/* End PBXNativeTarget section */

/* Begin PBXProject section */
		BDAA135B075B4BC5B71B512B /* Project object */ = {
			isa = PBXProject;
			attributes = {
				BuildIndependentTargetsInParallel = YES;
				LastUpgradeCheck = 0830;
			};
			buildConfigurationList = D711844479544346A5B20A60 /* Build configuration list for PBXProject "05_Das_Haus_Vom_Nikolaus" */;
			buildSettings = {
			};
			buildStyles = (
				2C5B85134841475C929FF684 /* Debug */,
				B41454F254824B70B16D9233 /* Release */,
			);
			compatibilityVersion = "Xcode 3.2";
			hasScannedForEncodings = 0;
			mainGroup = 646B7EB2A9844EB19085D386;
			projectDirPath = /Users/mark/Development/cg/CG_demos/src/executables/05_Das_Haus_Vom_Nikolaus;
			projectRoot = "";
			targets = (
				E38422B2C90B49FCB6DD1F91 /* ALL_BUILD */,
				52F77DAD4F614128BC6ED57D /* 05_Das_Haus_Vom_Nikolaus */,
				94117F94E5A24FCEB1D79EC3 /* ZERO_CHECK */,
			);
		};
/* End PBXProject section */

/* Begin PBXShellScriptBuildPhase section */
		64C8F5FF20E44080BDD9CF15 /* CMake Rules */ = {
			isa = PBXShellScriptBuildPhase;
			buildActionMask = 2147483647;
			files = (
			);
			name = "CMake Rules";
			outputPaths = (
/Users/mark/Development/cg/CG_demos/BUILD_Xcode/executables/05_Das_Haus_Vom_Nikolaus/CMakeFiles/ALL_BUILD			);
			runOnlyForDeploymentPostprocessing = 0;
			shellPath = /bin/sh;
			shellScript = "make -C /Users/mark/Development/cg/CG_demos/BUILD_Xcode/executables/05_Das_Haus_Vom_Nikolaus -f /Users/mark/Development/cg/CG_demos/BUILD_Xcode/executables/05_Das_Haus_Vom_Nikolaus/CMakeScripts/ALL_BUILD_cmakeRulesBuildPhase.make$CONFIGURATION all";
			showEnvVarsInLog = 0;
		};
		70341299DEBD4C26B76D4C00 = {
			isa = PBXShellScriptBuildPhase;
			buildActionMask = 2147483647;
			files = (
			);
			inputPaths = (
			);
			outputPaths = (
			);
			runOnlyForDeploymentPostprocessing = 0;
			shellPath = /bin/sh;
			shellScript = "# shell script goes here
exit 0";
			showEnvVarsInLog = 0;
		};
		96316D4D16924EEAAACFDCC9 = {
			isa = PBXShellScriptBuildPhase;
			buildActionMask = 2147483647;
			files = (
			);
			inputPaths = (
			);
			outputPaths = (
			);
			runOnlyForDeploymentPostprocessing = 0;
			shellPath = /bin/sh;
			shellScript = "# shell script goes here
exit 0";
			showEnvVarsInLog = 0;
		};
		9D7A5C23A79B4C7B8B1D8586 /* CMake Rules */ = {
			isa = PBXShellScriptBuildPhase;
			buildActionMask = 2147483647;
			files = (
			);
			name = "CMake Rules";
			outputPaths = (
/Users/mark/Development/cg/CG_demos/BUILD_Xcode/executables/05_Das_Haus_Vom_Nikolaus/CMakeFiles/ZERO_CHECK			);
			runOnlyForDeploymentPostprocessing = 0;
			shellPath = /bin/sh;
			shellScript = "make -C /Users/mark/Development/cg/CG_demos/BUILD_Xcode/executables/05_Das_Haus_Vom_Nikolaus -f /Users/mark/Development/cg/CG_demos/BUILD_Xcode/executables/05_Das_Haus_Vom_Nikolaus/CMakeScripts/ZERO_CHECK_cmakeRulesBuildPhase.make$CONFIGURATION all";
			showEnvVarsInLog = 0;
		};
/* End PBXShellScriptBuildPhase section */

/* Begin PBXSourcesBuildPhase section */
		2C51A568380B40AE9F38F4FC /* Sources */ = {
			isa = PBXSourcesBuildPhase;
			buildActionMask = 2147483647;
			files = (
				4680C2C892B44CF3A0EC2E12 /* /Users/mark/Development/cg/CG_demos/src/executables/05_Das_Haus_Vom_Nikolaus/main.cpp */,
			);
			runOnlyForDeploymentPostprocessing = 0;
		};
/* End PBXSourcesBuildPhase section */

/* Begin PBXTargetDependency section */
		3034826569D04D379458DB7D /* PBXTargetDependency */ = {
			isa = PBXTargetDependency;
			target = 94117F94E5A24FCEB1D79EC3 /* ZERO_CHECK */;
			targetProxy = FB7F0B0AFC4C4CEEB2F6B16B /* PBXContainerItemProxy */;
		};
		815D39C017B94196B3DC58F2 /* PBXTargetDependency */ = {
			isa = PBXTargetDependency;
			target = 94117F94E5A24FCEB1D79EC3 /* ZERO_CHECK */;
			targetProxy = 75739F800BB647C88E8F676C /* PBXContainerItemProxy */;
		};
		C8DAB3A3AE03459892606372 /* PBXTargetDependency */ = {
			isa = PBXTargetDependency;
			target = 52F77DAD4F614128BC6ED57D /* 05_Das_Haus_Vom_Nikolaus */;
			targetProxy = E5DF394429294A07997A1725 /* PBXContainerItemProxy */;
		};
/* End PBXTargetDependency section */

/* Begin XCBuildConfiguration section */
		2364EF6758214134AA898DC1 /* Release */ = {
			isa = XCBuildConfiguration;
			buildSettings = {
				COMBINE_HIDPI_IMAGES = YES;
				FRAMEWORK_SEARCH_PATHS = (/Applications/Xcode.app/Contents/Developer/Platforms/MacOSX.platform/Developer/SDKs/MacOSX10.12.sdk/System/Library/Frameworks);
				GCC_GENERATE_DEBUGGING_SYMBOLS = YES;
				GCC_INLINES_ARE_PRIVATE_EXTERN = NO;
				GCC_OPTIMIZATION_LEVEL = 0;
				GCC_PREPROCESSOR_DEFINITIONS = ("'CMAKE_INTDIR=\"$(CONFIGURATION)$(EFFECTIVE_PLATFORM_NAME)\"'");
				GCC_SYMBOLS_PRIVATE_EXTERN = NO;
				HEADER_SEARCH_PATHS = (/usr/local/include,/Users/mark/Development/cg/CG_demos/src/../../libraries);
				INSTALL_PATH = "";
				OTHER_LDFLAGS = " ";
				OTHER_REZFLAGS = "";
				PRODUCT_NAME = ZERO_CHECK;
				SECTORDER_FLAGS = "";
				SYMROOT = /Users/mark/Development/cg/CG_demos/BUILD_Xcode/executables/05_Das_Haus_Vom_Nikolaus;
				USE_HEADERMAP = NO;
				WARNING_CFLAGS = ("-Wmost","-Wno-four-char-constants","-Wno-unknown-pragmas","$(inherited)");
			};
			name = Release;
		};
		6AA113F5D248483FA678E0C4 /* Release */ = {
			isa = XCBuildConfiguration;
			buildSettings = {
				COMBINE_HIDPI_IMAGES = YES;
				CONFIGURATION_BUILD_DIR = /Users/mark/Development/cg/CG_demos/BUILD_Xcode/bin/Release;
				EXECUTABLE_PREFIX = "";
				EXECUTABLE_SUFFIX = "";
				FRAMEWORK_SEARCH_PATHS = (/Applications/Xcode.app/Contents/Developer/Platforms/MacOSX.platform/Developer/SDKs/MacOSX10.12.sdk/System/Library/Frameworks);
				GCC_GENERATE_DEBUGGING_SYMBOLS = NO;
				GCC_INLINES_ARE_PRIVATE_EXTERN = NO;
				GCC_OPTIMIZATION_LEVEL = 3;
				GCC_PREPROCESSOR_DEFINITIONS = ("'CMAKE_INTDIR=\"$(CONFIGURATION)$(EFFECTIVE_PLATFORM_NAME)\"'",GLM_FORCE_RADIANS,"'SHADERS_PATH=\"/Users/mark/Development/cg/CG_demos/src/shaders\"'","'RESOURCES_PATH=\"/Users/mark/Development/cg/CG_demos/src/../../resources\"'",GLFW_INCLUDE_GLCOREARB,GLEW_STATIC,GL_DO_NOT_WARN_IF_MULTI_GL_VERSION_HEADERS_INCLUDED,GLEW_NO_GLU);
				GCC_SYMBOLS_PRIVATE_EXTERN = NO;
				HEADER_SEARCH_PATHS = (/usr/local/include,/Users/mark/Development/cg/CG_demos/src/../../libraries);
				INSTALL_PATH = "";
				LIBRARY_SEARCH_PATHS = "";
				OTHER_CPLUSPLUSFLAGS = " -std=c++11     -DNDEBUG  ";
				OTHER_LDFLAGS = " -Wl,-search_paths_first -Wl,-headerpad_max_install_names  /Users/mark/Development/cg/CG_demos/BUILD_Xcode/lib/Release/libCG1_Tools.a /Users/mark/Development/cg/CG_demos/BUILD_Xcode/lib/Release/libCVK_1_Minimal.a /Users/mark/Development/cg/CG_demos/BUILD_Xcode/lib/Release/libSimpleImage.a /usr/local/lib/libglfw.dylib /usr/local/lib/libGLEW.a -framework Cocoa -framework OpenGL -framework IOKit -framework CoreVideo /Users/mark/Development/cg/CG_demos/BUILD_Xcode/lib/Release/libCG1_Tools.a /Users/mark/Development/cg/CG_demos/BUILD_Xcode/lib/Release/libCVK_1_Minimal.a /Users/mark/Development/cg/CG_demos/BUILD_Xcode/lib/Release/libSimpleImage.a /usr/local/lib/libglfw.dylib /usr/local/lib/libGLEW.a -framework Cocoa -framework OpenGL -framework IOKit -framework CoreVideo";
				OTHER_REZFLAGS = "";
				PRODUCT_NAME = 05_Das_Haus_Vom_Nikolaus;
				SECTORDER_FLAGS = "";
				SYMROOT = /Users/mark/Development/cg/CG_demos/BUILD_Xcode/executables/05_Das_Haus_Vom_Nikolaus;
				USE_HEADERMAP = NO;
				WARNING_CFLAGS = ("-Wmost","-Wno-four-char-constants","-Wno-unknown-pragmas","$(inherited)");
			};
			name = Release;
		};
		6C4A9B9C41154683A09316E7 /* Debug */ = {
			isa = XCBuildConfiguration;
			buildSettings = {
				ONLY_ACTIVE_ARCH = YES;
				SDKROOT = /Applications/Xcode.app/Contents/Developer/Platforms/MacOSX.platform/Developer/SDKs/MacOSX10.12.sdk;
				SYMROOT = /Users/mark/Development/cg/CG_demos/BUILD_Xcode/executables/05_Das_Haus_Vom_Nikolaus/build;
			};
			name = Debug;
		};
		84509E35C4D24BEB8699158D /* Debug */ = {
			isa = XCBuildConfiguration;
			buildSettings = {
				COMBINE_HIDPI_IMAGES = YES;
				FRAMEWORK_SEARCH_PATHS = (/Applications/Xcode.app/Contents/Developer/Platforms/MacOSX.platform/Developer/SDKs/MacOSX10.12.sdk/System/Library/Frameworks);
				GCC_GENERATE_DEBUGGING_SYMBOLS = YES;
				GCC_INLINES_ARE_PRIVATE_EXTERN = NO;
				GCC_OPTIMIZATION_LEVEL = 0;
				GCC_PREPROCESSOR_DEFINITIONS = ("'CMAKE_INTDIR=\"$(CONFIGURATION)$(EFFECTIVE_PLATFORM_NAME)\"'");
				GCC_SYMBOLS_PRIVATE_EXTERN = NO;
				HEADER_SEARCH_PATHS = (/usr/local/include,/Users/mark/Development/cg/CG_demos/src/../../libraries);
				INSTALL_PATH = "";
				OTHER_LDFLAGS = " ";
				OTHER_REZFLAGS = "";
				PRODUCT_NAME = ZERO_CHECK;
				SECTORDER_FLAGS = "";
				SYMROOT = /Users/mark/Development/cg/CG_demos/BUILD_Xcode/executables/05_Das_Haus_Vom_Nikolaus;
				USE_HEADERMAP = NO;
				WARNING_CFLAGS = ("-Wmost","-Wno-four-char-constants","-Wno-unknown-pragmas","$(inherited)");
			};
			name = Debug;
		};
		A13E671290D34A25A22DDEA4 /* Release */ = {
			isa = XCBuildConfiguration;
			buildSettings = {
				COMBINE_HIDPI_IMAGES = YES;
				FRAMEWORK_SEARCH_PATHS = (/Applications/Xcode.app/Contents/Developer/Platforms/MacOSX.platform/Developer/SDKs/MacOSX10.12.sdk/System/Library/Frameworks);
				GCC_GENERATE_DEBUGGING_SYMBOLS = YES;
				GCC_INLINES_ARE_PRIVATE_EXTERN = NO;
				GCC_OPTIMIZATION_LEVEL = 0;
				GCC_PREPROCESSOR_DEFINITIONS = ("'CMAKE_INTDIR=\"$(CONFIGURATION)$(EFFECTIVE_PLATFORM_NAME)\"'");
				GCC_SYMBOLS_PRIVATE_EXTERN = NO;
				HEADER_SEARCH_PATHS = (/usr/local/include,/Users/mark/Development/cg/CG_demos/src/../../libraries);
				INSTALL_PATH = "";
				OTHER_LDFLAGS = " ";
				OTHER_REZFLAGS = "";
				PRODUCT_NAME = ALL_BUILD;
				SECTORDER_FLAGS = "";
				SYMROOT = /Users/mark/Development/cg/CG_demos/BUILD_Xcode/executables/05_Das_Haus_Vom_Nikolaus;
				USE_HEADERMAP = NO;
				WARNING_CFLAGS = ("-Wmost","-Wno-four-char-constants","-Wno-unknown-pragmas","$(inherited)");
			};
			name = Release;
		};
		C89B667E82B84DB3A2DC9F0A /* Release */ = {
			isa = XCBuildConfiguration;
			buildSettings = {
				ONLY_ACTIVE_ARCH = YES;
				SDKROOT = /Applications/Xcode.app/Contents/Developer/Platforms/MacOSX.platform/Developer/SDKs/MacOSX10.12.sdk;
				SYMROOT = /Users/mark/Development/cg/CG_demos/BUILD_Xcode/executables/05_Das_Haus_Vom_Nikolaus/build;
			};
			name = Release;
		};
		C8FA72AA52184067894F7531 /* Debug */ = {
			isa = XCBuildConfiguration;
			buildSettings = {
				COMBINE_HIDPI_IMAGES = YES;
				CONFIGURATION_BUILD_DIR = /Users/mark/Development/cg/CG_demos/BUILD_Xcode/bin/Debug;
				EXECUTABLE_PREFIX = "";
				EXECUTABLE_SUFFIX = "";
				FRAMEWORK_SEARCH_PATHS = (/Applications/Xcode.app/Contents/Developer/Platforms/MacOSX.platform/Developer/SDKs/MacOSX10.12.sdk/System/Library/Frameworks);
				GCC_GENERATE_DEBUGGING_SYMBOLS = YES;
				GCC_INLINES_ARE_PRIVATE_EXTERN = NO;
				GCC_OPTIMIZATION_LEVEL = 0;
				GCC_PREPROCESSOR_DEFINITIONS = ("'CMAKE_INTDIR=\"$(CONFIGURATION)$(EFFECTIVE_PLATFORM_NAME)\"'",GLM_FORCE_RADIANS,"'SHADERS_PATH=\"/Users/mark/Development/cg/CG_demos/src/shaders\"'","'RESOURCES_PATH=\"/Users/mark/Development/cg/CG_demos/src/../../resources\"'",GLFW_INCLUDE_GLCOREARB,GLEW_STATIC,GL_DO_NOT_WARN_IF_MULTI_GL_VERSION_HEADERS_INCLUDED,GLEW_NO_GLU);
				GCC_SYMBOLS_PRIVATE_EXTERN = NO;
				HEADER_SEARCH_PATHS = (/usr/local/include,/Users/mark/Development/cg/CG_demos/src/../../libraries);
				INSTALL_PATH = "";
				LIBRARY_SEARCH_PATHS = "";
				OTHER_CPLUSPLUSFLAGS = " -std=c++11     ";
				OTHER_LDFLAGS = " -Wl,-search_paths_first -Wl,-headerpad_max_install_names  /Users/mark/Development/cg/CG_demos/BUILD_Xcode/lib/Debug/libCG1_Tools.a /Users/mark/Development/cg/CG_demos/BUILD_Xcode/lib/Debug/libCVK_1_Minimal.a /Users/mark/Development/cg/CG_demos/BUILD_Xcode/lib/Debug/libSimpleImage.a /usr/local/lib/libglfw.dylib /usr/local/lib/libGLEW.a -framework Cocoa -framework OpenGL -framework IOKit -framework CoreVideo /Users/mark/Development/cg/CG_demos/BUILD_Xcode/lib/Debug/libCG1_Tools.a /Users/mark/Development/cg/CG_demos/BUILD_Xcode/lib/Debug/libCVK_1_Minimal.a /Users/mark/Development/cg/CG_demos/BUILD_Xcode/lib/Debug/libSimpleImage.a /usr/local/lib/libglfw.dylib /usr/local/lib/libGLEW.a -framework Cocoa -framework OpenGL -framework IOKit -framework CoreVideo";
				OTHER_REZFLAGS = "";
				PRODUCT_NAME = 05_Das_Haus_Vom_Nikolaus;
				SECTORDER_FLAGS = "";
				SYMROOT = /Users/mark/Development/cg/CG_demos/BUILD_Xcode/executables/05_Das_Haus_Vom_Nikolaus;
				USE_HEADERMAP = NO;
				WARNING_CFLAGS = ("-Wmost","-Wno-four-char-constants","-Wno-unknown-pragmas","$(inherited)");
			};
			name = Debug;
		};
		CB6720D9B541491F88A9033A /* Debug */ = {
			isa = XCBuildConfiguration;
			buildSettings = {
				COMBINE_HIDPI_IMAGES = YES;
				FRAMEWORK_SEARCH_PATHS = (/Applications/Xcode.app/Contents/Developer/Platforms/MacOSX.platform/Developer/SDKs/MacOSX10.12.sdk/System/Library/Frameworks);
				GCC_GENERATE_DEBUGGING_SYMBOLS = YES;
				GCC_INLINES_ARE_PRIVATE_EXTERN = NO;
				GCC_OPTIMIZATION_LEVEL = 0;
				GCC_PREPROCESSOR_DEFINITIONS = ("'CMAKE_INTDIR=\"$(CONFIGURATION)$(EFFECTIVE_PLATFORM_NAME)\"'");
				GCC_SYMBOLS_PRIVATE_EXTERN = NO;
				HEADER_SEARCH_PATHS = (/usr/local/include,/Users/mark/Development/cg/CG_demos/src/../../libraries);
				INSTALL_PATH = "";
				OTHER_LDFLAGS = " ";
				OTHER_REZFLAGS = "";
				PRODUCT_NAME = ALL_BUILD;
				SECTORDER_FLAGS = "";
				SYMROOT = /Users/mark/Development/cg/CG_demos/BUILD_Xcode/executables/05_Das_Haus_Vom_Nikolaus;
				USE_HEADERMAP = NO;
				WARNING_CFLAGS = ("-Wmost","-Wno-four-char-constants","-Wno-unknown-pragmas","$(inherited)");
			};
			name = Debug;
		};
/* End XCBuildConfiguration section */

/* Begin XCConfigurationList section */
		316C82710977408FA0FCFF6D /* Build configuration list for PBXAggregateTarget "ALL_BUILD" */ = {
			isa = XCConfigurationList;
			buildConfigurations = (
				CB6720D9B541491F88A9033A /* Debug */,
				A13E671290D34A25A22DDEA4 /* Release */,
			);
			defaultConfigurationIsVisible = 0;
			defaultConfigurationName = Debug;
		};
		75A3C1F4C51A4FCBAAD93138 /* Build configuration list for PBXAggregateTarget "ZERO_CHECK" */ = {
			isa = XCConfigurationList;
			buildConfigurations = (
				84509E35C4D24BEB8699158D /* Debug */,
				2364EF6758214134AA898DC1 /* Release */,
			);
			defaultConfigurationIsVisible = 0;
			defaultConfigurationName = Debug;
		};
		92856CE9EAAB4064B5DEDF16 /* Build configuration list for PBXNativeTarget "05_Das_Haus_Vom_Nikolaus" */ = {
			isa = XCConfigurationList;
			buildConfigurations = (
				C8FA72AA52184067894F7531 /* Debug */,
				6AA113F5D248483FA678E0C4 /* Release */,
			);
			defaultConfigurationIsVisible = 0;
			defaultConfigurationName = Debug;
		};
		D711844479544346A5B20A60 /* Build configuration list for PBXProject "05_Das_Haus_Vom_Nikolaus" */ = {
			isa = XCConfigurationList;
			buildConfigurations = (
				6C4A9B9C41154683A09316E7 /* Debug */,
				C89B667E82B84DB3A2DC9F0A /* Release */,
			);
			defaultConfigurationIsVisible = 0;
			defaultConfigurationName = Debug;
		};
/* End XCConfigurationList section */
	};
	rootObject = BDAA135B075B4BC5B71B512B /* Project object */;
}
